PODS:
  - FBRetainCycleDetector (0.1.3)
  - MLeaksFinder (1.0.0):
    - FBRetainCycleDetector
  - zhPopupController (1.0.3)

DEPENDENCIES:
  - MLeaksFinder
  - zhPopupController (from `../`)

EXTERNAL SOURCES:
  zhPopupController:
    :path: ../

SPEC CHECKSUMS:
  FBRetainCycleDetector: f0c7b290bf48ae77f6ae060843ce34ae341781eb
  MLeaksFinder: 8c435bd2f6d070af18cff082b503b21adc130fc0
  zhPopupController: 4e6bd734062cb9c7ebe8113568550bade168bed7

PODFILE CHECKSUM: 6cf7b2d8146a5be5745629c078880f35b7cd087d

COCOAPODS: 1.3.1
