// !$*UTF8*$!
{
	archiveVersion = 1;
	classes = {
	};
	objectVersion = 46;
	objects = {

/* Begin PBXBuildFile section */
		51970250419971193DE3E57E /* Pods_zhPopupController_Example.framework in Frameworks */ = {isa = PBXBuildFile; fileRef = 296818C661ECD8383050F14E /* Pods_zhPopupController_Example.framework */; };
		6003F58E195388D20070C39A /* Foundation.framework in Frameworks */ = {isa = PBXBuildFile; fileRef = 6003F58D195388D20070C39A /* Foundation.framework */; };
		6003F590195388D20070C39A /* CoreGraphics.framework in Frameworks */ = {isa = PBXBuildFile; fileRef = 6003F58F195388D20070C39A /* CoreGraphics.framework */; };
		6003F592195388D20070C39A /* UIKit.framework in Frameworks */ = {isa = PBXBuildFile; fileRef = 6003F591195388D20070C39A /* UIKit.framework */; };
		6003F598195388D20070C39A /* InfoPlist.strings in Resources */ = {isa = PBXBuildFile; fileRef = 6003F596195388D20070C39A /* InfoPlist.strings */; };
		6003F59A195388D20070C39A /* main.m in Sources */ = {isa = PBXBuildFile; fileRef = 6003F599195388D20070C39A /* main.m */; };
		6003F59E195388D20070C39A /* zh_AppDelegate.m in Sources */ = {isa = PBXBuildFile; fileRef = 6003F59D195388D20070C39A /* zh_AppDelegate.m */; };
		6003F5A7195388D20070C39A /* zh_ViewController.m in Sources */ = {isa = PBXBuildFile; fileRef = 6003F5A6195388D20070C39A /* zh_ViewController.m */; };
		6003F5A9195388D20070C39A /* Images.xcassets in Resources */ = {isa = PBXBuildFile; fileRef = 6003F5A8195388D20070C39A /* Images.xcassets */; };
		6003F5B0195388D20070C39A /* XCTest.framework in Frameworks */ = {isa = PBXBuildFile; fileRef = 6003F5AF195388D20070C39A /* XCTest.framework */; };
		6003F5B1195388D20070C39A /* Foundation.framework in Frameworks */ = {isa = PBXBuildFile; fileRef = 6003F58D195388D20070C39A /* Foundation.framework */; };
		6003F5B2195388D20070C39A /* UIKit.framework in Frameworks */ = {isa = PBXBuildFile; fileRef = 6003F591195388D20070C39A /* UIKit.framework */; };
		6003F5BA195388D20070C39A /* InfoPlist.strings in Resources */ = {isa = PBXBuildFile; fileRef = 6003F5B8195388D20070C39A /* InfoPlist.strings */; };
		6003F5BC195388D20070C39A /* Tests.m in Sources */ = {isa = PBXBuildFile; fileRef = 6003F5BB195388D20070C39A /* Tests.m */; };
		71719F9F1E33DC2100824A3D /* LaunchScreen.storyboard in Resources */ = {isa = PBXBuildFile; fileRef = 71719F9D1E33DC2100824A3D /* LaunchScreen.storyboard */; };
		873B8AEB1B1F5CCA007FD442 /* Main.storyboard in Resources */ = {isa = PBXBuildFile; fileRef = 873B8AEA1B1F5CCA007FD442 /* Main.storyboard */; };
		F207350B1F65983200C1A6A5 /* zhWallView.m in Sources */ = {isa = PBXBuildFile; fileRef = F20735081F65983200C1A6A5 /* zhWallView.m */; };
		F207350C1F65983200C1A6A5 /* zhWallViewConfig.m in Sources */ = {isa = PBXBuildFile; fileRef = F207350A1F65983200C1A6A5 /* zhWallViewConfig.m */; };
		F207350F1F659AE500C1A6A5 /* zhOverflyView.m in Sources */ = {isa = PBXBuildFile; fileRef = F207350E1F659AE500C1A6A5 /* zhOverflyView.m */; };
		F20735121F659C6400C1A6A5 /* fire_arrow.png in Resources */ = {isa = PBXBuildFile; fileRef = F20735111F659C6400C1A6A5 /* fire_arrow.png */; };
		F20735151F659FE200C1A6A5 /* UIViewController+zhStatusBarStyle.m in Sources */ = {isa = PBXBuildFile; fileRef = F20735141F659FE200C1A6A5 /* UIViewController+zhStatusBarStyle.m */; };
		F2AB15561F45B398003329E3 /* zh_ViewController+Extension.m in Sources */ = {isa = PBXBuildFile; fileRef = F2AB15551F45B398003329E3 /* zh_ViewController+Extension.m */; };
		F2AB15681F45BEFA003329E3 /* zhAlertView.m in Sources */ = {isa = PBXBuildFile; fileRef = F2AB15591F45BEFA003329E3 /* zhAlertView.m */; };
		F2AB15691F45BEFA003329E3 /* zhCurtainView.m in Sources */ = {isa = PBXBuildFile; fileRef = F2AB155B1F45BEFA003329E3 /* zhCurtainView.m */; };
		F2AB156A1F45BEFA003329E3 /* zhFullView.m in Sources */ = {isa = PBXBuildFile; fileRef = F2AB155D1F45BEFA003329E3 /* zhFullView.m */; };
		F2AB156B1F45BEFA003329E3 /* zhIconLabel.m in Sources */ = {isa = PBXBuildFile; fileRef = F2AB155F1F45BEFA003329E3 /* zhIconLabel.m */; };
		F2AB156F1F45BEFA003329E3 /* zhSidebarView.m in Sources */ = {isa = PBXBuildFile; fileRef = F2AB15671F45BEFA003329E3 /* zhSidebarView.m */; };
		F2AB15871F45BF5A003329E3 /* CALayer+Layout.m in Sources */ = {isa = PBXBuildFile; fileRef = F2AB15721F45BF5A003329E3 /* CALayer+Layout.m */; };
		F2AB15881F45BF5A003329E3 /* NSDate+Extend.m in Sources */ = {isa = PBXBuildFile; fileRef = F2AB15741F45BF5A003329E3 /* NSDate+Extend.m */; };
		F2AB15891F45BF5A003329E3 /* NSObject+AssociatedObject.m in Sources */ = {isa = PBXBuildFile; fileRef = F2AB15761F45BF5A003329E3 /* NSObject+AssociatedObject.m */; };
		F2AB158A1F45BF5A003329E3 /* UIAlertController+Extend.m in Sources */ = {isa = PBXBuildFile; fileRef = F2AB15781F45BF5A003329E3 /* UIAlertController+Extend.m */; };
		F2AB158B1F45BF5A003329E3 /* UIColor+Extend.m in Sources */ = {isa = PBXBuildFile; fileRef = F2AB157A1F45BF5A003329E3 /* UIColor+Extend.m */; };
		F2AB158C1F45BF5A003329E3 /* UIImage+Color.m in Sources */ = {isa = PBXBuildFile; fileRef = F2AB157C1F45BF5A003329E3 /* UIImage+Color.m */; };
		F2AB158D1F45BF5A003329E3 /* UINavigationBar+BackgroundColor.m in Sources */ = {isa = PBXBuildFile; fileRef = F2AB157E1F45BF5A003329E3 /* UINavigationBar+BackgroundColor.m */; };
		F2AB158E1F45BF5A003329E3 /* UIScreen+Extend.m in Sources */ = {isa = PBXBuildFile; fileRef = F2AB15801F45BF5A003329E3 /* UIScreen+Extend.m */; };
		F2AB158F1F45BF5A003329E3 /* UIView+AddConstraints.m in Sources */ = {isa = PBXBuildFile; fileRef = F2AB15821F45BF5A003329E3 /* UIView+AddConstraints.m */; };
		F2AB15901F45BF5A003329E3 /* UIView+Dealloc.m in Sources */ = {isa = PBXBuildFile; fileRef = F2AB15841F45BF5A003329E3 /* UIView+Dealloc.m */; };
		F2AB15911F45BF5A003329E3 /* UIView+Layout.m in Sources */ = {isa = PBXBuildFile; fileRef = F2AB15861F45BF5A003329E3 /* UIView+Layout.m */; };
		F2AB15D21F45C9DA003329E3 /* qzone_close.png in Resources */ = {isa = PBXBuildFile; fileRef = F2AB15941F45C9DA003329E3 /* qzone_close.png */; };
		F2AB15D31F45C9DA003329E3 /* qzone_大头贴.png in Resources */ = {isa = PBXBuildFile; fileRef = F2AB15951F45C9DA003329E3 /* qzone_大头贴.png */; };
		F2AB15D41F45C9DA003329E3 /* qzone_照片.png in Resources */ = {isa = PBXBuildFile; fileRef = F2AB15961F45C9DA003329E3 /* qzone_照片.png */; };
		F2AB15D51F45C9DA003329E3 /* qzone_签到.png in Resources */ = {isa = PBXBuildFile; fileRef = F2AB15971F45C9DA003329E3 /* qzone_签到.png */; };
		F2AB15D61F45C9DA003329E3 /* qzone_视频.png in Resources */ = {isa = PBXBuildFile; fileRef = F2AB15981F45C9DA003329E3 /* qzone_视频.png */; };
		F2AB15D71F45C9DA003329E3 /* qzone_说说.png in Resources */ = {isa = PBXBuildFile; fileRef = F2AB15991F45C9DA003329E3 /* qzone_说说.png */; };
		F2AB15D81F45C9DA003329E3 /* shared_QQ好友.png in Resources */ = {isa = PBXBuildFile; fileRef = F2AB159B1F45C9DA003329E3 /* shared_QQ好友.png */; };
		F2AB15D91F45C9DA003329E3 /* shared_微信好友.png in Resources */ = {isa = PBXBuildFile; fileRef = F2AB159C1F45C9DA003329E3 /* shared_微信好友.png */; };
		F2AB15DA1F45C9DA003329E3 /* shared_新浪微博.png in Resources */ = {isa = PBXBuildFile; fileRef = F2AB159D1F45C9DA003329E3 /* shared_新浪微博.png */; };
		F2AB15DB1F45C9DA003329E3 /* shared_朋友圈.png in Resources */ = {isa = PBXBuildFile; fileRef = F2AB159E1F45C9DA003329E3 /* shared_朋友圈.png */; };
		F2AB15DC1F45C9DA003329E3 /* shared_跳转.png in Resources */ = {isa = PBXBuildFile; fileRef = F2AB159F1F45C9DA003329E3 /* shared_跳转.png */; };
		F2AB15DD1F45C9DA003329E3 /* sheet_Collection@2x.png in Resources */ = {isa = PBXBuildFile; fileRef = F2AB15A11F45C9DA003329E3 /* sheet_Collection@2x.png */; };
		F2AB15DE1F45C9DA003329E3 /* sheet_Collection@3x.png in Resources */ = {isa = PBXBuildFile; fileRef = F2AB15A21F45C9DA003329E3 /* sheet_Collection@3x.png */; };
		F2AB15DF1F45C9DA003329E3 /* sheet_Complaint@2x.png in Resources */ = {isa = PBXBuildFile; fileRef = F2AB15A31F45C9DA003329E3 /* sheet_Complaint@2x.png */; };
		F2AB15E01F45C9DA003329E3 /* sheet_Complaint@3x.png in Resources */ = {isa = PBXBuildFile; fileRef = F2AB15A41F45C9DA003329E3 /* sheet_Complaint@3x.png */; };
		F2AB15E11F45C9DA003329E3 /* sheet_CopyLink@2x.png in Resources */ = {isa = PBXBuildFile; fileRef = F2AB15A51F45C9DA003329E3 /* sheet_CopyLink@2x.png */; };
		F2AB15E21F45C9DA003329E3 /* sheet_CopyLink@3x.png in Resources */ = {isa = PBXBuildFile; fileRef = F2AB15A61F45C9DA003329E3 /* sheet_CopyLink@3x.png */; };
		F2AB15E31F45C9DA003329E3 /* sheet_CopyText@2x.png in Resources */ = {isa = PBXBuildFile; fileRef = F2AB15A71F45C9DA003329E3 /* sheet_CopyText@2x.png */; };
		F2AB15E41F45C9DA003329E3 /* sheet_CopyText@3x.png in Resources */ = {isa = PBXBuildFile; fileRef = F2AB15A81F45C9DA003329E3 /* sheet_CopyText@3x.png */; };
		F2AB15E51F45C9DA003329E3 /* sheet_Facebook@2x.png in Resources */ = {isa = PBXBuildFile; fileRef = F2AB15A91F45C9DA003329E3 /* sheet_Facebook@2x.png */; };
		F2AB15E61F45C9DA003329E3 /* sheet_Facebook@3x.png in Resources */ = {isa = PBXBuildFile; fileRef = F2AB15AA1F45C9DA003329E3 /* sheet_Facebook@3x.png */; };
		F2AB15E71F45C9DA003329E3 /* sheet_Font@2x.png in Resources */ = {isa = PBXBuildFile; fileRef = F2AB15AB1F45C9DA003329E3 /* sheet_Font@2x.png */; };
		F2AB15E81F45C9DA003329E3 /* sheet_Font@3x.png in Resources */ = {isa = PBXBuildFile; fileRef = F2AB15AC1F45C9DA003329E3 /* sheet_Font@3x.png */; };
		F2AB15E91F45C9DA003329E3 /* sheet_Moments@2x.png in Resources */ = {isa = PBXBuildFile; fileRef = F2AB15AD1F45C9DA003329E3 /* sheet_Moments@2x.png */; };
		F2AB15EA1F45C9DA003329E3 /* sheet_Moments@3x.png in Resources */ = {isa = PBXBuildFile; fileRef = F2AB15AE1F45C9DA003329E3 /* sheet_Moments@3x.png */; };
		F2AB15EB1F45C9DA003329E3 /* sheet_qq@2x.png in Resources */ = {isa = PBXBuildFile; fileRef = F2AB15AF1F45C9DA003329E3 /* sheet_qq@2x.png */; };
		F2AB15EC1F45C9DA003329E3 /* sheet_qq@3x.png in Resources */ = {isa = PBXBuildFile; fileRef = F2AB15B01F45C9DA003329E3 /* sheet_qq@3x.png */; };
		F2AB15ED1F45C9DA003329E3 /* sheet_qqbrowser@2x.png in Resources */ = {isa = PBXBuildFile; fileRef = F2AB15B11F45C9DA003329E3 /* sheet_qqbrowser@2x.png */; };
		F2AB15EE1F45C9DA003329E3 /* sheet_qqbrowser@3x.png in Resources */ = {isa = PBXBuildFile; fileRef = F2AB15B21F45C9DA003329E3 /* sheet_qqbrowser@3x.png */; };
		F2AB15EF1F45C9DA003329E3 /* sheet_qzone@2x.png in Resources */ = {isa = PBXBuildFile; fileRef = F2AB15B31F45C9DA003329E3 /* sheet_qzone@2x.png */; };
		F2AB15F01F45C9DA003329E3 /* sheet_qzone@3x.png in Resources */ = {isa = PBXBuildFile; fileRef = F2AB15B41F45C9DA003329E3 /* sheet_qzone@3x.png */; };
		F2AB15F11F45C9DA003329E3 /* sheet_Refresh@2x.png in Resources */ = {isa = PBXBuildFile; fileRef = F2AB15B51F45C9DA003329E3 /* sheet_Refresh@2x.png */; };
		F2AB15F21F45C9DA003329E3 /* sheet_Refresh@3x.png in Resources */ = {isa = PBXBuildFile; fileRef = F2AB15B61F45C9DA003329E3 /* sheet_Refresh@3x.png */; };
		F2AB15F31F45C9DA003329E3 /* sheet_Share@2x.png in Resources */ = {isa = PBXBuildFile; fileRef = F2AB15B71F45C9DA003329E3 /* sheet_Share@2x.png */; };
		F2AB15F41F45C9DA003329E3 /* sheet_Share@3x.png in Resources */ = {isa = PBXBuildFile; fileRef = F2AB15B81F45C9DA003329E3 /* sheet_Share@3x.png */; };
		F2AB15F51F45C9DA003329E3 /* sheet_Verified@2x.png in Resources */ = {isa = PBXBuildFile; fileRef = F2AB15B91F45C9DA003329E3 /* sheet_Verified@2x.png */; };
		F2AB15F61F45C9DA003329E3 /* sheet_Verified@3x.png in Resources */ = {isa = PBXBuildFile; fileRef = F2AB15BA1F45C9DA003329E3 /* sheet_Verified@3x.png */; };
		F2AB15F71F45C9DA003329E3 /* sidebar_NightMode.png in Resources */ = {isa = PBXBuildFile; fileRef = F2AB15BC1F45C9DA003329E3 /* sidebar_NightMode.png */; };
		F2AB15F81F45C9DA003329E3 /* sidebar_settings.png in Resources */ = {isa = PBXBuildFile; fileRef = F2AB15BD1F45C9DA003329E3 /* sidebar_settings.png */; };
		F2AB15F91F45C9DA003329E3 /* sidebar_我的收藏.png in Resources */ = {isa = PBXBuildFile; fileRef = F2AB15BE1F45C9DA003329E3 /* sidebar_我的收藏.png */; };
		F2AB15FA1F45C9DA003329E3 /* sidebar_我的故事.png in Resources */ = {isa = PBXBuildFile; fileRef = F2AB15BF1F45C9DA003329E3 /* sidebar_我的故事.png */; };
		F2AB15FB1F45C9DA003329E3 /* sidebar_消息中心.png in Resources */ = {isa = PBXBuildFile; fileRef = F2AB15C01F45C9DA003329E3 /* sidebar_消息中心.png */; };
		F2AB15FC1F45C9DA003329E3 /* sidebar_离线阅读.png in Resources */ = {isa = PBXBuildFile; fileRef = F2AB15C11F45C9DA003329E3 /* sidebar_离线阅读.png */; };
		F2AB15FD1F45C9DA003329E3 /* sidebar_近期阅读.png in Resources */ = {isa = PBXBuildFile; fileRef = F2AB15C21F45C9DA003329E3 /* sidebar_近期阅读.png */; };
		F2AB15FE1F45C9DA003329E3 /* sina_关闭.png in Resources */ = {isa = PBXBuildFile; fileRef = F2AB15C41F45C9DA003329E3 /* sina_关闭.png */; };
		F2AB15FF1F45C9DA003329E3 /* sina_商品.png in Resources */ = {isa = PBXBuildFile; fileRef = F2AB15C51F45C9DA003329E3 /* sina_商品.png */; };
		F2AB16001F45C9DA003329E3 /* sina_头条文章.png in Resources */ = {isa = PBXBuildFile; fileRef = F2AB15C61F45C9DA003329E3 /* sina_头条文章.png */; };
		F2AB16011F45C9DA003329E3 /* sina_好友圈.png in Resources */ = {isa = PBXBuildFile; fileRef = F2AB15C71F45C9DA003329E3 /* sina_好友圈.png */; };
		F2AB16021F45C9DA003329E3 /* sina_文字.png in Resources */ = {isa = PBXBuildFile; fileRef = F2AB15C81F45C9DA003329E3 /* sina_文字.png */; };
		F2AB16031F45C9DA003329E3 /* sina_更多.png in Resources */ = {isa = PBXBuildFile; fileRef = F2AB15C91F45C9DA003329E3 /* sina_更多.png */; };
		F2AB16041F45C9DA003329E3 /* sina_点评.png in Resources */ = {isa = PBXBuildFile; fileRef = F2AB15CA1F45C9DA003329E3 /* sina_点评.png */; };
		F2AB16051F45C9DA003329E3 /* sina_照片视频.png in Resources */ = {isa = PBXBuildFile; fileRef = F2AB15CB1F45C9DA003329E3 /* sina_照片视频.png */; };
		F2AB16061F45C9DA003329E3 /* sina_直播.png in Resources */ = {isa = PBXBuildFile; fileRef = F2AB15CC1F45C9DA003329E3 /* sina_直播.png */; };
		F2AB16071F45C9DA003329E3 /* sina_秒拍.png in Resources */ = {isa = PBXBuildFile; fileRef = F2AB15CD1F45C9DA003329E3 /* sina_秒拍.png */; };
		F2AB16081F45C9DA003329E3 /* sina_签到.png in Resources */ = {isa = PBXBuildFile; fileRef = F2AB15CE1F45C9DA003329E3 /* sina_签到.png */; };
		F2AB16091F45C9DA003329E3 /* sina_红包.png in Resources */ = {isa = PBXBuildFile; fileRef = F2AB15CF1F45C9DA003329E3 /* sina_红包.png */; };
		F2AB160A1F45C9DA003329E3 /* sina_返回.png in Resources */ = {isa = PBXBuildFile; fileRef = F2AB15D01F45C9DA003329E3 /* sina_返回.png */; };
		F2AB160B1F45C9DA003329E3 /* sina_音乐.png in Resources */ = {isa = PBXBuildFile; fileRef = F2AB15D11F45C9DA003329E3 /* sina_音乐.png */; };
		F2BD42DE1F68D7BA005AED6E /* zh_KeyboardView.m in Sources */ = {isa = PBXBuildFile; fileRef = F2BD42DD1F68D7BA005AED6E /* zh_KeyboardView.m */; };
		F2BD42E71F68E79F005AED6E /* loginpswd@2x.png in Resources */ = {isa = PBXBuildFile; fileRef = F2BD42E31F68E79F005AED6E /* loginpswd@2x.png */; };
		F2BD42E81F68E79F005AED6E /* loginpswd@3x.png in Resources */ = {isa = PBXBuildFile; fileRef = F2BD42E41F68E79F005AED6E /* loginpswd@3x.png */; };
		F2BD42E91F68E79F005AED6E /* loginuser@2x.png in Resources */ = {isa = PBXBuildFile; fileRef = F2BD42E51F68E79F005AED6E /* loginuser@2x.png */; };
		F2BD42EA1F68E79F005AED6E /* loginuser@3x.png in Resources */ = {isa = PBXBuildFile; fileRef = F2BD42E61F68E79F005AED6E /* loginuser@3x.png */; };
		F2BD42F11F68ED41005AED6E /* loginfacebook@2x.png in Resources */ = {isa = PBXBuildFile; fileRef = F2BD42EB1F68ED41005AED6E /* loginfacebook@2x.png */; };
		F2BD42F21F68ED41005AED6E /* loginfacebook@3x.png in Resources */ = {isa = PBXBuildFile; fileRef = F2BD42EC1F68ED41005AED6E /* loginfacebook@3x.png */; };
		F2BD42F31F68ED41005AED6E /* loginqq@2x.png in Resources */ = {isa = PBXBuildFile; fileRef = F2BD42ED1F68ED41005AED6E /* loginqq@2x.png */; };
		F2BD42F41F68ED41005AED6E /* loginqq@3x.png in Resources */ = {isa = PBXBuildFile; fileRef = F2BD42EE1F68ED41005AED6E /* loginqq@3x.png */; };
		F2BD42F51F68ED41005AED6E /* loginsina@2x.png in Resources */ = {isa = PBXBuildFile; fileRef = F2BD42EF1F68ED41005AED6E /* loginsina@2x.png */; };
		F2BD42F61F68ED41005AED6E /* loginsina@3x.png in Resources */ = {isa = PBXBuildFile; fileRef = F2BD42F01F68ED41005AED6E /* loginsina@3x.png */; };
		F2BD42F91F68F045005AED6E /* loginback@2x.png in Resources */ = {isa = PBXBuildFile; fileRef = F2BD42F71F68F045005AED6E /* loginback@2x.png */; };
		F2BD42FA1F68F045005AED6E /* loginback@3x.png in Resources */ = {isa = PBXBuildFile; fileRef = F2BD42F81F68F045005AED6E /* loginback@3x.png */; };
		F2BD42FF1F692BC0005AED6E /* sender@2x.png in Resources */ = {isa = PBXBuildFile; fileRef = F2BD42FD1F692BC0005AED6E /* sender@2x.png */; };
		F2BD43001F692BC0005AED6E /* sender@3x.png in Resources */ = {isa = PBXBuildFile; fileRef = F2BD42FE1F692BC0005AED6E /* sender@3x.png */; };
		F2BD43D91F6A51D7005AED6E /* NSObject+zh_CycleDetector.m in Sources */ = {isa = PBXBuildFile; fileRef = F2BD43D81F6A51D7005AED6E /* NSObject+zh_CycleDetector.m */; };
		F2BD43DC1F6A51EB005AED6E /* zh_FirstViewController.m in Sources */ = {isa = PBXBuildFile; fileRef = F2BD43DB1F6A51EB005AED6E /* zh_FirstViewController.m */; };
		F2BD43DF1F6A5B3F005AED6E /* zhPickerView.m in Sources */ = {isa = PBXBuildFile; fileRef = F2BD43DE1F6A5B3F005AED6E /* zhPickerView.m */; };
		F2BD43E21F6BAC73005AED6E /* NSString+zh_SafeAccess.m in Sources */ = {isa = PBXBuildFile; fileRef = F2BD43E11F6BAC73005AED6E /* NSString+zh_SafeAccess.m */; };
		F2BD43E51F6BC3BD005AED6E /* NSArray+zh_SafeAccess.m in Sources */ = {isa = PBXBuildFile; fileRef = F2BD43E41F6BC3BD005AED6E /* NSArray+zh_SafeAccess.m */; };
		F2BD43EC1F6BD278005AED6E /* icon_select1@2x.png in Resources */ = {isa = PBXBuildFile; fileRef = F2BD43E81F6BD278005AED6E /* icon_select1@2x.png */; };
		F2BD43ED1F6BD278005AED6E /* icon_select1@3x.png in Resources */ = {isa = PBXBuildFile; fileRef = F2BD43E91F6BD278005AED6E /* icon_select1@3x.png */; };
		F2BD43F01F6BE261005AED6E /* icon_revocation1@2x.png in Resources */ = {isa = PBXBuildFile; fileRef = F2BD43EE1F6BE261005AED6E /* icon_revocation1@2x.png */; };
		F2BD43F11F6BE261005AED6E /* icon_revocation1@3x.png in Resources */ = {isa = PBXBuildFile; fileRef = F2BD43EF1F6BE261005AED6E /* icon_revocation1@3x.png */; };
/* End PBXBuildFile section */

/* Begin PBXContainerItemProxy section */
		6003F5B3195388D20070C39A /* PBXContainerItemProxy */ = {
			isa = PBXContainerItemProxy;
			containerPortal = 6003F582195388D10070C39A /* Project object */;
			proxyType = 1;
			remoteGlobalIDString = 6003F589195388D20070C39A;
			remoteInfo = zhPopupController;
		};
/* End PBXContainerItemProxy section */

/* Begin PBXFileReference section */
		01576D0E82A2055D8DE1D979 /* Pods_zhPopupController_Tests.framework */ = {isa = PBXFileReference; explicitFileType = wrapper.framework; includeInIndex = 0; path = Pods_zhPopupController_Tests.framework; sourceTree = BUILT_PRODUCTS_DIR; };
		1DCB59CCCBBAA5DEA62B6DA1 /* Pods-zhPopupController_Example.debug.xcconfig */ = {isa = PBXFileReference; includeInIndex = 1; lastKnownFileType = text.xcconfig; name = "Pods-zhPopupController_Example.debug.xcconfig"; path = "Pods/Target Support Files/Pods-zhPopupController_Example/Pods-zhPopupController_Example.debug.xcconfig"; sourceTree = "<group>"; };
		296818C661ECD8383050F14E /* Pods_zhPopupController_Example.framework */ = {isa = PBXFileReference; explicitFileType = wrapper.framework; includeInIndex = 0; path = Pods_zhPopupController_Example.framework; sourceTree = BUILT_PRODUCTS_DIR; };
		4800BB513ED7D2624C601ACC /* Pods-zhPopupController_Example.release.xcconfig */ = {isa = PBXFileReference; includeInIndex = 1; lastKnownFileType = text.xcconfig; name = "Pods-zhPopupController_Example.release.xcconfig"; path = "Pods/Target Support Files/Pods-zhPopupController_Example/Pods-zhPopupController_Example.release.xcconfig"; sourceTree = "<group>"; };
		6003F58A195388D20070C39A /* zhPopupController_Example.app */ = {isa = PBXFileReference; explicitFileType = wrapper.application; includeInIndex = 0; path = zhPopupController_Example.app; sourceTree = BUILT_PRODUCTS_DIR; };
		6003F58D195388D20070C39A /* Foundation.framework */ = {isa = PBXFileReference; lastKnownFileType = wrapper.framework; name = Foundation.framework; path = System/Library/Frameworks/Foundation.framework; sourceTree = SDKROOT; };
		6003F58F195388D20070C39A /* CoreGraphics.framework */ = {isa = PBXFileReference; lastKnownFileType = wrapper.framework; name = CoreGraphics.framework; path = System/Library/Frameworks/CoreGraphics.framework; sourceTree = SDKROOT; };
		6003F591195388D20070C39A /* UIKit.framework */ = {isa = PBXFileReference; lastKnownFileType = wrapper.framework; name = UIKit.framework; path = System/Library/Frameworks/UIKit.framework; sourceTree = SDKROOT; };
		6003F595195388D20070C39A /* zhPopupController-Info.plist */ = {isa = PBXFileReference; lastKnownFileType = text.plist.xml; path = "zhPopupController-Info.plist"; sourceTree = "<group>"; };
		6003F597195388D20070C39A /* en */ = {isa = PBXFileReference; lastKnownFileType = text.plist.strings; name = en; path = en.lproj/InfoPlist.strings; sourceTree = "<group>"; };
		6003F599195388D20070C39A /* main.m */ = {isa = PBXFileReference; lastKnownFileType = sourcecode.c.objc; path = main.m; sourceTree = "<group>"; };
		6003F59B195388D20070C39A /* zhPopupController-Prefix.pch */ = {isa = PBXFileReference; lastKnownFileType = sourcecode.c.h; path = "zhPopupController-Prefix.pch"; sourceTree = "<group>"; };
		6003F59C195388D20070C39A /* zh_AppDelegate.h */ = {isa = PBXFileReference; lastKnownFileType = sourcecode.c.h; path = zh_AppDelegate.h; sourceTree = "<group>"; };
		6003F59D195388D20070C39A /* zh_AppDelegate.m */ = {isa = PBXFileReference; lastKnownFileType = sourcecode.c.objc; path = zh_AppDelegate.m; sourceTree = "<group>"; };
		6003F5A5195388D20070C39A /* zh_ViewController.h */ = {isa = PBXFileReference; lastKnownFileType = sourcecode.c.h; path = zh_ViewController.h; sourceTree = "<group>"; };
		6003F5A6195388D20070C39A /* zh_ViewController.m */ = {isa = PBXFileReference; lastKnownFileType = sourcecode.c.objc; path = zh_ViewController.m; sourceTree = "<group>"; };
		6003F5A8195388D20070C39A /* Images.xcassets */ = {isa = PBXFileReference; lastKnownFileType = folder.assetcatalog; path = Images.xcassets; sourceTree = "<group>"; };
		6003F5AE195388D20070C39A /* zhPopupController_Tests.xctest */ = {isa = PBXFileReference; explicitFileType = wrapper.cfbundle; includeInIndex = 0; path = zhPopupController_Tests.xctest; sourceTree = BUILT_PRODUCTS_DIR; };
		6003F5AF195388D20070C39A /* XCTest.framework */ = {isa = PBXFileReference; lastKnownFileType = wrapper.framework; name = XCTest.framework; path = Library/Frameworks/XCTest.framework; sourceTree = DEVELOPER_DIR; };
		6003F5B7195388D20070C39A /* Tests-Info.plist */ = {isa = PBXFileReference; lastKnownFileType = text.plist.xml; path = "Tests-Info.plist"; sourceTree = "<group>"; };
		6003F5B9195388D20070C39A /* en */ = {isa = PBXFileReference; lastKnownFileType = text.plist.strings; name = en; path = en.lproj/InfoPlist.strings; sourceTree = "<group>"; };
		6003F5BB195388D20070C39A /* Tests.m */ = {isa = PBXFileReference; lastKnownFileType = sourcecode.c.objc; path = Tests.m; sourceTree = "<group>"; };
		606FC2411953D9B200FFA9A0 /* Tests-Prefix.pch */ = {isa = PBXFileReference; lastKnownFileType = sourcecode.c.h; path = "Tests-Prefix.pch"; sourceTree = "<group>"; };
		71719F9E1E33DC2100824A3D /* Base */ = {isa = PBXFileReference; lastKnownFileType = file.storyboard; name = Base; path = Base.lproj/LaunchScreen.storyboard; sourceTree = "<group>"; };
		78B55658376788A0193222CC /* zhPopupController.podspec */ = {isa = PBXFileReference; includeInIndex = 1; lastKnownFileType = text; name = zhPopupController.podspec; path = ../zhPopupController.podspec; sourceTree = "<group>"; };
		873B8AEA1B1F5CCA007FD442 /* Main.storyboard */ = {isa = PBXFileReference; fileEncoding = 4; lastKnownFileType = file.storyboard; name = Main.storyboard; path = Base.lproj/Main.storyboard; sourceTree = "<group>"; };
		876B9BDC1EDFA6D5F48A9CC8 /* README.md */ = {isa = PBXFileReference; includeInIndex = 1; lastKnownFileType = net.daringfireball.markdown; name = README.md; path = ../README.md; sourceTree = "<group>"; };
		D49349F67F0835FAC46C00D1 /* LICENSE */ = {isa = PBXFileReference; includeInIndex = 1; lastKnownFileType = text; name = LICENSE; path = ../LICENSE; sourceTree = "<group>"; };
		F20735071F65983200C1A6A5 /* zhWallView.h */ = {isa = PBXFileReference; fileEncoding = 4; lastKnownFileType = sourcecode.c.h; path = zhWallView.h; sourceTree = "<group>"; };
		F20735081F65983200C1A6A5 /* zhWallView.m */ = {isa = PBXFileReference; fileEncoding = 4; lastKnownFileType = sourcecode.c.objc; path = zhWallView.m; sourceTree = "<group>"; };
		F20735091F65983200C1A6A5 /* zhWallViewConfig.h */ = {isa = PBXFileReference; fileEncoding = 4; lastKnownFileType = sourcecode.c.h; path = zhWallViewConfig.h; sourceTree = "<group>"; };
		F207350A1F65983200C1A6A5 /* zhWallViewConfig.m */ = {isa = PBXFileReference; fileEncoding = 4; lastKnownFileType = sourcecode.c.objc; path = zhWallViewConfig.m; sourceTree = "<group>"; };
		F207350D1F659AE500C1A6A5 /* zhOverflyView.h */ = {isa = PBXFileReference; fileEncoding = 4; lastKnownFileType = sourcecode.c.h; path = zhOverflyView.h; sourceTree = "<group>"; };
		F207350E1F659AE500C1A6A5 /* zhOverflyView.m */ = {isa = PBXFileReference; fileEncoding = 4; lastKnownFileType = sourcecode.c.objc; path = zhOverflyView.m; sourceTree = "<group>"; };
		F20735111F659C6400C1A6A5 /* fire_arrow.png */ = {isa = PBXFileReference; lastKnownFileType = image.png; path = fire_arrow.png; sourceTree = "<group>"; };
		F20735131F659FE200C1A6A5 /* UIViewController+zhStatusBarStyle.h */ = {isa = PBXFileReference; fileEncoding = 4; lastKnownFileType = sourcecode.c.h; path = "UIViewController+zhStatusBarStyle.h"; sourceTree = "<group>"; };
		F20735141F659FE200C1A6A5 /* UIViewController+zhStatusBarStyle.m */ = {isa = PBXFileReference; fileEncoding = 4; lastKnownFileType = sourcecode.c.objc; path = "UIViewController+zhStatusBarStyle.m"; sourceTree = "<group>"; };
		F2AB15541F45B398003329E3 /* zh_ViewController+Extension.h */ = {isa = PBXFileReference; fileEncoding = 4; lastKnownFileType = sourcecode.c.h; path = "zh_ViewController+Extension.h"; sourceTree = "<group>"; };
		F2AB15551F45B398003329E3 /* zh_ViewController+Extension.m */ = {isa = PBXFileReference; fileEncoding = 4; lastKnownFileType = sourcecode.c.objc; path = "zh_ViewController+Extension.m"; sourceTree = "<group>"; };
		F2AB15581F45BEFA003329E3 /* zhAlertView.h */ = {isa = PBXFileReference; fileEncoding = 4; lastKnownFileType = sourcecode.c.h; path = zhAlertView.h; sourceTree = "<group>"; };
		F2AB15591F45BEFA003329E3 /* zhAlertView.m */ = {isa = PBXFileReference; fileEncoding = 4; lastKnownFileType = sourcecode.c.objc; path = zhAlertView.m; sourceTree = "<group>"; };
		F2AB155A1F45BEFA003329E3 /* zhCurtainView.h */ = {isa = PBXFileReference; fileEncoding = 4; lastKnownFileType = sourcecode.c.h; path = zhCurtainView.h; sourceTree = "<group>"; };
		F2AB155B1F45BEFA003329E3 /* zhCurtainView.m */ = {isa = PBXFileReference; fileEncoding = 4; lastKnownFileType = sourcecode.c.objc; path = zhCurtainView.m; sourceTree = "<group>"; };
		F2AB155C1F45BEFA003329E3 /* zhFullView.h */ = {isa = PBXFileReference; fileEncoding = 4; lastKnownFileType = sourcecode.c.h; path = zhFullView.h; sourceTree = "<group>"; };
		F2AB155D1F45BEFA003329E3 /* zhFullView.m */ = {isa = PBXFileReference; fileEncoding = 4; lastKnownFileType = sourcecode.c.objc; path = zhFullView.m; sourceTree = "<group>"; };
		F2AB155E1F45BEFA003329E3 /* zhIconLabel.h */ = {isa = PBXFileReference; fileEncoding = 4; lastKnownFileType = sourcecode.c.h; path = zhIconLabel.h; sourceTree = "<group>"; };
		F2AB155F1F45BEFA003329E3 /* zhIconLabel.m */ = {isa = PBXFileReference; fileEncoding = 4; lastKnownFileType = sourcecode.c.objc; path = zhIconLabel.m; sourceTree = "<group>"; };
		F2AB15661F45BEFA003329E3 /* zhSidebarView.h */ = {isa = PBXFileReference; fileEncoding = 4; lastKnownFileType = sourcecode.c.h; path = zhSidebarView.h; sourceTree = "<group>"; };
		F2AB15671F45BEFA003329E3 /* zhSidebarView.m */ = {isa = PBXFileReference; fileEncoding = 4; lastKnownFileType = sourcecode.c.objc; path = zhSidebarView.m; sourceTree = "<group>"; };
		F2AB15711F45BF5A003329E3 /* CALayer+Layout.h */ = {isa = PBXFileReference; fileEncoding = 4; lastKnownFileType = sourcecode.c.h; path = "CALayer+Layout.h"; sourceTree = "<group>"; };
		F2AB15721F45BF5A003329E3 /* CALayer+Layout.m */ = {isa = PBXFileReference; fileEncoding = 4; lastKnownFileType = sourcecode.c.objc; path = "CALayer+Layout.m"; sourceTree = "<group>"; };
		F2AB15731F45BF5A003329E3 /* NSDate+Extend.h */ = {isa = PBXFileReference; fileEncoding = 4; lastKnownFileType = sourcecode.c.h; path = "NSDate+Extend.h"; sourceTree = "<group>"; };
		F2AB15741F45BF5A003329E3 /* NSDate+Extend.m */ = {isa = PBXFileReference; fileEncoding = 4; lastKnownFileType = sourcecode.c.objc; path = "NSDate+Extend.m"; sourceTree = "<group>"; };
		F2AB15751F45BF5A003329E3 /* NSObject+AssociatedObject.h */ = {isa = PBXFileReference; fileEncoding = 4; lastKnownFileType = sourcecode.c.h; path = "NSObject+AssociatedObject.h"; sourceTree = "<group>"; };
		F2AB15761F45BF5A003329E3 /* NSObject+AssociatedObject.m */ = {isa = PBXFileReference; fileEncoding = 4; lastKnownFileType = sourcecode.c.objc; path = "NSObject+AssociatedObject.m"; sourceTree = "<group>"; };
		F2AB15771F45BF5A003329E3 /* UIAlertController+Extend.h */ = {isa = PBXFileReference; fileEncoding = 4; lastKnownFileType = sourcecode.c.h; path = "UIAlertController+Extend.h"; sourceTree = "<group>"; };
		F2AB15781F45BF5A003329E3 /* UIAlertController+Extend.m */ = {isa = PBXFileReference; fileEncoding = 4; lastKnownFileType = sourcecode.c.objc; path = "UIAlertController+Extend.m"; sourceTree = "<group>"; };
		F2AB15791F45BF5A003329E3 /* UIColor+Extend.h */ = {isa = PBXFileReference; fileEncoding = 4; lastKnownFileType = sourcecode.c.h; path = "UIColor+Extend.h"; sourceTree = "<group>"; };
		F2AB157A1F45BF5A003329E3 /* UIColor+Extend.m */ = {isa = PBXFileReference; fileEncoding = 4; lastKnownFileType = sourcecode.c.objc; path = "UIColor+Extend.m"; sourceTree = "<group>"; };
		F2AB157B1F45BF5A003329E3 /* UIImage+Color.h */ = {isa = PBXFileReference; fileEncoding = 4; lastKnownFileType = sourcecode.c.h; path = "UIImage+Color.h"; sourceTree = "<group>"; };
		F2AB157C1F45BF5A003329E3 /* UIImage+Color.m */ = {isa = PBXFileReference; fileEncoding = 4; lastKnownFileType = sourcecode.c.objc; path = "UIImage+Color.m"; sourceTree = "<group>"; };
		F2AB157D1F45BF5A003329E3 /* UINavigationBar+BackgroundColor.h */ = {isa = PBXFileReference; fileEncoding = 4; lastKnownFileType = sourcecode.c.h; path = "UINavigationBar+BackgroundColor.h"; sourceTree = "<group>"; };
		F2AB157E1F45BF5A003329E3 /* UINavigationBar+BackgroundColor.m */ = {isa = PBXFileReference; fileEncoding = 4; lastKnownFileType = sourcecode.c.objc; path = "UINavigationBar+BackgroundColor.m"; sourceTree = "<group>"; };
		F2AB157F1F45BF5A003329E3 /* UIScreen+Extend.h */ = {isa = PBXFileReference; fileEncoding = 4; lastKnownFileType = sourcecode.c.h; path = "UIScreen+Extend.h"; sourceTree = "<group>"; };
		F2AB15801F45BF5A003329E3 /* UIScreen+Extend.m */ = {isa = PBXFileReference; fileEncoding = 4; lastKnownFileType = sourcecode.c.objc; path = "UIScreen+Extend.m"; sourceTree = "<group>"; };
		F2AB15811F45BF5A003329E3 /* UIView+AddConstraints.h */ = {isa = PBXFileReference; fileEncoding = 4; lastKnownFileType = sourcecode.c.h; path = "UIView+AddConstraints.h"; sourceTree = "<group>"; };
		F2AB15821F45BF5A003329E3 /* UIView+AddConstraints.m */ = {isa = PBXFileReference; fileEncoding = 4; lastKnownFileType = sourcecode.c.objc; path = "UIView+AddConstraints.m"; sourceTree = "<group>"; };
		F2AB15831F45BF5A003329E3 /* UIView+Dealloc.h */ = {isa = PBXFileReference; fileEncoding = 4; lastKnownFileType = sourcecode.c.h; path = "UIView+Dealloc.h"; sourceTree = "<group>"; };
		F2AB15841F45BF5A003329E3 /* UIView+Dealloc.m */ = {isa = PBXFileReference; fileEncoding = 4; lastKnownFileType = sourcecode.c.objc; path = "UIView+Dealloc.m"; sourceTree = "<group>"; };
		F2AB15851F45BF5A003329E3 /* UIView+Layout.h */ = {isa = PBXFileReference; fileEncoding = 4; lastKnownFileType = sourcecode.c.h; path = "UIView+Layout.h"; sourceTree = "<group>"; };
		F2AB15861F45BF5A003329E3 /* UIView+Layout.m */ = {isa = PBXFileReference; fileEncoding = 4; lastKnownFileType = sourcecode.c.objc; path = "UIView+Layout.m"; sourceTree = "<group>"; };
		F2AB15941F45C9DA003329E3 /* qzone_close.png */ = {isa = PBXFileReference; lastKnownFileType = image.png; path = qzone_close.png; sourceTree = "<group>"; };
		F2AB15951F45C9DA003329E3 /* qzone_大头贴.png */ = {isa = PBXFileReference; lastKnownFileType = image.png; path = "qzone_大头贴.png"; sourceTree = "<group>"; };
		F2AB15961F45C9DA003329E3 /* qzone_照片.png */ = {isa = PBXFileReference; lastKnownFileType = image.png; path = "qzone_照片.png"; sourceTree = "<group>"; };
		F2AB15971F45C9DA003329E3 /* qzone_签到.png */ = {isa = PBXFileReference; lastKnownFileType = image.png; path = "qzone_签到.png"; sourceTree = "<group>"; };
		F2AB15981F45C9DA003329E3 /* qzone_视频.png */ = {isa = PBXFileReference; lastKnownFileType = image.png; path = "qzone_视频.png"; sourceTree = "<group>"; };
		F2AB15991F45C9DA003329E3 /* qzone_说说.png */ = {isa = PBXFileReference; lastKnownFileType = image.png; path = "qzone_说说.png"; sourceTree = "<group>"; };
		F2AB159B1F45C9DA003329E3 /* shared_QQ好友.png */ = {isa = PBXFileReference; lastKnownFileType = image.png; path = "shared_QQ好友.png"; sourceTree = "<group>"; };
		F2AB159C1F45C9DA003329E3 /* shared_微信好友.png */ = {isa = PBXFileReference; lastKnownFileType = image.png; path = "shared_微信好友.png"; sourceTree = "<group>"; };
		F2AB159D1F45C9DA003329E3 /* shared_新浪微博.png */ = {isa = PBXFileReference; lastKnownFileType = image.png; path = "shared_新浪微博.png"; sourceTree = "<group>"; };
		F2AB159E1F45C9DA003329E3 /* shared_朋友圈.png */ = {isa = PBXFileReference; lastKnownFileType = image.png; path = "shared_朋友圈.png"; sourceTree = "<group>"; };
		F2AB159F1F45C9DA003329E3 /* shared_跳转.png */ = {isa = PBXFileReference; lastKnownFileType = image.png; path = "shared_跳转.png"; sourceTree = "<group>"; };
		F2AB15A11F45C9DA003329E3 /* sheet_Collection@2x.png */ = {isa = PBXFileReference; lastKnownFileType = image.png; path = "sheet_Collection@2x.png"; sourceTree = "<group>"; };
		F2AB15A21F45C9DA003329E3 /* sheet_Collection@3x.png */ = {isa = PBXFileReference; lastKnownFileType = image.png; path = "sheet_Collection@3x.png"; sourceTree = "<group>"; };
		F2AB15A31F45C9DA003329E3 /* sheet_Complaint@2x.png */ = {isa = PBXFileReference; lastKnownFileType = image.png; path = "sheet_Complaint@2x.png"; sourceTree = "<group>"; };
		F2AB15A41F45C9DA003329E3 /* sheet_Complaint@3x.png */ = {isa = PBXFileReference; lastKnownFileType = image.png; path = "sheet_Complaint@3x.png"; sourceTree = "<group>"; };
		F2AB15A51F45C9DA003329E3 /* sheet_CopyLink@2x.png */ = {isa = PBXFileReference; lastKnownFileType = image.png; path = "sheet_CopyLink@2x.png"; sourceTree = "<group>"; };
		F2AB15A61F45C9DA003329E3 /* sheet_CopyLink@3x.png */ = {isa = PBXFileReference; lastKnownFileType = image.png; path = "sheet_CopyLink@3x.png"; sourceTree = "<group>"; };
		F2AB15A71F45C9DA003329E3 /* sheet_CopyText@2x.png */ = {isa = PBXFileReference; lastKnownFileType = image.png; path = "sheet_CopyText@2x.png"; sourceTree = "<group>"; };
		F2AB15A81F45C9DA003329E3 /* sheet_CopyText@3x.png */ = {isa = PBXFileReference; lastKnownFileType = image.png; path = "sheet_CopyText@3x.png"; sourceTree = "<group>"; };
		F2AB15A91F45C9DA003329E3 /* sheet_Facebook@2x.png */ = {isa = PBXFileReference; lastKnownFileType = image.png; path = "sheet_Facebook@2x.png"; sourceTree = "<group>"; };
		F2AB15AA1F45C9DA003329E3 /* sheet_Facebook@3x.png */ = {isa = PBXFileReference; lastKnownFileType = image.png; path = "sheet_Facebook@3x.png"; sourceTree = "<group>"; };
		F2AB15AB1F45C9DA003329E3 /* sheet_Font@2x.png */ = {isa = PBXFileReference; lastKnownFileType = image.png; path = "sheet_Font@2x.png"; sourceTree = "<group>"; };
		F2AB15AC1F45C9DA003329E3 /* sheet_Font@3x.png */ = {isa = PBXFileReference; lastKnownFileType = image.png; path = "sheet_Font@3x.png"; sourceTree = "<group>"; };
		F2AB15AD1F45C9DA003329E3 /* sheet_Moments@2x.png */ = {isa = PBXFileReference; lastKnownFileType = image.png; path = "sheet_Moments@2x.png"; sourceTree = "<group>"; };
		F2AB15AE1F45C9DA003329E3 /* sheet_Moments@3x.png */ = {isa = PBXFileReference; lastKnownFileType = image.png; path = "sheet_Moments@3x.png"; sourceTree = "<group>"; };
		F2AB15AF1F45C9DA003329E3 /* sheet_qq@2x.png */ = {isa = PBXFileReference; lastKnownFileType = image.png; path = "sheet_qq@2x.png"; sourceTree = "<group>"; };
		F2AB15B01F45C9DA003329E3 /* sheet_qq@3x.png */ = {isa = PBXFileReference; lastKnownFileType = image.png; path = "sheet_qq@3x.png"; sourceTree = "<group>"; };
		F2AB15B11F45C9DA003329E3 /* sheet_qqbrowser@2x.png */ = {isa = PBXFileReference; lastKnownFileType = image.png; path = "sheet_qqbrowser@2x.png"; sourceTree = "<group>"; };
		F2AB15B21F45C9DA003329E3 /* sheet_qqbrowser@3x.png */ = {isa = PBXFileReference; lastKnownFileType = image.png; path = "sheet_qqbrowser@3x.png"; sourceTree = "<group>"; };
		F2AB15B31F45C9DA003329E3 /* sheet_qzone@2x.png */ = {isa = PBXFileReference; lastKnownFileType = image.png; path = "sheet_qzone@2x.png"; sourceTree = "<group>"; };
		F2AB15B41F45C9DA003329E3 /* sheet_qzone@3x.png */ = {isa = PBXFileReference; lastKnownFileType = image.png; path = "sheet_qzone@3x.png"; sourceTree = "<group>"; };
		F2AB15B51F45C9DA003329E3 /* sheet_Refresh@2x.png */ = {isa = PBXFileReference; lastKnownFileType = image.png; path = "sheet_Refresh@2x.png"; sourceTree = "<group>"; };
		F2AB15B61F45C9DA003329E3 /* sheet_Refresh@3x.png */ = {isa = PBXFileReference; lastKnownFileType = image.png; path = "sheet_Refresh@3x.png"; sourceTree = "<group>"; };
		F2AB15B71F45C9DA003329E3 /* sheet_Share@2x.png */ = {isa = PBXFileReference; lastKnownFileType = image.png; path = "sheet_Share@2x.png"; sourceTree = "<group>"; };
		F2AB15B81F45C9DA003329E3 /* sheet_Share@3x.png */ = {isa = PBXFileReference; lastKnownFileType = image.png; path = "sheet_Share@3x.png"; sourceTree = "<group>"; };
		F2AB15B91F45C9DA003329E3 /* sheet_Verified@2x.png */ = {isa = PBXFileReference; lastKnownFileType = image.png; path = "sheet_Verified@2x.png"; sourceTree = "<group>"; };
		F2AB15BA1F45C9DA003329E3 /* sheet_Verified@3x.png */ = {isa = PBXFileReference; lastKnownFileType = image.png; path = "sheet_Verified@3x.png"; sourceTree = "<group>"; };
		F2AB15BC1F45C9DA003329E3 /* sidebar_NightMode.png */ = {isa = PBXFileReference; lastKnownFileType = image.png; path = sidebar_NightMode.png; sourceTree = "<group>"; };
		F2AB15BD1F45C9DA003329E3 /* sidebar_settings.png */ = {isa = PBXFileReference; lastKnownFileType = image.png; path = sidebar_settings.png; sourceTree = "<group>"; };
		F2AB15BE1F45C9DA003329E3 /* sidebar_我的收藏.png */ = {isa = PBXFileReference; lastKnownFileType = image.png; path = "sidebar_我的收藏.png"; sourceTree = "<group>"; };
		F2AB15BF1F45C9DA003329E3 /* sidebar_我的故事.png */ = {isa = PBXFileReference; lastKnownFileType = image.png; path = "sidebar_我的故事.png"; sourceTree = "<group>"; };
		F2AB15C01F45C9DA003329E3 /* sidebar_消息中心.png */ = {isa = PBXFileReference; lastKnownFileType = image.png; path = "sidebar_消息中心.png"; sourceTree = "<group>"; };
		F2AB15C11F45C9DA003329E3 /* sidebar_离线阅读.png */ = {isa = PBXFileReference; lastKnownFileType = image.png; path = "sidebar_离线阅读.png"; sourceTree = "<group>"; };
		F2AB15C21F45C9DA003329E3 /* sidebar_近期阅读.png */ = {isa = PBXFileReference; lastKnownFileType = image.png; path = "sidebar_近期阅读.png"; sourceTree = "<group>"; };
		F2AB15C41F45C9DA003329E3 /* sina_关闭.png */ = {isa = PBXFileReference; lastKnownFileType = image.png; path = "sina_关闭.png"; sourceTree = "<group>"; };
		F2AB15C51F45C9DA003329E3 /* sina_商品.png */ = {isa = PBXFileReference; lastKnownFileType = image.png; path = "sina_商品.png"; sourceTree = "<group>"; };
		F2AB15C61F45C9DA003329E3 /* sina_头条文章.png */ = {isa = PBXFileReference; lastKnownFileType = image.png; path = "sina_头条文章.png"; sourceTree = "<group>"; };
		F2AB15C71F45C9DA003329E3 /* sina_好友圈.png */ = {isa = PBXFileReference; lastKnownFileType = image.png; path = "sina_好友圈.png"; sourceTree = "<group>"; };
		F2AB15C81F45C9DA003329E3 /* sina_文字.png */ = {isa = PBXFileReference; lastKnownFileType = image.png; path = "sina_文字.png"; sourceTree = "<group>"; };
		F2AB15C91F45C9DA003329E3 /* sina_更多.png */ = {isa = PBXFileReference; lastKnownFileType = image.png; path = "sina_更多.png"; sourceTree = "<group>"; };
		F2AB15CA1F45C9DA003329E3 /* sina_点评.png */ = {isa = PBXFileReference; lastKnownFileType = image.png; path = "sina_点评.png"; sourceTree = "<group>"; };
		F2AB15CB1F45C9DA003329E3 /* sina_照片视频.png */ = {isa = PBXFileReference; lastKnownFileType = image.png; path = "sina_照片视频.png"; sourceTree = "<group>"; };
		F2AB15CC1F45C9DA003329E3 /* sina_直播.png */ = {isa = PBXFileReference; lastKnownFileType = image.png; path = "sina_直播.png"; sourceTree = "<group>"; };
		F2AB15CD1F45C9DA003329E3 /* sina_秒拍.png */ = {isa = PBXFileReference; lastKnownFileType = image.png; path = "sina_秒拍.png"; sourceTree = "<group>"; };
		F2AB15CE1F45C9DA003329E3 /* sina_签到.png */ = {isa = PBXFileReference; lastKnownFileType = image.png; path = "sina_签到.png"; sourceTree = "<group>"; };
		F2AB15CF1F45C9DA003329E3 /* sina_红包.png */ = {isa = PBXFileReference; lastKnownFileType = image.png; path = "sina_红包.png"; sourceTree = "<group>"; };
		F2AB15D01F45C9DA003329E3 /* sina_返回.png */ = {isa = PBXFileReference; lastKnownFileType = image.png; path = "sina_返回.png"; sourceTree = "<group>"; };
		F2AB15D11F45C9DA003329E3 /* sina_音乐.png */ = {isa = PBXFileReference; lastKnownFileType = image.png; path = "sina_音乐.png"; sourceTree = "<group>"; };
		F2BD42DC1F68D7BA005AED6E /* zh_KeyboardView.h */ = {isa = PBXFileReference; fileEncoding = 4; lastKnownFileType = sourcecode.c.h; path = zh_KeyboardView.h; sourceTree = "<group>"; };
		F2BD42DD1F68D7BA005AED6E /* zh_KeyboardView.m */ = {isa = PBXFileReference; fileEncoding = 4; lastKnownFileType = sourcecode.c.objc; path = zh_KeyboardView.m; sourceTree = "<group>"; };
		F2BD42E31F68E79F005AED6E /* loginpswd@2x.png */ = {isa = PBXFileReference; lastKnownFileType = image.png; path = "loginpswd@2x.png"; sourceTree = "<group>"; };
		F2BD42E41F68E79F005AED6E /* loginpswd@3x.png */ = {isa = PBXFileReference; lastKnownFileType = image.png; path = "loginpswd@3x.png"; sourceTree = "<group>"; };
		F2BD42E51F68E79F005AED6E /* loginuser@2x.png */ = {isa = PBXFileReference; lastKnownFileType = image.png; path = "loginuser@2x.png"; sourceTree = "<group>"; };
		F2BD42E61F68E79F005AED6E /* loginuser@3x.png */ = {isa = PBXFileReference; lastKnownFileType = image.png; path = "loginuser@3x.png"; sourceTree = "<group>"; };
		F2BD42EB1F68ED41005AED6E /* loginfacebook@2x.png */ = {isa = PBXFileReference; lastKnownFileType = image.png; path = "loginfacebook@2x.png"; sourceTree = "<group>"; };
		F2BD42EC1F68ED41005AED6E /* loginfacebook@3x.png */ = {isa = PBXFileReference; lastKnownFileType = image.png; path = "loginfacebook@3x.png"; sourceTree = "<group>"; };
		F2BD42ED1F68ED41005AED6E /* loginqq@2x.png */ = {isa = PBXFileReference; lastKnownFileType = image.png; path = "loginqq@2x.png"; sourceTree = "<group>"; };
		F2BD42EE1F68ED41005AED6E /* loginqq@3x.png */ = {isa = PBXFileReference; lastKnownFileType = image.png; path = "loginqq@3x.png"; sourceTree = "<group>"; };
		F2BD42EF1F68ED41005AED6E /* loginsina@2x.png */ = {isa = PBXFileReference; lastKnownFileType = image.png; path = "loginsina@2x.png"; sourceTree = "<group>"; };
		F2BD42F01F68ED41005AED6E /* loginsina@3x.png */ = {isa = PBXFileReference; lastKnownFileType = image.png; path = "loginsina@3x.png"; sourceTree = "<group>"; };
		F2BD42F71F68F045005AED6E /* loginback@2x.png */ = {isa = PBXFileReference; lastKnownFileType = image.png; path = "loginback@2x.png"; sourceTree = "<group>"; };
		F2BD42F81F68F045005AED6E /* loginback@3x.png */ = {isa = PBXFileReference; lastKnownFileType = image.png; path = "loginback@3x.png"; sourceTree = "<group>"; };
		F2BD42FD1F692BC0005AED6E /* sender@2x.png */ = {isa = PBXFileReference; lastKnownFileType = image.png; path = "sender@2x.png"; sourceTree = "<group>"; };
		F2BD42FE1F692BC0005AED6E /* sender@3x.png */ = {isa = PBXFileReference; lastKnownFileType = image.png; path = "sender@3x.png"; sourceTree = "<group>"; };
		F2BD43D71F6A51D7005AED6E /* NSObject+zh_CycleDetector.h */ = {isa = PBXFileReference; fileEncoding = 4; lastKnownFileType = sourcecode.c.h; path = "NSObject+zh_CycleDetector.h"; sourceTree = "<group>"; };
		F2BD43D81F6A51D7005AED6E /* NSObject+zh_CycleDetector.m */ = {isa = PBXFileReference; fileEncoding = 4; lastKnownFileType = sourcecode.c.objc; path = "NSObject+zh_CycleDetector.m"; sourceTree = "<group>"; };
		F2BD43DA1F6A51EB005AED6E /* zh_FirstViewController.h */ = {isa = PBXFileReference; fileEncoding = 4; lastKnownFileType = sourcecode.c.h; path = zh_FirstViewController.h; sourceTree = "<group>"; };
		F2BD43DB1F6A51EB005AED6E /* zh_FirstViewController.m */ = {isa = PBXFileReference; fileEncoding = 4; lastKnownFileType = sourcecode.c.objc; path = zh_FirstViewController.m; sourceTree = "<group>"; };
		F2BD43DD1F6A5B3F005AED6E /* zhPickerView.h */ = {isa = PBXFileReference; fileEncoding = 4; lastKnownFileType = sourcecode.c.h; path = zhPickerView.h; sourceTree = "<group>"; };
		F2BD43DE1F6A5B3F005AED6E /* zhPickerView.m */ = {isa = PBXFileReference; fileEncoding = 4; lastKnownFileType = sourcecode.c.objc; path = zhPickerView.m; sourceTree = "<group>"; };
		F2BD43E01F6BAC73005AED6E /* NSString+zh_SafeAccess.h */ = {isa = PBXFileReference; fileEncoding = 4; lastKnownFileType = sourcecode.c.h; path = "NSString+zh_SafeAccess.h"; sourceTree = "<group>"; };
		F2BD43E11F6BAC73005AED6E /* NSString+zh_SafeAccess.m */ = {isa = PBXFileReference; fileEncoding = 4; lastKnownFileType = sourcecode.c.objc; path = "NSString+zh_SafeAccess.m"; sourceTree = "<group>"; };
		F2BD43E31F6BC3BD005AED6E /* NSArray+zh_SafeAccess.h */ = {isa = PBXFileReference; fileEncoding = 4; lastKnownFileType = sourcecode.c.h; path = "NSArray+zh_SafeAccess.h"; sourceTree = "<group>"; };
		F2BD43E41F6BC3BD005AED6E /* NSArray+zh_SafeAccess.m */ = {isa = PBXFileReference; fileEncoding = 4; lastKnownFileType = sourcecode.c.objc; path = "NSArray+zh_SafeAccess.m"; sourceTree = "<group>"; };
		F2BD43E81F6BD278005AED6E /* icon_select1@2x.png */ = {isa = PBXFileReference; lastKnownFileType = image.png; path = "icon_select1@2x.png"; sourceTree = "<group>"; };
		F2BD43E91F6BD278005AED6E /* icon_select1@3x.png */ = {isa = PBXFileReference; lastKnownFileType = image.png; path = "icon_select1@3x.png"; sourceTree = "<group>"; };
		F2BD43EE1F6BE261005AED6E /* icon_revocation1@2x.png */ = {isa = PBXFileReference; lastKnownFileType = image.png; path = "icon_revocation1@2x.png"; sourceTree = "<group>"; };
		F2BD43EF1F6BE261005AED6E /* icon_revocation1@3x.png */ = {isa = PBXFileReference; lastKnownFileType = image.png; path = "icon_revocation1@3x.png"; sourceTree = "<group>"; };
/* End PBXFileReference section */

/* Begin PBXFrameworksBuildPhase section */
		6003F587195388D20070C39A /* Frameworks */ = {
			isa = PBXFrameworksBuildPhase;
			buildActionMask = 2147483647;
			files = (
				6003F590195388D20070C39A /* CoreGraphics.framework in Frameworks */,
				6003F592195388D20070C39A /* UIKit.framework in Frameworks */,
				6003F58E195388D20070C39A /* Foundation.framework in Frameworks */,
				51970250419971193DE3E57E /* Pods_zhPopupController_Example.framework in Frameworks */,
			);
			runOnlyForDeploymentPostprocessing = 0;
		};
		6003F5AB195388D20070C39A /* Frameworks */ = {
			isa = PBXFrameworksBuildPhase;
			buildActionMask = 2147483647;
			files = (
				6003F5B0195388D20070C39A /* XCTest.framework in Frameworks */,
				6003F5B2195388D20070C39A /* UIKit.framework in Frameworks */,
				6003F5B1195388D20070C39A /* Foundation.framework in Frameworks */,
			);
			runOnlyForDeploymentPostprocessing = 0;
		};
/* End PBXFrameworksBuildPhase section */

/* Begin PBXGroup section */
		6003F581195388D10070C39A = {
			isa = PBXGroup;
			children = (
				60FF7A9C1954A5C5007DD14C /* Podspec Metadata */,
				6003F593195388D20070C39A /* Example for zhPopupController */,
				F2AB15701F45BF5A003329E3 /* Utilities */,
				F2AB15921F45C9DA003329E3 /* images */,
				6003F5B5195388D20070C39A /* Tests */,
				6003F58C195388D20070C39A /* Frameworks */,
				6003F58B195388D20070C39A /* Products */,
				CC58964BE2A716B9185808D9 /* Pods */,
			);
			sourceTree = "<group>";
		};
		6003F58B195388D20070C39A /* Products */ = {
			isa = PBXGroup;
			children = (
				6003F58A195388D20070C39A /* zhPopupController_Example.app */,
				6003F5AE195388D20070C39A /* zhPopupController_Tests.xctest */,
			);
			name = Products;
			sourceTree = "<group>";
		};
		6003F58C195388D20070C39A /* Frameworks */ = {
			isa = PBXGroup;
			children = (
				6003F58D195388D20070C39A /* Foundation.framework */,
				6003F58F195388D20070C39A /* CoreGraphics.framework */,
				6003F591195388D20070C39A /* UIKit.framework */,
				6003F5AF195388D20070C39A /* XCTest.framework */,
				296818C661ECD8383050F14E /* Pods_zhPopupController_Example.framework */,
				01576D0E82A2055D8DE1D979 /* Pods_zhPopupController_Tests.framework */,
			);
			name = Frameworks;
			sourceTree = "<group>";
		};
		6003F593195388D20070C39A /* Example for zhPopupController */ = {
			isa = PBXGroup;
			children = (
				F2AB15571F45BEFA003329E3 /* Subviews */,
				6003F59C195388D20070C39A /* zh_AppDelegate.h */,
				6003F59D195388D20070C39A /* zh_AppDelegate.m */,
				F2BD43DA1F6A51EB005AED6E /* zh_FirstViewController.h */,
				F2BD43DB1F6A51EB005AED6E /* zh_FirstViewController.m */,
				873B8AEA1B1F5CCA007FD442 /* Main.storyboard */,
				6003F5A5195388D20070C39A /* zh_ViewController.h */,
				6003F5A6195388D20070C39A /* zh_ViewController.m */,
				F2AB15541F45B398003329E3 /* zh_ViewController+Extension.h */,
				F2AB15551F45B398003329E3 /* zh_ViewController+Extension.m */,
				71719F9D1E33DC2100824A3D /* LaunchScreen.storyboard */,
				6003F5A8195388D20070C39A /* Images.xcassets */,
				6003F594195388D20070C39A /* Supporting Files */,
			);
			name = "Example for zhPopupController";
			path = zhPopupController;
			sourceTree = "<group>";
		};
		6003F594195388D20070C39A /* Supporting Files */ = {
			isa = PBXGroup;
			children = (
				6003F595195388D20070C39A /* zhPopupController-Info.plist */,
				6003F596195388D20070C39A /* InfoPlist.strings */,
				6003F599195388D20070C39A /* main.m */,
				6003F59B195388D20070C39A /* zhPopupController-Prefix.pch */,
			);
			name = "Supporting Files";
			sourceTree = "<group>";
		};
		6003F5B5195388D20070C39A /* Tests */ = {
			isa = PBXGroup;
			children = (
				6003F5BB195388D20070C39A /* Tests.m */,
				6003F5B6195388D20070C39A /* Supporting Files */,
			);
			path = Tests;
			sourceTree = "<group>";
		};
		6003F5B6195388D20070C39A /* Supporting Files */ = {
			isa = PBXGroup;
			children = (
				6003F5B7195388D20070C39A /* Tests-Info.plist */,
				6003F5B8195388D20070C39A /* InfoPlist.strings */,
				606FC2411953D9B200FFA9A0 /* Tests-Prefix.pch */,
			);
			name = "Supporting Files";
			sourceTree = "<group>";
		};
		60FF7A9C1954A5C5007DD14C /* Podspec Metadata */ = {
			isa = PBXGroup;
			children = (
				78B55658376788A0193222CC /* zhPopupController.podspec */,
				876B9BDC1EDFA6D5F48A9CC8 /* README.md */,
				D49349F67F0835FAC46C00D1 /* LICENSE */,
			);
			name = "Podspec Metadata";
			sourceTree = "<group>";
		};
		CC58964BE2A716B9185808D9 /* Pods */ = {
			isa = PBXGroup;
			children = (
				1DCB59CCCBBAA5DEA62B6DA1 /* Pods-zhPopupController_Example.debug.xcconfig */,
				4800BB513ED7D2624C601ACC /* Pods-zhPopupController_Example.release.xcconfig */,
			);
			name = Pods;
			sourceTree = "<group>";
		};
		F20735101F659C6400C1A6A5 /* other */ = {
			isa = PBXGroup;
			children = (
				F2BD43EE1F6BE261005AED6E /* icon_revocation1@2x.png */,
				F2BD43EF1F6BE261005AED6E /* icon_revocation1@3x.png */,
				F2BD43E81F6BD278005AED6E /* icon_select1@2x.png */,
				F2BD43E91F6BD278005AED6E /* icon_select1@3x.png */,
				F2BD42FD1F692BC0005AED6E /* sender@2x.png */,
				F2BD42FE1F692BC0005AED6E /* sender@3x.png */,
				F2BD42F71F68F045005AED6E /* loginback@2x.png */,
				F2BD42F81F68F045005AED6E /* loginback@3x.png */,
				F2BD42EB1F68ED41005AED6E /* loginfacebook@2x.png */,
				F2BD42EC1F68ED41005AED6E /* loginfacebook@3x.png */,
				F2BD42ED1F68ED41005AED6E /* loginqq@2x.png */,
				F2BD42EE1F68ED41005AED6E /* loginqq@3x.png */,
				F2BD42EF1F68ED41005AED6E /* loginsina@2x.png */,
				F2BD42F01F68ED41005AED6E /* loginsina@3x.png */,
				F2BD42E31F68E79F005AED6E /* loginpswd@2x.png */,
				F2BD42E41F68E79F005AED6E /* loginpswd@3x.png */,
				F2BD42E51F68E79F005AED6E /* loginuser@2x.png */,
				F2BD42E61F68E79F005AED6E /* loginuser@3x.png */,
				F20735111F659C6400C1A6A5 /* fire_arrow.png */,
			);
			path = other;
			sourceTree = "<group>";
		};
		F2AB15571F45BEFA003329E3 /* Subviews */ = {
			isa = PBXGroup;
			children = (
				F20735071F65983200C1A6A5 /* zhWallView.h */,
				F20735081F65983200C1A6A5 /* zhWallView.m */,
				F20735091F65983200C1A6A5 /* zhWallViewConfig.h */,
				F207350A1F65983200C1A6A5 /* zhWallViewConfig.m */,
				F2AB15581F45BEFA003329E3 /* zhAlertView.h */,
				F2AB15591F45BEFA003329E3 /* zhAlertView.m */,
				F207350D1F659AE500C1A6A5 /* zhOverflyView.h */,
				F207350E1F659AE500C1A6A5 /* zhOverflyView.m */,
				F2AB155A1F45BEFA003329E3 /* zhCurtainView.h */,
				F2AB155B1F45BEFA003329E3 /* zhCurtainView.m */,
				F2AB155C1F45BEFA003329E3 /* zhFullView.h */,
				F2AB155D1F45BEFA003329E3 /* zhFullView.m */,
				F2AB155E1F45BEFA003329E3 /* zhIconLabel.h */,
				F2AB155F1F45BEFA003329E3 /* zhIconLabel.m */,
				F2AB15661F45BEFA003329E3 /* zhSidebarView.h */,
				F2AB15671F45BEFA003329E3 /* zhSidebarView.m */,
				F2BD42DC1F68D7BA005AED6E /* zh_KeyboardView.h */,
				F2BD42DD1F68D7BA005AED6E /* zh_KeyboardView.m */,
				F2BD43DD1F6A5B3F005AED6E /* zhPickerView.h */,
				F2BD43DE1F6A5B3F005AED6E /* zhPickerView.m */,
			);
			path = Subviews;
			sourceTree = "<group>";
		};
		F2AB15701F45BF5A003329E3 /* Utilities */ = {
			isa = PBXGroup;
			children = (
				F2BD43D71F6A51D7005AED6E /* NSObject+zh_CycleDetector.h */,
				F2BD43D81F6A51D7005AED6E /* NSObject+zh_CycleDetector.m */,
				F20735131F659FE200C1A6A5 /* UIViewController+zhStatusBarStyle.h */,
				F20735141F659FE200C1A6A5 /* UIViewController+zhStatusBarStyle.m */,
				F2AB15711F45BF5A003329E3 /* CALayer+Layout.h */,
				F2AB15721F45BF5A003329E3 /* CALayer+Layout.m */,
				F2AB15731F45BF5A003329E3 /* NSDate+Extend.h */,
				F2AB15741F45BF5A003329E3 /* NSDate+Extend.m */,
				F2AB15751F45BF5A003329E3 /* NSObject+AssociatedObject.h */,
				F2AB15761F45BF5A003329E3 /* NSObject+AssociatedObject.m */,
				F2BD43E01F6BAC73005AED6E /* NSString+zh_SafeAccess.h */,
				F2BD43E11F6BAC73005AED6E /* NSString+zh_SafeAccess.m */,
				F2BD43E31F6BC3BD005AED6E /* NSArray+zh_SafeAccess.h */,
				F2BD43E41F6BC3BD005AED6E /* NSArray+zh_SafeAccess.m */,
				F2AB15771F45BF5A003329E3 /* UIAlertController+Extend.h */,
				F2AB15781F45BF5A003329E3 /* UIAlertController+Extend.m */,
				F2AB15791F45BF5A003329E3 /* UIColor+Extend.h */,
				F2AB157A1F45BF5A003329E3 /* UIColor+Extend.m */,
				F2AB157B1F45BF5A003329E3 /* UIImage+Color.h */,
				F2AB157C1F45BF5A003329E3 /* UIImage+Color.m */,
				F2AB157D1F45BF5A003329E3 /* UINavigationBar+BackgroundColor.h */,
				F2AB157E1F45BF5A003329E3 /* UINavigationBar+BackgroundColor.m */,
				F2AB157F1F45BF5A003329E3 /* UIScreen+Extend.h */,
				F2AB15801F45BF5A003329E3 /* UIScreen+Extend.m */,
				F2AB15811F45BF5A003329E3 /* UIView+AddConstraints.h */,
				F2AB15821F45BF5A003329E3 /* UIView+AddConstraints.m */,
				F2AB15831F45BF5A003329E3 /* UIView+Dealloc.h */,
				F2AB15841F45BF5A003329E3 /* UIView+Dealloc.m */,
				F2AB15851F45BF5A003329E3 /* UIView+Layout.h */,
				F2AB15861F45BF5A003329E3 /* UIView+Layout.m */,
			);
			name = Utilities;
			path = zhPopupController/Utilities;
			sourceTree = "<group>";
		};
		F2AB15921F45C9DA003329E3 /* images */ = {
			isa = PBXGroup;
			children = (
				F20735101F659C6400C1A6A5 /* other */,
				F2AB15931F45C9DA003329E3 /* qzone_icon */,
				F2AB159A1F45C9DA003329E3 /* shared_icon */,
				F2AB15A01F45C9DA003329E3 /* sheet_icon */,
				F2AB15BB1F45C9DA003329E3 /* sidebar_icon */,
				F2AB15C31F45C9DA003329E3 /* sina_icon */,
			);
			name = images;
			path = zhPopupController/images;
			sourceTree = "<group>";
		};
		F2AB15931F45C9DA003329E3 /* qzone_icon */ = {
			isa = PBXGroup;
			children = (
				F2AB15941F45C9DA003329E3 /* qzone_close.png */,
				F2AB15951F45C9DA003329E3 /* qzone_大头贴.png */,
				F2AB15961F45C9DA003329E3 /* qzone_照片.png */,
				F2AB15971F45C9DA003329E3 /* qzone_签到.png */,
				F2AB15981F45C9DA003329E3 /* qzone_视频.png */,
				F2AB15991F45C9DA003329E3 /* qzone_说说.png */,
			);
			path = qzone_icon;
			sourceTree = "<group>";
		};
		F2AB159A1F45C9DA003329E3 /* shared_icon */ = {
			isa = PBXGroup;
			children = (
				F2AB159B1F45C9DA003329E3 /* shared_QQ好友.png */,
				F2AB159C1F45C9DA003329E3 /* shared_微信好友.png */,
				F2AB159D1F45C9DA003329E3 /* shared_新浪微博.png */,
				F2AB159E1F45C9DA003329E3 /* shared_朋友圈.png */,
				F2AB159F1F45C9DA003329E3 /* shared_跳转.png */,
			);
			path = shared_icon;
			sourceTree = "<group>";
		};
		F2AB15A01F45C9DA003329E3 /* sheet_icon */ = {
			isa = PBXGroup;
			children = (
				F2AB15A11F45C9DA003329E3 /* sheet_Collection@2x.png */,
				F2AB15A21F45C9DA003329E3 /* sheet_Collection@3x.png */,
				F2AB15A31F45C9DA003329E3 /* sheet_Complaint@2x.png */,
				F2AB15A41F45C9DA003329E3 /* sheet_Complaint@3x.png */,
				F2AB15A51F45C9DA003329E3 /* sheet_CopyLink@2x.png */,
				F2AB15A61F45C9DA003329E3 /* sheet_CopyLink@3x.png */,
				F2AB15A71F45C9DA003329E3 /* sheet_CopyText@2x.png */,
				F2AB15A81F45C9DA003329E3 /* sheet_CopyText@3x.png */,
				F2AB15A91F45C9DA003329E3 /* sheet_Facebook@2x.png */,
				F2AB15AA1F45C9DA003329E3 /* sheet_Facebook@3x.png */,
				F2AB15AB1F45C9DA003329E3 /* sheet_Font@2x.png */,
				F2AB15AC1F45C9DA003329E3 /* sheet_Font@3x.png */,
				F2AB15AD1F45C9DA003329E3 /* sheet_Moments@2x.png */,
				F2AB15AE1F45C9DA003329E3 /* sheet_Moments@3x.png */,
				F2AB15AF1F45C9DA003329E3 /* sheet_qq@2x.png */,
				F2AB15B01F45C9DA003329E3 /* sheet_qq@3x.png */,
				F2AB15B11F45C9DA003329E3 /* sheet_qqbrowser@2x.png */,
				F2AB15B21F45C9DA003329E3 /* sheet_qqbrowser@3x.png */,
				F2AB15B31F45C9DA003329E3 /* sheet_qzone@2x.png */,
				F2AB15B41F45C9DA003329E3 /* sheet_qzone@3x.png */,
				F2AB15B51F45C9DA003329E3 /* sheet_Refresh@2x.png */,
				F2AB15B61F45C9DA003329E3 /* sheet_Refresh@3x.png */,
				F2AB15B71F45C9DA003329E3 /* sheet_Share@2x.png */,
				F2AB15B81F45C9DA003329E3 /* sheet_Share@3x.png */,
				F2AB15B91F45C9DA003329E3 /* sheet_Verified@2x.png */,
				F2AB15BA1F45C9DA003329E3 /* sheet_Verified@3x.png */,
			);
			path = sheet_icon;
			sourceTree = "<group>";
		};
		F2AB15BB1F45C9DA003329E3 /* sidebar_icon */ = {
			isa = PBXGroup;
			children = (
				F2AB15BC1F45C9DA003329E3 /* sidebar_NightMode.png */,
				F2AB15BD1F45C9DA003329E3 /* sidebar_settings.png */,
				F2AB15BE1F45C9DA003329E3 /* sidebar_我的收藏.png */,
				F2AB15BF1F45C9DA003329E3 /* sidebar_我的故事.png */,
				F2AB15C01F45C9DA003329E3 /* sidebar_消息中心.png */,
				F2AB15C11F45C9DA003329E3 /* sidebar_离线阅读.png */,
				F2AB15C21F45C9DA003329E3 /* sidebar_近期阅读.png */,
			);
			path = sidebar_icon;
			sourceTree = "<group>";
		};
		F2AB15C31F45C9DA003329E3 /* sina_icon */ = {
			isa = PBXGroup;
			children = (
				F2AB15C41F45C9DA003329E3 /* sina_关闭.png */,
				F2AB15C51F45C9DA003329E3 /* sina_商品.png */,
				F2AB15C61F45C9DA003329E3 /* sina_头条文章.png */,
				F2AB15C71F45C9DA003329E3 /* sina_好友圈.png */,
				F2AB15C81F45C9DA003329E3 /* sina_文字.png */,
				F2AB15C91F45C9DA003329E3 /* sina_更多.png */,
				F2AB15CA1F45C9DA003329E3 /* sina_点评.png */,
				F2AB15CB1F45C9DA003329E3 /* sina_照片视频.png */,
				F2AB15CC1F45C9DA003329E3 /* sina_直播.png */,
				F2AB15CD1F45C9DA003329E3 /* sina_秒拍.png */,
				F2AB15CE1F45C9DA003329E3 /* sina_签到.png */,
				F2AB15CF1F45C9DA003329E3 /* sina_红包.png */,
				F2AB15D01F45C9DA003329E3 /* sina_返回.png */,
				F2AB15D11F45C9DA003329E3 /* sina_音乐.png */,
			);
			path = sina_icon;
			sourceTree = "<group>";
		};
/* End PBXGroup section */

/* Begin PBXNativeTarget section */
		6003F589195388D20070C39A /* zhPopupController_Example */ = {
			isa = PBXNativeTarget;
			buildConfigurationList = 6003F5BF195388D20070C39A /* Build configuration list for PBXNativeTarget "zhPopupController_Example" */;
			buildPhases = (
				3BAC513E3AC07122FFD299B0 /* [CP] Check Pods Manifest.lock */,
				6003F586195388D20070C39A /* Sources */,
				6003F587195388D20070C39A /* Frameworks */,
				6003F588195388D20070C39A /* Resources */,
				C2607F77219E18EBAB97D683 /* [CP] Embed Pods Frameworks */,
				DB925A7D65BDB64DDA944FE0 /* [CP] Copy Pods Resources */,
			);
			buildRules = (
			);
			dependencies = (
			);
			name = zhPopupController_Example;
			productName = zhPopupController;
			productReference = 6003F58A195388D20070C39A /* zhPopupController_Example.app */;
			productType = "com.apple.product-type.application";
		};
		6003F5AD195388D20070C39A /* zhPopupController_Tests */ = {
			isa = PBXNativeTarget;
			buildConfigurationList = 6003F5C2195388D20070C39A /* Build configuration list for PBXNativeTarget "zhPopupController_Tests" */;
			buildPhases = (
				6003F5AA195388D20070C39A /* Sources */,
				6003F5AB195388D20070C39A /* Frameworks */,
				6003F5AC195388D20070C39A /* Resources */,
			);
			buildRules = (
			);
			dependencies = (
				6003F5B4195388D20070C39A /* PBXTargetDependency */,
			);
			name = zhPopupController_Tests;
			productName = zhPopupControllerTests;
			productReference = 6003F5AE195388D20070C39A /* zhPopupController_Tests.xctest */;
			productType = "com.apple.product-type.bundle.unit-test";
		};
/* End PBXNativeTarget section */

/* Begin PBXProject section */
		6003F582195388D10070C39A /* Project object */ = {
			isa = PBXProject;
			attributes = {
				CLASSPREFIX = zh_;
				LastUpgradeCheck = 0830;
				ORGANIZATIONNAME = "snail-z";
				TargetAttributes = {
					6003F589195388D20070C39A = {
						DevelopmentTeam = 854W7RF9GY;
					};
					6003F5AD195388D20070C39A = {
						TestTargetID = 6003F589195388D20070C39A;
					};
				};
			};
			buildConfigurationList = 6003F585195388D10070C39A /* Build configuration list for PBXProject "zhPopupController" */;
			compatibilityVersion = "Xcode 3.2";
			developmentRegion = English;
			hasScannedForEncodings = 0;
			knownRegions = (
				en,
				Base,
			);
			mainGroup = 6003F581195388D10070C39A;
			productRefGroup = 6003F58B195388D20070C39A /* Products */;
			projectDirPath = "";
			projectRoot = "";
			targets = (
				6003F589195388D20070C39A /* zhPopupController_Example */,
				6003F5AD195388D20070C39A /* zhPopupController_Tests */,
			);
		};
/* End PBXProject section */

/* Begin PBXResourcesBuildPhase section */
		6003F588195388D20070C39A /* Resources */ = {
			isa = PBXResourcesBuildPhase;
			buildActionMask = 2147483647;
			files = (
				F2BD42E91F68E79F005AED6E /* loginuser@2x.png in Resources */,
				F2AB15F51F45C9DA003329E3 /* sheet_Verified@2x.png in Resources */,
				F2AB15F11F45C9DA003329E3 /* sheet_Refresh@2x.png in Resources */,
				F2AB15F61F45C9DA003329E3 /* sheet_Verified@3x.png in Resources */,
				F2BD42F41F68ED41005AED6E /* loginqq@3x.png in Resources */,
				F2AB160B1F45C9DA003329E3 /* sina_音乐.png in Resources */,
				F2AB15E91F45C9DA003329E3 /* sheet_Moments@2x.png in Resources */,
				873B8AEB1B1F5CCA007FD442 /* Main.storyboard in Resources */,
				F2AB15EB1F45C9DA003329E3 /* sheet_qq@2x.png in Resources */,
				F2BD43F01F6BE261005AED6E /* icon_revocation1@2x.png in Resources */,
				F2BD42F31F68ED41005AED6E /* loginqq@2x.png in Resources */,
				F2AB15FE1F45C9DA003329E3 /* sina_关闭.png in Resources */,
				F2AB15E61F45C9DA003329E3 /* sheet_Facebook@3x.png in Resources */,
				F2AB15D51F45C9DA003329E3 /* qzone_签到.png in Resources */,
				F20735121F659C6400C1A6A5 /* fire_arrow.png in Resources */,
				F2AB15F31F45C9DA003329E3 /* sheet_Share@2x.png in Resources */,
				F2BD42EA1F68E79F005AED6E /* loginuser@3x.png in Resources */,
				F2AB15DC1F45C9DA003329E3 /* shared_跳转.png in Resources */,
				71719F9F1E33DC2100824A3D /* LaunchScreen.storyboard in Resources */,
				F2AB15E71F45C9DA003329E3 /* sheet_Font@2x.png in Resources */,
				6003F5A9195388D20070C39A /* Images.xcassets in Resources */,
				F2BD43001F692BC0005AED6E /* sender@3x.png in Resources */,
				F2AB15E01F45C9DA003329E3 /* sheet_Complaint@3x.png in Resources */,
				F2BD42FF1F692BC0005AED6E /* sender@2x.png in Resources */,
				F2AB15D31F45C9DA003329E3 /* qzone_大头贴.png in Resources */,
				F2AB15F81F45C9DA003329E3 /* sidebar_settings.png in Resources */,
				F2AB15D71F45C9DA003329E3 /* qzone_说说.png in Resources */,
				F2AB15FB1F45C9DA003329E3 /* sidebar_消息中心.png in Resources */,
				F2BD42F51F68ED41005AED6E /* loginsina@2x.png in Resources */,
				F2BD42E71F68E79F005AED6E /* loginpswd@2x.png in Resources */,
				F2AB15F71F45C9DA003329E3 /* sidebar_NightMode.png in Resources */,
				F2AB15F91F45C9DA003329E3 /* sidebar_我的收藏.png in Resources */,
				F2AB16021F45C9DA003329E3 /* sina_文字.png in Resources */,
				F2AB15EC1F45C9DA003329E3 /* sheet_qq@3x.png in Resources */,
				F2AB16051F45C9DA003329E3 /* sina_照片视频.png in Resources */,
				F2AB15DA1F45C9DA003329E3 /* shared_新浪微博.png in Resources */,
				F2AB15DD1F45C9DA003329E3 /* sheet_Collection@2x.png in Resources */,
				F2AB15F01F45C9DA003329E3 /* sheet_qzone@3x.png in Resources */,
				F2AB16011F45C9DA003329E3 /* sina_好友圈.png in Resources */,
				F2AB15F21F45C9DA003329E3 /* sheet_Refresh@3x.png in Resources */,
				F2AB15EA1F45C9DA003329E3 /* sheet_Moments@3x.png in Resources */,
				F2AB15E41F45C9DA003329E3 /* sheet_CopyText@3x.png in Resources */,
				F2BD43ED1F6BD278005AED6E /* icon_select1@3x.png in Resources */,
				F2AB15EE1F45C9DA003329E3 /* sheet_qqbrowser@3x.png in Resources */,
				F2AB16081F45C9DA003329E3 /* sina_签到.png in Resources */,
				F2BD42FA1F68F045005AED6E /* loginback@3x.png in Resources */,
				F2AB15ED1F45C9DA003329E3 /* sheet_qqbrowser@2x.png in Resources */,
				F2AB16041F45C9DA003329E3 /* sina_点评.png in Resources */,
				F2AB15F41F45C9DA003329E3 /* sheet_Share@3x.png in Resources */,
				F2AB16001F45C9DA003329E3 /* sina_头条文章.png in Resources */,
				F2AB15DB1F45C9DA003329E3 /* shared_朋友圈.png in Resources */,
				F2AB16071F45C9DA003329E3 /* sina_秒拍.png in Resources */,
				F2AB15FC1F45C9DA003329E3 /* sidebar_离线阅读.png in Resources */,
				F2BD42E81F68E79F005AED6E /* loginpswd@3x.png in Resources */,
				F2BD42F91F68F045005AED6E /* loginback@2x.png in Resources */,
				F2AB15FA1F45C9DA003329E3 /* sidebar_我的故事.png in Resources */,
				F2AB15EF1F45C9DA003329E3 /* sheet_qzone@2x.png in Resources */,
				F2BD43EC1F6BD278005AED6E /* icon_select1@2x.png in Resources */,
				F2BD43F11F6BE261005AED6E /* icon_revocation1@3x.png in Resources */,
				F2AB15D81F45C9DA003329E3 /* shared_QQ好友.png in Resources */,
				F2AB15D91F45C9DA003329E3 /* shared_微信好友.png in Resources */,
				F2BD42F21F68ED41005AED6E /* loginfacebook@3x.png in Resources */,
				F2AB16031F45C9DA003329E3 /* sina_更多.png in Resources */,
				F2AB15D41F45C9DA003329E3 /* qzone_照片.png in Resources */,
				F2AB15DE1F45C9DA003329E3 /* sheet_Collection@3x.png in Resources */,
				F2AB15FF1F45C9DA003329E3 /* sina_商品.png in Resources */,
				F2BD42F61F68ED41005AED6E /* loginsina@3x.png in Resources */,
				F2AB160A1F45C9DA003329E3 /* sina_返回.png in Resources */,
				F2AB15E11F45C9DA003329E3 /* sheet_CopyLink@2x.png in Resources */,
				F2AB15DF1F45C9DA003329E3 /* sheet_Complaint@2x.png in Resources */,
				6003F598195388D20070C39A /* InfoPlist.strings in Resources */,
				F2AB16091F45C9DA003329E3 /* sina_红包.png in Resources */,
				F2AB15E81F45C9DA003329E3 /* sheet_Font@3x.png in Resources */,
				F2BD42F11F68ED41005AED6E /* loginfacebook@2x.png in Resources */,
				F2AB15E31F45C9DA003329E3 /* sheet_CopyText@2x.png in Resources */,
				F2AB16061F45C9DA003329E3 /* sina_直播.png in Resources */,
				F2AB15E51F45C9DA003329E3 /* sheet_Facebook@2x.png in Resources */,
				F2AB15FD1F45C9DA003329E3 /* sidebar_近期阅读.png in Resources */,
				F2AB15D61F45C9DA003329E3 /* qzone_视频.png in Resources */,
				F2AB15E21F45C9DA003329E3 /* sheet_CopyLink@3x.png in Resources */,
				F2AB15D21F45C9DA003329E3 /* qzone_close.png in Resources */,
			);
			runOnlyForDeploymentPostprocessing = 0;
		};
		6003F5AC195388D20070C39A /* Resources */ = {
			isa = PBXResourcesBuildPhase;
			buildActionMask = 2147483647;
			files = (
				6003F5BA195388D20070C39A /* InfoPlist.strings in Resources */,
			);
			runOnlyForDeploymentPostprocessing = 0;
		};
/* End PBXResourcesBuildPhase section */

/* Begin PBXShellScriptBuildPhase section */
		3BAC513E3AC07122FFD299B0 /* [CP] Check Pods Manifest.lock */ = {
			isa = PBXShellScriptBuildPhase;
			buildActionMask = 2147483647;
			files = (
			);
			inputPaths = (
				"${PODS_PODFILE_DIR_PATH}/Podfile.lock",
				"${PODS_ROOT}/Manifest.lock",
			);
			name = "[CP] Check Pods Manifest.lock";
			outputPaths = (
				"$(DERIVED_FILE_DIR)/Pods-zhPopupController_Example-checkManifestLockResult.txt",
			);
			runOnlyForDeploymentPostprocessing = 0;
			shellPath = /bin/sh;
			shellScript = "diff \"${PODS_PODFILE_DIR_PATH}/Podfile.lock\" \"${PODS_ROOT}/Manifest.lock\" > /dev/null\nif [ $? != 0 ] ; then\n    # print error to STDERR\n    echo \"error: The sandbox is not in sync with the Podfile.lock. Run 'pod install' or update your CocoaPods installation.\" >&2\n    exit 1\nfi\n# This output is used by Xcode 'outputs' to avoid re-running this script phase.\necho \"SUCCESS\" > \"${SCRIPT_OUTPUT_FILE_0}\"\n";
			showEnvVarsInLog = 0;
		};
		C2607F77219E18EBAB97D683 /* [CP] Embed Pods Frameworks */ = {
			isa = PBXShellScriptBuildPhase;
			buildActionMask = 2147483647;
			files = (
			);
			inputPaths = (
				"${SRCROOT}/Pods/Target Support Files/Pods-zhPopupController_Example/Pods-zhPopupController_Example-frameworks.sh",
				"${BUILT_PRODUCTS_DIR}/FBRetainCycleDetector/FBRetainCycleDetector.framework",
				"${BUILT_PRODUCTS_DIR}/MLeaksFinder/MLeaksFinder.framework",
				"${BUILT_PRODUCTS_DIR}/zhPopupController/zhPopupController.framework",
			);
			name = "[CP] Embed Pods Frameworks";
			outputPaths = (
				"${TARGET_BUILD_DIR}/${FRAMEWORKS_FOLDER_PATH}/FBRetainCycleDetector.framework",
				"${TARGET_BUILD_DIR}/${FRAMEWORKS_FOLDER_PATH}/MLeaksFinder.framework",
				"${TARGET_BUILD_DIR}/${FRAMEWORKS_FOLDER_PATH}/zhPopupController.framework",
			);
			runOnlyForDeploymentPostprocessing = 0;
			shellPath = /bin/sh;
			shellScript = "\"${SRCROOT}/Pods/Target Support Files/Pods-zhPopupController_Example/Pods-zhPopupController_Example-frameworks.sh\"\n";
			showEnvVarsInLog = 0;
		};
		DB925A7D65BDB64DDA944FE0 /* [CP] Copy Pods Resources */ = {
			isa = PBXShellScriptBuildPhase;
			buildActionMask = 2147483647;
			files = (
			);
			inputPaths = (
			);
			name = "[CP] Copy Pods Resources";
			outputPaths = (
			);
			runOnlyForDeploymentPostprocessing = 0;
			shellPath = /bin/sh;
			shellScript = "\"${SRCROOT}/Pods/Target Support Files/Pods-zhPopupController_Example/Pods-zhPopupController_Example-resources.sh\"\n";
			showEnvVarsInLog = 0;
		};
/* End PBXShellScriptBuildPhase section */

/* Begin PBXSourcesBuildPhase section */
		6003F586195388D20070C39A /* Sources */ = {
			isa = PBXSourcesBuildPhase;
			buildActionMask = 2147483647;
			files = (
				F2AB15891F45BF5A003329E3 /* NSObject+AssociatedObject.m in Sources */,
				F2AB158E1F45BF5A003329E3 /* UIScreen+Extend.m in Sources */,
				F2BD43E21F6BAC73005AED6E /* NSString+zh_SafeAccess.m in Sources */,
				F20735151F659FE200C1A6A5 /* UIViewController+zhStatusBarStyle.m in Sources */,
				F2AB15561F45B398003329E3 /* zh_ViewController+Extension.m in Sources */,
				F2AB158A1F45BF5A003329E3 /* UIAlertController+Extend.m in Sources */,
				F2AB158F1F45BF5A003329E3 /* UIView+AddConstraints.m in Sources */,
				F2AB15681F45BEFA003329E3 /* zhAlertView.m in Sources */,
				F2AB15881F45BF5A003329E3 /* NSDate+Extend.m in Sources */,
				F2BD43E51F6BC3BD005AED6E /* NSArray+zh_SafeAccess.m in Sources */,
				6003F59E195388D20070C39A /* zh_AppDelegate.m in Sources */,
				F2AB15911F45BF5A003329E3 /* UIView+Layout.m in Sources */,
				F2AB156B1F45BEFA003329E3 /* zhIconLabel.m in Sources */,
				F2AB158D1F45BF5A003329E3 /* UINavigationBar+BackgroundColor.m in Sources */,
				F2BD43DF1F6A5B3F005AED6E /* zhPickerView.m in Sources */,
				F2AB156F1F45BEFA003329E3 /* zhSidebarView.m in Sources */,
				F2AB15691F45BEFA003329E3 /* zhCurtainView.m in Sources */,
				6003F5A7195388D20070C39A /* zh_ViewController.m in Sources */,
				F2BD43DC1F6A51EB005AED6E /* zh_FirstViewController.m in Sources */,
				F207350C1F65983200C1A6A5 /* zhWallViewConfig.m in Sources */,
				F2BD43D91F6A51D7005AED6E /* NSObject+zh_CycleDetector.m in Sources */,
				6003F59A195388D20070C39A /* main.m in Sources */,
				F2AB158B1F45BF5A003329E3 /* UIColor+Extend.m in Sources */,
				F2AB158C1F45BF5A003329E3 /* UIImage+Color.m in Sources */,
				F2AB156A1F45BEFA003329E3 /* zhFullView.m in Sources */,
				F2AB15871F45BF5A003329E3 /* CALayer+Layout.m in Sources */,
				F207350F1F659AE500C1A6A5 /* zhOverflyView.m in Sources */,
				F207350B1F65983200C1A6A5 /* zhWallView.m in Sources */,
				F2BD42DE1F68D7BA005AED6E /* zh_KeyboardView.m in Sources */,
				F2AB15901F45BF5A003329E3 /* UIView+Dealloc.m in Sources */,
			);
			runOnlyForDeploymentPostprocessing = 0;
		};
		6003F5AA195388D20070C39A /* Sources */ = {
			isa = PBXSourcesBuildPhase;
			buildActionMask = 2147483647;
			files = (
				6003F5BC195388D20070C39A /* Tests.m in Sources */,
			);
			runOnlyForDeploymentPostprocessing = 0;
		};
/* End PBXSourcesBuildPhase section */

/* Begin PBXTargetDependency section */
		6003F5B4195388D20070C39A /* PBXTargetDependency */ = {
			isa = PBXTargetDependency;
			target = 6003F589195388D20070C39A /* zhPopupController_Example */;
			targetProxy = 6003F5B3195388D20070C39A /* PBXContainerItemProxy */;
		};
/* End PBXTargetDependency section */

/* Begin PBXVariantGroup section */
		6003F596195388D20070C39A /* InfoPlist.strings */ = {
			isa = PBXVariantGroup;
			children = (
				6003F597195388D20070C39A /* en */,
			);
			name = InfoPlist.strings;
			sourceTree = "<group>";
		};
		6003F5B8195388D20070C39A /* InfoPlist.strings */ = {
			isa = PBXVariantGroup;
			children = (
				6003F5B9195388D20070C39A /* en */,
			);
			name = InfoPlist.strings;
			sourceTree = "<group>";
		};
		71719F9D1E33DC2100824A3D /* LaunchScreen.storyboard */ = {
			isa = PBXVariantGroup;
			children = (
				71719F9E1E33DC2100824A3D /* Base */,
			);
			name = LaunchScreen.storyboard;
			sourceTree = "<group>";
		};
/* End PBXVariantGroup section */

/* Begin XCBuildConfiguration section */
		6003F5BD195388D20070C39A /* Debug */ = {
			isa = XCBuildConfiguration;
			buildSettings = {
				ALWAYS_SEARCH_USER_PATHS = NO;
				CLANG_CXX_LANGUAGE_STANDARD = "gnu++0x";
				CLANG_CXX_LIBRARY = "libc++";
				CLANG_ENABLE_MODULES = YES;
				CLANG_ENABLE_OBJC_ARC = YES;
				CLANG_WARN_BOOL_CONVERSION = YES;
				CLANG_WARN_CONSTANT_CONVERSION = YES;
				CLANG_WARN_DIRECT_OBJC_ISA_USAGE = YES_ERROR;
				CLANG_WARN_EMPTY_BODY = YES;
				CLANG_WARN_ENUM_CONVERSION = YES;
				CLANG_WARN_INFINITE_RECURSION = YES;
				CLANG_WARN_INT_CONVERSION = YES;
				CLANG_WARN_OBJC_ROOT_CLASS = YES_ERROR;
				CLANG_WARN_SUSPICIOUS_MOVE = YES;
				CLANG_WARN_UNREACHABLE_CODE = YES;
				CLANG_WARN__DUPLICATE_METHOD_MATCH = YES;
				"CODE_SIGN_IDENTITY[sdk=iphoneos*]" = "iPhone Developer";
				COPY_PHASE_STRIP = NO;
				ENABLE_STRICT_OBJC_MSGSEND = YES;
				ENABLE_TESTABILITY = YES;
				GCC_C_LANGUAGE_STANDARD = gnu99;
				GCC_DYNAMIC_NO_PIC = NO;
				GCC_NO_COMMON_BLOCKS = YES;
				GCC_OPTIMIZATION_LEVEL = 0;
				GCC_PREPROCESSOR_DEFINITIONS = (
					"DEBUG=1",
					"$(inherited)",
				);
				GCC_SYMBOLS_PRIVATE_EXTERN = NO;
				GCC_WARN_64_TO_32_BIT_CONVERSION = YES;
				GCC_WARN_ABOUT_RETURN_TYPE = YES_ERROR;
				GCC_WARN_UNDECLARED_SELECTOR = YES;
				GCC_WARN_UNINITIALIZED_AUTOS = YES_AGGRESSIVE;
				GCC_WARN_UNUSED_FUNCTION = YES;
				GCC_WARN_UNUSED_VARIABLE = YES;
				IPHONEOS_DEPLOYMENT_TARGET = 8.3;
				ONLY_ACTIVE_ARCH = YES;
				SDKROOT = iphoneos;
				TARGETED_DEVICE_FAMILY = "1,2";
			};
			name = Debug;
		};
		6003F5BE195388D20070C39A /* Release */ = {
			isa = XCBuildConfiguration;
			buildSettings = {
				ALWAYS_SEARCH_USER_PATHS = NO;
				CLANG_CXX_LANGUAGE_STANDARD = "gnu++0x";
				CLANG_CXX_LIBRARY = "libc++";
				CLANG_ENABLE_MODULES = YES;
				CLANG_ENABLE_OBJC_ARC = YES;
				CLANG_WARN_BOOL_CONVERSION = YES;
				CLANG_WARN_CONSTANT_CONVERSION = YES;
				CLANG_WARN_DIRECT_OBJC_ISA_USAGE = YES_ERROR;
				CLANG_WARN_EMPTY_BODY = YES;
				CLANG_WARN_ENUM_CONVERSION = YES;
				CLANG_WARN_INFINITE_RECURSION = YES;
				CLANG_WARN_INT_CONVERSION = YES;
				CLANG_WARN_OBJC_ROOT_CLASS = YES_ERROR;
				CLANG_WARN_SUSPICIOUS_MOVE = YES;
				CLANG_WARN_UNREACHABLE_CODE = YES;
				CLANG_WARN__DUPLICATE_METHOD_MATCH = YES;
				"CODE_SIGN_IDENTITY[sdk=iphoneos*]" = "iPhone Developer";
				COPY_PHASE_STRIP = YES;
				ENABLE_NS_ASSERTIONS = NO;
				ENABLE_STRICT_OBJC_MSGSEND = YES;
				GCC_C_LANGUAGE_STANDARD = gnu99;
				GCC_NO_COMMON_BLOCKS = YES;
				GCC_WARN_64_TO_32_BIT_CONVERSION = YES;
				GCC_WARN_ABOUT_RETURN_TYPE = YES_ERROR;
				GCC_WARN_UNDECLARED_SELECTOR = YES;
				GCC_WARN_UNINITIALIZED_AUTOS = YES_AGGRESSIVE;
				GCC_WARN_UNUSED_FUNCTION = YES;
				GCC_WARN_UNUSED_VARIABLE = YES;
				IPHONEOS_DEPLOYMENT_TARGET = 8.3;
				SDKROOT = iphoneos;
				TARGETED_DEVICE_FAMILY = "1,2";
				VALIDATE_PRODUCT = YES;
			};
			name = Release;
		};
		6003F5C0195388D20070C39A /* Debug */ = {
			isa = XCBuildConfiguration;
			baseConfigurationReference = 1DCB59CCCBBAA5DEA62B6DA1 /* Pods-zhPopupController_Example.debug.xcconfig */;
			buildSettings = {
				ASSETCATALOG_COMPILER_APPICON_NAME = AppIcon;
				DEVELOPMENT_TEAM = 854W7RF9GY;
				GCC_PRECOMPILE_PREFIX_HEADER = YES;
				GCC_PREFIX_HEADER = "zhPopupController/zhPopupController-Prefix.pch";
				INFOPLIST_FILE = "zhPopupController/zhPopupController-Info.plist";
				IPHONEOS_DEPLOYMENT_TARGET = 8.0;
				MODULE_NAME = ExampleApp;
				PRODUCT_BUNDLE_IDENTIFIER = "org.cocoapods.demo.${PRODUCT_NAME:rfc1034identifier}";
				PRODUCT_NAME = "$(TARGET_NAME)";
				WRAPPER_EXTENSION = app;
			};
			name = Debug;
		};
		6003F5C1195388D20070C39A /* Release */ = {
			isa = XCBuildConfiguration;
			baseConfigurationReference = 4800BB513ED7D2624C601ACC /* Pods-zhPopupController_Example.release.xcconfig */;
			buildSettings = {
				ASSETCATALOG_COMPILER_APPICON_NAME = AppIcon;
				DEVELOPMENT_TEAM = 854W7RF9GY;
				GCC_PRECOMPILE_PREFIX_HEADER = YES;
				GCC_PREFIX_HEADER = "zhPopupController/zhPopupController-Prefix.pch";
				INFOPLIST_FILE = "zhPopupController/zhPopupController-Info.plist";
				IPHONEOS_DEPLOYMENT_TARGET = 8.0;
				MODULE_NAME = ExampleApp;
				PRODUCT_BUNDLE_IDENTIFIER = "org.cocoapods.demo.${PRODUCT_NAME:rfc1034identifier}";
				PRODUCT_NAME = "$(TARGET_NAME)";
				WRAPPER_EXTENSION = app;
			};
			name = Release;
		};
		6003F5C3195388D20070C39A /* Debug */ = {
			isa = XCBuildConfiguration;
			buildSettings = {
				BUNDLE_LOADER = "$(TEST_HOST)";
				FRAMEWORK_SEARCH_PATHS = (
					"$(SDKROOT)/Developer/Library/Frameworks",
					"$(inherited)",
					"$(DEVELOPER_FRAMEWORKS_DIR)",
				);
				GCC_PRECOMPILE_PREFIX_HEADER = YES;
				GCC_PREFIX_HEADER = "Tests/Tests-Prefix.pch";
				GCC_PREPROCESSOR_DEFINITIONS = (
					"DEBUG=1",
					"$(inherited)",
				);
				INFOPLIST_FILE = "Tests/Tests-Info.plist";
				PRODUCT_BUNDLE_IDENTIFIER = "org.cocoapods.demo.${PRODUCT_NAME:rfc1034identifier}";
				PRODUCT_NAME = "$(TARGET_NAME)";
				TEST_HOST = "$(BUILT_PRODUCTS_DIR)/zhPopupController_Example.app/zhPopupController_Example";
				WRAPPER_EXTENSION = xctest;
			};
			name = Debug;
		};
		6003F5C4195388D20070C39A /* Release */ = {
			isa = XCBuildConfiguration;
			buildSettings = {
				BUNDLE_LOADER = "$(TEST_HOST)";
				FRAMEWORK_SEARCH_PATHS = (
					"$(SDKROOT)/Developer/Library/Frameworks",
					"$(inherited)",
					"$(DEVELOPER_FRAMEWORKS_DIR)",
				);
				GCC_PRECOMPILE_PREFIX_HEADER = YES;
				GCC_PREFIX_HEADER = "Tests/Tests-Prefix.pch";
				INFOPLIST_FILE = "Tests/Tests-Info.plist";
				PRODUCT_BUNDLE_IDENTIFIER = "org.cocoapods.demo.${PRODUCT_NAME:rfc1034identifier}";
				PRODUCT_NAME = "$(TARGET_NAME)";
				TEST_HOST = "$(BUILT_PRODUCTS_DIR)/zhPopupController_Example.app/zhPopupController_Example";
				WRAPPER_EXTENSION = xctest;
			};
			name = Release;
		};
/* End XCBuildConfiguration section */

/* Begin XCConfigurationList section */
		6003F585195388D10070C39A /* Build configuration list for PBXProject "zhPopupController" */ = {
			isa = XCConfigurationList;
			buildConfigurations = (
				6003F5BD195388D20070C39A /* Debug */,
				6003F5BE195388D20070C39A /* Release */,
			);
			defaultConfigurationIsVisible = 0;
			defaultConfigurationName = Release;
		};
		6003F5BF195388D20070C39A /* Build configuration list for PBXNativeTarget "zhPopupController_Example" */ = {
			isa = XCConfigurationList;
			buildConfigurations = (
				6003F5C0195388D20070C39A /* Debug */,
				6003F5C1195388D20070C39A /* Release */,
			);
			defaultConfigurationIsVisible = 0;
			defaultConfigurationName = Release;
		};
		6003F5C2195388D20070C39A /* Build configuration list for PBXNativeTarget "zhPopupController_Tests" */ = {
			isa = XCConfigurationList;
			buildConfigurations = (
				6003F5C3195388D20070C39A /* Debug */,
				6003F5C4195388D20070C39A /* Release */,
			);
			defaultConfigurationIsVisible = 0;
			defaultConfigurationName = Release;
		};
/* End XCConfigurationList section */
	};
	rootObject = 6003F582195388D10070C39A /* Project object */;
}
