// !$*UTF8*$!
{
	archiveVersion = 1;
	classes = {
	};
	objectVersion = 46;
	objects = {

/* Begin PBXBuildFile section */
		615058001E8DFEE10053F1F6 /* main.m in Sources */ = {isa = PBXBuildFile; fileRef = 615057FF1E8DFEE10053F1F6 /* main.m */; };
		615058031E8DFEE10053F1F6 /* AppDelegate.m in Sources */ = {isa = PBXBuildFile; fileRef = 615058021E8DFEE10053F1F6 /* AppDelegate.m */; };
		615058061E8DFEE10053F1F6 /* ViewController.m in Sources */ = {isa = PBXBuildFile; fileRef = 615058051E8DFEE10053F1F6 /* ViewController.m */; };
		615058091E8DFEE10053F1F6 /* Main.storyboard in Resources */ = {isa = PBXBuildFile; fileRef = 615058071E8DFEE10053F1F6 /* Main.storyboard */; };
		6150580B1E8DFEE10053F1F6 /* Assets.xcassets in Resources */ = {isa = PBXBuildFile; fileRef = 6150580A1E8DFEE10053F1F6 /* Assets.xcassets */; };
		6150580E1E8DFEE10053F1F6 /* LaunchScreen.storyboard in Resources */ = {isa = PBXBuildFile; fileRef = 6150580C1E8DFEE10053F1F6 /* LaunchScreen.storyboard */; };
		615058191E8DFEE10053F1F6 /* SnailPopupControllerDemoTests.m in Sources */ = {isa = PBXBuildFile; fileRef = 615058181E8DFEE10053F1F6 /* SnailPopupControllerDemoTests.m */; };
		615058241E8DFEE10053F1F6 /* SnailPopupControllerDemoUITests.m in Sources */ = {isa = PBXBuildFile; fileRef = 615058231E8DFEE10053F1F6 /* SnailPopupControllerDemoUITests.m */; };
		615058341E8DFF410053F1F6 /* SnailPopupController.m in Sources */ = {isa = PBXBuildFile; fileRef = 615058331E8DFF410053F1F6 /* SnailPopupController.m */; };
		615058381E8DFFF70053F1F6 /* SnailIconLabel.m in Sources */ = {isa = PBXBuildFile; fileRef = 615058371E8DFFF70053F1F6 /* SnailIconLabel.m */; };
		615058521E8E01E60053F1F6 /* SnailSidebarView.m in Sources */ = {isa = PBXBuildFile; fileRef = 615058511E8E01E60053F1F6 /* SnailSidebarView.m */; };
		615058551E8E0C3C0053F1F6 /* SnailCurtainView.m in Sources */ = {isa = PBXBuildFile; fileRef = 615058541E8E0C3C0053F1F6 /* SnailCurtainView.m */; };
		615058581E8E0CA20053F1F6 /* SnailFullView.m in Sources */ = {isa = PBXBuildFile; fileRef = 615058571E8E0CA20053F1F6 /* SnailFullView.m */; };
		6150585C1E8E0ECA0053F1F6 /* UINavigationBar+BackgroundColor.m in Sources */ = {isa = PBXBuildFile; fileRef = 6150585B1E8E0ECA0053F1F6 /* UINavigationBar+BackgroundColor.m */; };
		615058601E8E12780053F1F6 /* UIColor+Extend.m in Sources */ = {isa = PBXBuildFile; fileRef = 6150585F1E8E12780053F1F6 /* UIColor+Extend.m */; };
		615058631E8E2CAF0053F1F6 /* UIView+Layout.m in Sources */ = {isa = PBXBuildFile; fileRef = 615058621E8E2CAF0053F1F6 /* UIView+Layout.m */; };
		6150586C1E8E3C020053F1F6 /* NSObject+AssociatedObject.m in Sources */ = {isa = PBXBuildFile; fileRef = 6150586B1E8E3C020053F1F6 /* NSObject+AssociatedObject.m */; };
		615058751E8E795D0053F1F6 /* UIScreen+Extend.m in Sources */ = {isa = PBXBuildFile; fileRef = 615058741E8E795D0053F1F6 /* UIScreen+Extend.m */; };
		6150587B1E8EA4290053F1F6 /* CALayer+Layout.m in Sources */ = {isa = PBXBuildFile; fileRef = 6150587A1E8EA4290053F1F6 /* CALayer+Layout.m */; };
		6150587E1E8F45B90053F1F6 /* SnailAlertView.m in Sources */ = {isa = PBXBuildFile; fileRef = 6150587D1E8F45B90053F1F6 /* SnailAlertView.m */; };
		615058AC1E9358680053F1F6 /* UIImage+Color.m in Sources */ = {isa = PBXBuildFile; fileRef = 615058AB1E9358680053F1F6 /* UIImage+Color.m */; };
		61EDCBE21E95EDF700FC1321 /* UIView+AddConstraints.m in Sources */ = {isa = PBXBuildFile; fileRef = 61EDCBE11E95EDF700FC1321 /* UIView+AddConstraints.m */; };
		61EDCBE81E966B1D00FC1321 /* UIView+Dealloc.m in Sources */ = {isa = PBXBuildFile; fileRef = 61EDCBE71E966B1D00FC1321 /* UIView+Dealloc.m */; };
		61EDCBEF1E966D4800FC1321 /* SnailSheetCell.m in Sources */ = {isa = PBXBuildFile; fileRef = 61EDCBEA1E966D4800FC1321 /* SnailSheetCell.m */; };
		61EDCBF01E966D4800FC1321 /* SnailSheetView.m in Sources */ = {isa = PBXBuildFile; fileRef = 61EDCBEC1E966D4800FC1321 /* SnailSheetView.m */; };
		61EDCBF11E966D4800FC1321 /* SnailSheetViewConfig.m in Sources */ = {isa = PBXBuildFile; fileRef = 61EDCBEE1E966D4800FC1321 /* SnailSheetViewConfig.m */; };
		61F999B21E94C38E002C531B /* ViewController+Extension.m in Sources */ = {isa = PBXBuildFile; fileRef = 61F999B11E94C38E002C531B /* ViewController+Extension.m */; };
		61F999B51E95282B002C531B /* UIAlertController+Extend.m in Sources */ = {isa = PBXBuildFile; fileRef = 61F999B41E95282B002C531B /* UIAlertController+Extend.m */; };
		61F999BB1E9530D8002C531B /* NSDate+Extend.m in Sources */ = {isa = PBXBuildFile; fileRef = 61F999BA1E9530D8002C531B /* NSDate+Extend.m */; };
		ADDDE94ACCCA166D77EF6111 /* Pods_SnailPopupControllerDemo.framework in Frameworks */ = {isa = PBXBuildFile; fileRef = 3B084DCDC029F4BF2D6B3200 /* Pods_SnailPopupControllerDemo.framework */; };
/* End PBXBuildFile section */

/* Begin PBXContainerItemProxy section */
		615058151E8DFEE10053F1F6 /* PBXContainerItemProxy */ = {
			isa = PBXContainerItemProxy;
			containerPortal = 615057F31E8DFEE10053F1F6 /* Project object */;
			proxyType = 1;
			remoteGlobalIDString = 615057FA1E8DFEE10053F1F6;
			remoteInfo = SnailPopupControllerDemo;
		};
		615058201E8DFEE10053F1F6 /* PBXContainerItemProxy */ = {
			isa = PBXContainerItemProxy;
			containerPortal = 615057F31E8DFEE10053F1F6 /* Project object */;
			proxyType = 1;
			remoteGlobalIDString = 615057FA1E8DFEE10053F1F6;
			remoteInfo = SnailPopupControllerDemo;
		};
/* End PBXContainerItemProxy section */

/* Begin PBXFileReference section */
		3B084DCDC029F4BF2D6B3200 /* Pods_SnailPopupControllerDemo.framework */ = {isa = PBXFileReference; explicitFileType = wrapper.framework; includeInIndex = 0; path = Pods_SnailPopupControllerDemo.framework; sourceTree = BUILT_PRODUCTS_DIR; };
		615057FB1E8DFEE10053F1F6 /* SnailPopupControllerDemo.app */ = {isa = PBXFileReference; explicitFileType = wrapper.application; includeInIndex = 0; path = SnailPopupControllerDemo.app; sourceTree = BUILT_PRODUCTS_DIR; };
		615057FF1E8DFEE10053F1F6 /* main.m */ = {isa = PBXFileReference; lastKnownFileType = sourcecode.c.objc; path = main.m; sourceTree = "<group>"; };
		615058011E8DFEE10053F1F6 /* AppDelegate.h */ = {isa = PBXFileReference; lastKnownFileType = sourcecode.c.h; path = AppDelegate.h; sourceTree = "<group>"; };
		615058021E8DFEE10053F1F6 /* AppDelegate.m */ = {isa = PBXFileReference; lastKnownFileType = sourcecode.c.objc; path = AppDelegate.m; sourceTree = "<group>"; };
		615058041E8DFEE10053F1F6 /* ViewController.h */ = {isa = PBXFileReference; lastKnownFileType = sourcecode.c.h; path = ViewController.h; sourceTree = "<group>"; };
		615058051E8DFEE10053F1F6 /* ViewController.m */ = {isa = PBXFileReference; lastKnownFileType = sourcecode.c.objc; path = ViewController.m; sourceTree = "<group>"; };
		615058081E8DFEE10053F1F6 /* Base */ = {isa = PBXFileReference; lastKnownFileType = file.storyboard; name = Base; path = Base.lproj/Main.storyboard; sourceTree = "<group>"; };
		6150580A1E8DFEE10053F1F6 /* Assets.xcassets */ = {isa = PBXFileReference; lastKnownFileType = folder.assetcatalog; path = Assets.xcassets; sourceTree = "<group>"; };
		6150580D1E8DFEE10053F1F6 /* Base */ = {isa = PBXFileReference; lastKnownFileType = file.storyboard; name = Base; path = Base.lproj/LaunchScreen.storyboard; sourceTree = "<group>"; };
		6150580F1E8DFEE10053F1F6 /* Info.plist */ = {isa = PBXFileReference; lastKnownFileType = text.plist.xml; path = Info.plist; sourceTree = "<group>"; };
		615058141E8DFEE10053F1F6 /* SnailPopupControllerDemoTests.xctest */ = {isa = PBXFileReference; explicitFileType = wrapper.cfbundle; includeInIndex = 0; path = SnailPopupControllerDemoTests.xctest; sourceTree = BUILT_PRODUCTS_DIR; };
		615058181E8DFEE10053F1F6 /* SnailPopupControllerDemoTests.m */ = {isa = PBXFileReference; lastKnownFileType = sourcecode.c.objc; path = SnailPopupControllerDemoTests.m; sourceTree = "<group>"; };
		6150581A1E8DFEE10053F1F6 /* Info.plist */ = {isa = PBXFileReference; lastKnownFileType = text.plist.xml; path = Info.plist; sourceTree = "<group>"; };
		6150581F1E8DFEE10053F1F6 /* SnailPopupControllerDemoUITests.xctest */ = {isa = PBXFileReference; explicitFileType = wrapper.cfbundle; includeInIndex = 0; path = SnailPopupControllerDemoUITests.xctest; sourceTree = BUILT_PRODUCTS_DIR; };
		615058231E8DFEE10053F1F6 /* SnailPopupControllerDemoUITests.m */ = {isa = PBXFileReference; lastKnownFileType = sourcecode.c.objc; path = SnailPopupControllerDemoUITests.m; sourceTree = "<group>"; };
		615058251E8DFEE10053F1F6 /* Info.plist */ = {isa = PBXFileReference; lastKnownFileType = text.plist.xml; path = Info.plist; sourceTree = "<group>"; };
		615058321E8DFF410053F1F6 /* SnailPopupController.h */ = {isa = PBXFileReference; fileEncoding = 4; lastKnownFileType = sourcecode.c.h; path = SnailPopupController.h; sourceTree = "<group>"; };
		615058331E8DFF410053F1F6 /* SnailPopupController.m */ = {isa = PBXFileReference; fileEncoding = 4; lastKnownFileType = sourcecode.c.objc; path = SnailPopupController.m; sourceTree = "<group>"; };
		615058361E8DFFF70053F1F6 /* SnailIconLabel.h */ = {isa = PBXFileReference; fileEncoding = 4; lastKnownFileType = sourcecode.c.h; path = SnailIconLabel.h; sourceTree = "<group>"; };
		615058371E8DFFF70053F1F6 /* SnailIconLabel.m */ = {isa = PBXFileReference; fileEncoding = 4; lastKnownFileType = sourcecode.c.objc; path = SnailIconLabel.m; sourceTree = "<group>"; };
		615058501E8E01E60053F1F6 /* SnailSidebarView.h */ = {isa = PBXFileReference; fileEncoding = 4; lastKnownFileType = sourcecode.c.h; path = SnailSidebarView.h; sourceTree = "<group>"; };
		615058511E8E01E60053F1F6 /* SnailSidebarView.m */ = {isa = PBXFileReference; fileEncoding = 4; lastKnownFileType = sourcecode.c.objc; path = SnailSidebarView.m; sourceTree = "<group>"; };
		615058531E8E0C3C0053F1F6 /* SnailCurtainView.h */ = {isa = PBXFileReference; fileEncoding = 4; lastKnownFileType = sourcecode.c.h; path = SnailCurtainView.h; sourceTree = "<group>"; };
		615058541E8E0C3C0053F1F6 /* SnailCurtainView.m */ = {isa = PBXFileReference; fileEncoding = 4; lastKnownFileType = sourcecode.c.objc; path = SnailCurtainView.m; sourceTree = "<group>"; };
		615058561E8E0CA20053F1F6 /* SnailFullView.h */ = {isa = PBXFileReference; fileEncoding = 4; lastKnownFileType = sourcecode.c.h; path = SnailFullView.h; sourceTree = "<group>"; };
		615058571E8E0CA20053F1F6 /* SnailFullView.m */ = {isa = PBXFileReference; fileEncoding = 4; lastKnownFileType = sourcecode.c.objc; path = SnailFullView.m; sourceTree = "<group>"; };
		6150585A1E8E0ECA0053F1F6 /* UINavigationBar+BackgroundColor.h */ = {isa = PBXFileReference; fileEncoding = 4; lastKnownFileType = sourcecode.c.h; path = "UINavigationBar+BackgroundColor.h"; sourceTree = "<group>"; };
		6150585B1E8E0ECA0053F1F6 /* UINavigationBar+BackgroundColor.m */ = {isa = PBXFileReference; fileEncoding = 4; lastKnownFileType = sourcecode.c.objc; path = "UINavigationBar+BackgroundColor.m"; sourceTree = "<group>"; };
		6150585D1E8E0F6E0053F1F6 /* SnailPopupController_PrefixHeader.pch */ = {isa = PBXFileReference; fileEncoding = 4; lastKnownFileType = sourcecode.c.h; path = SnailPopupController_PrefixHeader.pch; sourceTree = "<group>"; };
		6150585E1E8E12780053F1F6 /* UIColor+Extend.h */ = {isa = PBXFileReference; fileEncoding = 4; lastKnownFileType = sourcecode.c.h; path = "UIColor+Extend.h"; sourceTree = "<group>"; };
		6150585F1E8E12780053F1F6 /* UIColor+Extend.m */ = {isa = PBXFileReference; fileEncoding = 4; lastKnownFileType = sourcecode.c.objc; path = "UIColor+Extend.m"; sourceTree = "<group>"; };
		615058611E8E2CAF0053F1F6 /* UIView+Layout.h */ = {isa = PBXFileReference; fileEncoding = 4; lastKnownFileType = sourcecode.c.h; path = "UIView+Layout.h"; sourceTree = "<group>"; };
		615058621E8E2CAF0053F1F6 /* UIView+Layout.m */ = {isa = PBXFileReference; fileEncoding = 4; lastKnownFileType = sourcecode.c.objc; path = "UIView+Layout.m"; sourceTree = "<group>"; };
		6150586A1E8E3C020053F1F6 /* NSObject+AssociatedObject.h */ = {isa = PBXFileReference; fileEncoding = 4; lastKnownFileType = sourcecode.c.h; path = "NSObject+AssociatedObject.h"; sourceTree = "<group>"; };
		6150586B1E8E3C020053F1F6 /* NSObject+AssociatedObject.m */ = {isa = PBXFileReference; fileEncoding = 4; lastKnownFileType = sourcecode.c.objc; path = "NSObject+AssociatedObject.m"; sourceTree = "<group>"; };
		615058731E8E795D0053F1F6 /* UIScreen+Extend.h */ = {isa = PBXFileReference; fileEncoding = 4; lastKnownFileType = sourcecode.c.h; path = "UIScreen+Extend.h"; sourceTree = "<group>"; };
		615058741E8E795D0053F1F6 /* UIScreen+Extend.m */ = {isa = PBXFileReference; fileEncoding = 4; lastKnownFileType = sourcecode.c.objc; path = "UIScreen+Extend.m"; sourceTree = "<group>"; };
		615058791E8EA4290053F1F6 /* CALayer+Layout.h */ = {isa = PBXFileReference; fileEncoding = 4; lastKnownFileType = sourcecode.c.h; path = "CALayer+Layout.h"; sourceTree = "<group>"; };
		6150587A1E8EA4290053F1F6 /* CALayer+Layout.m */ = {isa = PBXFileReference; fileEncoding = 4; lastKnownFileType = sourcecode.c.objc; path = "CALayer+Layout.m"; sourceTree = "<group>"; };
		6150587C1E8F45B90053F1F6 /* SnailAlertView.h */ = {isa = PBXFileReference; fileEncoding = 4; lastKnownFileType = sourcecode.c.h; path = SnailAlertView.h; sourceTree = "<group>"; };
		6150587D1E8F45B90053F1F6 /* SnailAlertView.m */ = {isa = PBXFileReference; fileEncoding = 4; lastKnownFileType = sourcecode.c.objc; path = SnailAlertView.m; sourceTree = "<group>"; };
		615058AA1E9358680053F1F6 /* UIImage+Color.h */ = {isa = PBXFileReference; fileEncoding = 4; lastKnownFileType = sourcecode.c.h; path = "UIImage+Color.h"; sourceTree = "<group>"; };
		615058AB1E9358680053F1F6 /* UIImage+Color.m */ = {isa = PBXFileReference; fileEncoding = 4; lastKnownFileType = sourcecode.c.objc; path = "UIImage+Color.m"; sourceTree = "<group>"; };
		616A84441F2C34915E886415 /* Pods-SnailPopupControllerDemo.debug.xcconfig */ = {isa = PBXFileReference; includeInIndex = 1; lastKnownFileType = text.xcconfig; name = "Pods-SnailPopupControllerDemo.debug.xcconfig"; path = "Pods/Target Support Files/Pods-SnailPopupControllerDemo/Pods-SnailPopupControllerDemo.debug.xcconfig"; sourceTree = "<group>"; };
		61EDCBE01E95EDF700FC1321 /* UIView+AddConstraints.h */ = {isa = PBXFileReference; fileEncoding = 4; lastKnownFileType = sourcecode.c.h; path = "UIView+AddConstraints.h"; sourceTree = "<group>"; };
		61EDCBE11E95EDF700FC1321 /* UIView+AddConstraints.m */ = {isa = PBXFileReference; fileEncoding = 4; lastKnownFileType = sourcecode.c.objc; path = "UIView+AddConstraints.m"; sourceTree = "<group>"; };
		61EDCBE61E966B1D00FC1321 /* UIView+Dealloc.h */ = {isa = PBXFileReference; fileEncoding = 4; lastKnownFileType = sourcecode.c.h; path = "UIView+Dealloc.h"; sourceTree = "<group>"; };
		61EDCBE71E966B1D00FC1321 /* UIView+Dealloc.m */ = {isa = PBXFileReference; fileEncoding = 4; lastKnownFileType = sourcecode.c.objc; path = "UIView+Dealloc.m"; sourceTree = "<group>"; };
		61EDCBE91E966D4800FC1321 /* SnailSheetCell.h */ = {isa = PBXFileReference; fileEncoding = 4; lastKnownFileType = sourcecode.c.h; path = SnailSheetCell.h; sourceTree = "<group>"; };
		61EDCBEA1E966D4800FC1321 /* SnailSheetCell.m */ = {isa = PBXFileReference; fileEncoding = 4; lastKnownFileType = sourcecode.c.objc; path = SnailSheetCell.m; sourceTree = "<group>"; };
		61EDCBEB1E966D4800FC1321 /* SnailSheetView.h */ = {isa = PBXFileReference; fileEncoding = 4; lastKnownFileType = sourcecode.c.h; path = SnailSheetView.h; sourceTree = "<group>"; };
		61EDCBEC1E966D4800FC1321 /* SnailSheetView.m */ = {isa = PBXFileReference; fileEncoding = 4; lastKnownFileType = sourcecode.c.objc; path = SnailSheetView.m; sourceTree = "<group>"; };
		61EDCBED1E966D4800FC1321 /* SnailSheetViewConfig.h */ = {isa = PBXFileReference; fileEncoding = 4; lastKnownFileType = sourcecode.c.h; path = SnailSheetViewConfig.h; sourceTree = "<group>"; };
		61EDCBEE1E966D4800FC1321 /* SnailSheetViewConfig.m */ = {isa = PBXFileReference; fileEncoding = 4; lastKnownFileType = sourcecode.c.objc; path = SnailSheetViewConfig.m; sourceTree = "<group>"; };
		61F999B01E94C38E002C531B /* ViewController+Extension.h */ = {isa = PBXFileReference; fileEncoding = 4; lastKnownFileType = sourcecode.c.h; path = "ViewController+Extension.h"; sourceTree = "<group>"; };
		61F999B11E94C38E002C531B /* ViewController+Extension.m */ = {isa = PBXFileReference; fileEncoding = 4; lastKnownFileType = sourcecode.c.objc; path = "ViewController+Extension.m"; sourceTree = "<group>"; };
		61F999B31E95282B002C531B /* UIAlertController+Extend.h */ = {isa = PBXFileReference; fileEncoding = 4; lastKnownFileType = sourcecode.c.h; path = "UIAlertController+Extend.h"; sourceTree = "<group>"; };
		61F999B41E95282B002C531B /* UIAlertController+Extend.m */ = {isa = PBXFileReference; fileEncoding = 4; lastKnownFileType = sourcecode.c.objc; path = "UIAlertController+Extend.m"; sourceTree = "<group>"; };
		61F999B91E9530D8002C531B /* NSDate+Extend.h */ = {isa = PBXFileReference; fileEncoding = 4; lastKnownFileType = sourcecode.c.h; path = "NSDate+Extend.h"; sourceTree = "<group>"; };
		61F999BA1E9530D8002C531B /* NSDate+Extend.m */ = {isa = PBXFileReference; fileEncoding = 4; lastKnownFileType = sourcecode.c.objc; path = "NSDate+Extend.m"; sourceTree = "<group>"; };
		766CFAC751C33EC9845B75F0 /* Pods-SnailPopupControllerDemo.release.xcconfig */ = {isa = PBXFileReference; includeInIndex = 1; lastKnownFileType = text.xcconfig; name = "Pods-SnailPopupControllerDemo.release.xcconfig"; path = "Pods/Target Support Files/Pods-SnailPopupControllerDemo/Pods-SnailPopupControllerDemo.release.xcconfig"; sourceTree = "<group>"; };
/* End PBXFileReference section */

/* Begin PBXFrameworksBuildPhase section */
		615057F81E8DFEE10053F1F6 /* Frameworks */ = {
			isa = PBXFrameworksBuildPhase;
			buildActionMask = 2147483647;
			files = (
				ADDDE94ACCCA166D77EF6111 /* Pods_SnailPopupControllerDemo.framework in Frameworks */,
			);
			runOnlyForDeploymentPostprocessing = 0;
		};
		615058111E8DFEE10053F1F6 /* Frameworks */ = {
			isa = PBXFrameworksBuildPhase;
			buildActionMask = 2147483647;
			files = (
			);
			runOnlyForDeploymentPostprocessing = 0;
		};
		6150581C1E8DFEE10053F1F6 /* Frameworks */ = {
			isa = PBXFrameworksBuildPhase;
			buildActionMask = 2147483647;
			files = (
			);
			runOnlyForDeploymentPostprocessing = 0;
		};
/* End PBXFrameworksBuildPhase section */

/* Begin PBXGroup section */
		0569578E0E23ED292D24FDC2 /* Pods */ = {
			isa = PBXGroup;
			children = (
				616A84441F2C34915E886415 /* Pods-SnailPopupControllerDemo.debug.xcconfig */,
				766CFAC751C33EC9845B75F0 /* Pods-SnailPopupControllerDemo.release.xcconfig */,
			);
			name = Pods;
			sourceTree = "<group>";
		};
		615057F21E8DFEE10053F1F6 = {
			isa = PBXGroup;
			children = (
				615058311E8DFF410053F1F6 /* SnailPopupController */,
				615058351E8DFFBA0053F1F6 /* Classes */,
				615057FD1E8DFEE10053F1F6 /* SnailPopupControllerDemo */,
				615058591E8E0EB10053F1F6 /* Utilities */,
				615058171E8DFEE10053F1F6 /* SnailPopupControllerDemoTests */,
				615058221E8DFEE10053F1F6 /* SnailPopupControllerDemoUITests */,
				615057FC1E8DFEE10053F1F6 /* Products */,
				0569578E0E23ED292D24FDC2 /* Pods */,
				B2776085383DCC996F9BF37B /* Frameworks */,
			);
			sourceTree = "<group>";
		};
		615057FC1E8DFEE10053F1F6 /* Products */ = {
			isa = PBXGroup;
			children = (
				615057FB1E8DFEE10053F1F6 /* SnailPopupControllerDemo.app */,
				615058141E8DFEE10053F1F6 /* SnailPopupControllerDemoTests.xctest */,
				6150581F1E8DFEE10053F1F6 /* SnailPopupControllerDemoUITests.xctest */,
			);
			name = Products;
			sourceTree = "<group>";
		};
		615057FD1E8DFEE10053F1F6 /* SnailPopupControllerDemo */ = {
			isa = PBXGroup;
			children = (
				615058011E8DFEE10053F1F6 /* AppDelegate.h */,
				615058021E8DFEE10053F1F6 /* AppDelegate.m */,
				615058041E8DFEE10053F1F6 /* ViewController.h */,
				615058051E8DFEE10053F1F6 /* ViewController.m */,
				61F999B01E94C38E002C531B /* ViewController+Extension.h */,
				61F999B11E94C38E002C531B /* ViewController+Extension.m */,
				615058071E8DFEE10053F1F6 /* Main.storyboard */,
				6150580A1E8DFEE10053F1F6 /* Assets.xcassets */,
				6150580C1E8DFEE10053F1F6 /* LaunchScreen.storyboard */,
				6150580F1E8DFEE10053F1F6 /* Info.plist */,
				615057FE1E8DFEE10053F1F6 /* Supporting Files */,
			);
			path = SnailPopupControllerDemo;
			sourceTree = "<group>";
		};
		615057FE1E8DFEE10053F1F6 /* Supporting Files */ = {
			isa = PBXGroup;
			children = (
				615057FF1E8DFEE10053F1F6 /* main.m */,
				6150585D1E8E0F6E0053F1F6 /* SnailPopupController_PrefixHeader.pch */,
			);
			name = "Supporting Files";
			sourceTree = "<group>";
		};
		615058171E8DFEE10053F1F6 /* SnailPopupControllerDemoTests */ = {
			isa = PBXGroup;
			children = (
				615058181E8DFEE10053F1F6 /* SnailPopupControllerDemoTests.m */,
				6150581A1E8DFEE10053F1F6 /* Info.plist */,
			);
			path = SnailPopupControllerDemoTests;
			sourceTree = "<group>";
		};
		615058221E8DFEE10053F1F6 /* SnailPopupControllerDemoUITests */ = {
			isa = PBXGroup;
			children = (
				615058231E8DFEE10053F1F6 /* SnailPopupControllerDemoUITests.m */,
				615058251E8DFEE10053F1F6 /* Info.plist */,
			);
			path = SnailPopupControllerDemoUITests;
			sourceTree = "<group>";
		};
		615058311E8DFF410053F1F6 /* SnailPopupController */ = {
			isa = PBXGroup;
			children = (
				615058321E8DFF410053F1F6 /* SnailPopupController.h */,
				615058331E8DFF410053F1F6 /* SnailPopupController.m */,
			);
			path = SnailPopupController;
			sourceTree = "<group>";
		};
		615058351E8DFFBA0053F1F6 /* Classes */ = {
			isa = PBXGroup;
			children = (
				615058361E8DFFF70053F1F6 /* SnailIconLabel.h */,
				615058371E8DFFF70053F1F6 /* SnailIconLabel.m */,
				6150587C1E8F45B90053F1F6 /* SnailAlertView.h */,
				6150587D1E8F45B90053F1F6 /* SnailAlertView.m */,
				615058531E8E0C3C0053F1F6 /* SnailCurtainView.h */,
				615058541E8E0C3C0053F1F6 /* SnailCurtainView.m */,
				615058501E8E01E60053F1F6 /* SnailSidebarView.h */,
				615058511E8E01E60053F1F6 /* SnailSidebarView.m */,
				615058561E8E0CA20053F1F6 /* SnailFullView.h */,
				615058571E8E0CA20053F1F6 /* SnailFullView.m */,
				61EDCBEB1E966D4800FC1321 /* SnailSheetView.h */,
				61EDCBEC1E966D4800FC1321 /* SnailSheetView.m */,
				61EDCBE91E966D4800FC1321 /* SnailSheetCell.h */,
				61EDCBEA1E966D4800FC1321 /* SnailSheetCell.m */,
				61EDCBED1E966D4800FC1321 /* SnailSheetViewConfig.h */,
				61EDCBEE1E966D4800FC1321 /* SnailSheetViewConfig.m */,
			);
			name = Classes;
			path = SnailPopupControllerDemo/Classes;
			sourceTree = "<group>";
		};
		615058591E8E0EB10053F1F6 /* Utilities */ = {
			isa = PBXGroup;
			children = (
				61F999B91E9530D8002C531B /* NSDate+Extend.h */,
				61F999BA1E9530D8002C531B /* NSDate+Extend.m */,
				6150586A1E8E3C020053F1F6 /* NSObject+AssociatedObject.h */,
				6150586B1E8E3C020053F1F6 /* NSObject+AssociatedObject.m */,
				615058731E8E795D0053F1F6 /* UIScreen+Extend.h */,
				615058741E8E795D0053F1F6 /* UIScreen+Extend.m */,
				6150585E1E8E12780053F1F6 /* UIColor+Extend.h */,
				6150585F1E8E12780053F1F6 /* UIColor+Extend.m */,
				615058AA1E9358680053F1F6 /* UIImage+Color.h */,
				615058AB1E9358680053F1F6 /* UIImage+Color.m */,
				6150585A1E8E0ECA0053F1F6 /* UINavigationBar+BackgroundColor.h */,
				6150585B1E8E0ECA0053F1F6 /* UINavigationBar+BackgroundColor.m */,
				615058611E8E2CAF0053F1F6 /* UIView+Layout.h */,
				615058621E8E2CAF0053F1F6 /* UIView+Layout.m */,
				615058791E8EA4290053F1F6 /* CALayer+Layout.h */,
				6150587A1E8EA4290053F1F6 /* CALayer+Layout.m */,
				61F999B31E95282B002C531B /* UIAlertController+Extend.h */,
				61F999B41E95282B002C531B /* UIAlertController+Extend.m */,
				61EDCBE01E95EDF700FC1321 /* UIView+AddConstraints.h */,
				61EDCBE11E95EDF700FC1321 /* UIView+AddConstraints.m */,
				61EDCBE61E966B1D00FC1321 /* UIView+Dealloc.h */,
				61EDCBE71E966B1D00FC1321 /* UIView+Dealloc.m */,
			);
			name = Utilities;
			path = SnailPopupControllerDemo/Utilities;
			sourceTree = "<group>";
		};
		B2776085383DCC996F9BF37B /* Frameworks */ = {
			isa = PBXGroup;
			children = (
				3B084DCDC029F4BF2D6B3200 /* Pods_SnailPopupControllerDemo.framework */,
			);
			name = Frameworks;
			sourceTree = "<group>";
		};
/* End PBXGroup section */

/* Begin PBXNativeTarget section */
		615057FA1E8DFEE10053F1F6 /* SnailPopupControllerDemo */ = {
			isa = PBXNativeTarget;
			buildConfigurationList = 615058281E8DFEE10053F1F6 /* Build configuration list for PBXNativeTarget "SnailPopupControllerDemo" */;
			buildPhases = (
				677053E09896BF343EF38DDE /* [CP] Check Pods Manifest.lock */,
				615057F71E8DFEE10053F1F6 /* Sources */,
				615057F81E8DFEE10053F1F6 /* Frameworks */,
				615057F91E8DFEE10053F1F6 /* Resources */,
				10A12FE48A913DBAD2C28790 /* [CP] Embed Pods Frameworks */,
				1BC7DB3E9EAFEB47EC8E7421 /* [CP] Copy Pods Resources */,
			);
			buildRules = (
			);
			dependencies = (
			);
			name = SnailPopupControllerDemo;
			productName = SnailPopupControllerDemo;
			productReference = 615057FB1E8DFEE10053F1F6 /* SnailPopupControllerDemo.app */;
			productType = "com.apple.product-type.application";
		};
		615058131E8DFEE10053F1F6 /* SnailPopupControllerDemoTests */ = {
			isa = PBXNativeTarget;
			buildConfigurationList = 6150582B1E8DFEE10053F1F6 /* Build configuration list for PBXNativeTarget "SnailPopupControllerDemoTests" */;
			buildPhases = (
				615058101E8DFEE10053F1F6 /* Sources */,
				615058111E8DFEE10053F1F6 /* Frameworks */,
				615058121E8DFEE10053F1F6 /* Resources */,
			);
			buildRules = (
			);
			dependencies = (
				615058161E8DFEE10053F1F6 /* PBXTargetDependency */,
			);
			name = SnailPopupControllerDemoTests;
			productName = SnailPopupControllerDemoTests;
			productReference = 615058141E8DFEE10053F1F6 /* SnailPopupControllerDemoTests.xctest */;
			productType = "com.apple.product-type.bundle.unit-test";
		};
		6150581E1E8DFEE10053F1F6 /* SnailPopupControllerDemoUITests */ = {
			isa = PBXNativeTarget;
			buildConfigurationList = 6150582E1E8DFEE10053F1F6 /* Build configuration list for PBXNativeTarget "SnailPopupControllerDemoUITests" */;
			buildPhases = (
				6150581B1E8DFEE10053F1F6 /* Sources */,
				6150581C1E8DFEE10053F1F6 /* Frameworks */,
				6150581D1E8DFEE10053F1F6 /* Resources */,
			);
			buildRules = (
			);
			dependencies = (
				615058211E8DFEE10053F1F6 /* PBXTargetDependency */,
			);
			name = SnailPopupControllerDemoUITests;
			productName = SnailPopupControllerDemoUITests;
			productReference = 6150581F1E8DFEE10053F1F6 /* SnailPopupControllerDemoUITests.xctest */;
			productType = "com.apple.product-type.bundle.ui-testing";
		};
/* End PBXNativeTarget section */

/* Begin PBXProject section */
		615057F31E8DFEE10053F1F6 /* Project object */ = {
			isa = PBXProject;
			attributes = {
				LastUpgradeCheck = 0830;
				ORGANIZATIONNAME = zhanghao;
				TargetAttributes = {
					615057FA1E8DFEE10053F1F6 = {
						CreatedOnToolsVersion = 8.3;
						DevelopmentTeam = 536C654M9L;
						ProvisioningStyle = Automatic;
					};
					615058131E8DFEE10053F1F6 = {
						CreatedOnToolsVersion = 8.3;
						ProvisioningStyle = Automatic;
						TestTargetID = 615057FA1E8DFEE10053F1F6;
					};
					6150581E1E8DFEE10053F1F6 = {
						CreatedOnToolsVersion = 8.3;
						ProvisioningStyle = Automatic;
						TestTargetID = 615057FA1E8DFEE10053F1F6;
					};
				};
			};
			buildConfigurationList = 615057F61E8DFEE10053F1F6 /* Build configuration list for PBXProject "SnailPopupControllerDemo" */;
			compatibilityVersion = "Xcode 3.2";
			developmentRegion = English;
			hasScannedForEncodings = 0;
			knownRegions = (
				en,
				Base,
			);
			mainGroup = 615057F21E8DFEE10053F1F6;
			productRefGroup = 615057FC1E8DFEE10053F1F6 /* Products */;
			projectDirPath = "";
			projectRoot = "";
			targets = (
				615057FA1E8DFEE10053F1F6 /* SnailPopupControllerDemo */,
				615058131E8DFEE10053F1F6 /* SnailPopupControllerDemoTests */,
				6150581E1E8DFEE10053F1F6 /* SnailPopupControllerDemoUITests */,
			);
		};
/* End PBXProject section */

/* Begin PBXResourcesBuildPhase section */
		615057F91E8DFEE10053F1F6 /* Resources */ = {
			isa = PBXResourcesBuildPhase;
			buildActionMask = 2147483647;
			files = (
				6150580E1E8DFEE10053F1F6 /* LaunchScreen.storyboard in Resources */,
				6150580B1E8DFEE10053F1F6 /* Assets.xcassets in Resources */,
				615058091E8DFEE10053F1F6 /* Main.storyboard in Resources */,
			);
			runOnlyForDeploymentPostprocessing = 0;
		};
		615058121E8DFEE10053F1F6 /* Resources */ = {
			isa = PBXResourcesBuildPhase;
			buildActionMask = 2147483647;
			files = (
			);
			runOnlyForDeploymentPostprocessing = 0;
		};
		6150581D1E8DFEE10053F1F6 /* Resources */ = {
			isa = PBXResourcesBuildPhase;
			buildActionMask = 2147483647;
			files = (
			);
			runOnlyForDeploymentPostprocessing = 0;
		};
/* End PBXResourcesBuildPhase section */

/* Begin PBXShellScriptBuildPhase section */
		10A12FE48A913DBAD2C28790 /* [CP] Embed Pods Frameworks */ = {
			isa = PBXShellScriptBuildPhase;
			buildActionMask = 2147483647;
			files = (
			);
			inputPaths = (
			);
			name = "[CP] Embed Pods Frameworks";
			outputPaths = (
			);
			runOnlyForDeploymentPostprocessing = 0;
			shellPath = /bin/sh;
			shellScript = "\"${SRCROOT}/Pods/Target Support Files/Pods-SnailPopupControllerDemo/Pods-SnailPopupControllerDemo-frameworks.sh\"\n";
			showEnvVarsInLog = 0;
		};
		1BC7DB3E9EAFEB47EC8E7421 /* [CP] Copy Pods Resources */ = {
			isa = PBXShellScriptBuildPhase;
			buildActionMask = 2147483647;
			files = (
			);
			inputPaths = (
			);
			name = "[CP] Copy Pods Resources";
			outputPaths = (
			);
			runOnlyForDeploymentPostprocessing = 0;
			shellPath = /bin/sh;
			shellScript = "\"${SRCROOT}/Pods/Target Support Files/Pods-SnailPopupControllerDemo/Pods-SnailPopupControllerDemo-resources.sh\"\n";
			showEnvVarsInLog = 0;
		};
		677053E09896BF343EF38DDE /* [CP] Check Pods Manifest.lock */ = {
			isa = PBXShellScriptBuildPhase;
			buildActionMask = 2147483647;
			files = (
			);
			inputPaths = (
			);
			name = "[CP] Check Pods Manifest.lock";
			outputPaths = (
			);
			runOnlyForDeploymentPostprocessing = 0;
			shellPath = /bin/sh;
			shellScript = "diff \"${PODS_PODFILE_DIR_PATH}/Podfile.lock\" \"${PODS_ROOT}/Manifest.lock\" > /dev/null\nif [ $? != 0 ] ; then\n    # print error to STDERR\n    echo \"error: The sandbox is not in sync with the Podfile.lock. Run 'pod install' or update your CocoaPods installation.\" >&2\n    exit 1\nfi\n";
			showEnvVarsInLog = 0;
		};
/* End PBXShellScriptBuildPhase section */

/* Begin PBXSourcesBuildPhase section */
		615057F71E8DFEE10053F1F6 /* Sources */ = {
			isa = PBXSourcesBuildPhase;
			buildActionMask = 2147483647;
			files = (
				615058341E8DFF410053F1F6 /* SnailPopupController.m in Sources */,
				615058521E8E01E60053F1F6 /* SnailSidebarView.m in Sources */,
				61F999B21E94C38E002C531B /* ViewController+Extension.m in Sources */,
				615058381E8DFFF70053F1F6 /* SnailIconLabel.m in Sources */,
				6150585C1E8E0ECA0053F1F6 /* UINavigationBar+BackgroundColor.m in Sources */,
				61F999B51E95282B002C531B /* UIAlertController+Extend.m in Sources */,
				615058061E8DFEE10053F1F6 /* ViewController.m in Sources */,
				61EDCBEF1E966D4800FC1321 /* SnailSheetCell.m in Sources */,
				6150587E1E8F45B90053F1F6 /* SnailAlertView.m in Sources */,
				6150587B1E8EA4290053F1F6 /* CALayer+Layout.m in Sources */,
				61EDCBF11E966D4800FC1321 /* SnailSheetViewConfig.m in Sources */,
				61EDCBE81E966B1D00FC1321 /* UIView+Dealloc.m in Sources */,
				615058031E8DFEE10053F1F6 /* AppDelegate.m in Sources */,
				615058581E8E0CA20053F1F6 /* SnailFullView.m in Sources */,
				61EDCBF01E966D4800FC1321 /* SnailSheetView.m in Sources */,
				61EDCBE21E95EDF700FC1321 /* UIView+AddConstraints.m in Sources */,
				615058751E8E795D0053F1F6 /* UIScreen+Extend.m in Sources */,
				6150586C1E8E3C020053F1F6 /* NSObject+AssociatedObject.m in Sources */,
				615058551E8E0C3C0053F1F6 /* SnailCurtainView.m in Sources */,
				615058631E8E2CAF0053F1F6 /* UIView+Layout.m in Sources */,
				61F999BB1E9530D8002C531B /* NSDate+Extend.m in Sources */,
				615058AC1E9358680053F1F6 /* UIImage+Color.m in Sources */,
				615058001E8DFEE10053F1F6 /* main.m in Sources */,
				615058601E8E12780053F1F6 /* UIColor+Extend.m in Sources */,
			);
			runOnlyForDeploymentPostprocessing = 0;
		};
		615058101E8DFEE10053F1F6 /* Sources */ = {
			isa = PBXSourcesBuildPhase;
			buildActionMask = 2147483647;
			files = (
				615058191E8DFEE10053F1F6 /* SnailPopupControllerDemoTests.m in Sources */,
			);
			runOnlyForDeploymentPostprocessing = 0;
		};
		6150581B1E8DFEE10053F1F6 /* Sources */ = {
			isa = PBXSourcesBuildPhase;
			buildActionMask = 2147483647;
			files = (
				615058241E8DFEE10053F1F6 /* SnailPopupControllerDemoUITests.m in Sources */,
			);
			runOnlyForDeploymentPostprocessing = 0;
		};
/* End PBXSourcesBuildPhase section */

/* Begin PBXTargetDependency section */
		615058161E8DFEE10053F1F6 /* PBXTargetDependency */ = {
			isa = PBXTargetDependency;
			target = 615057FA1E8DFEE10053F1F6 /* SnailPopupControllerDemo */;
			targetProxy = 615058151E8DFEE10053F1F6 /* PBXContainerItemProxy */;
		};
		615058211E8DFEE10053F1F6 /* PBXTargetDependency */ = {
			isa = PBXTargetDependency;
			target = 615057FA1E8DFEE10053F1F6 /* SnailPopupControllerDemo */;
			targetProxy = 615058201E8DFEE10053F1F6 /* PBXContainerItemProxy */;
		};
/* End PBXTargetDependency section */

/* Begin PBXVariantGroup section */
		615058071E8DFEE10053F1F6 /* Main.storyboard */ = {
			isa = PBXVariantGroup;
			children = (
				615058081E8DFEE10053F1F6 /* Base */,
			);
			name = Main.storyboard;
			sourceTree = "<group>";
		};
		6150580C1E8DFEE10053F1F6 /* LaunchScreen.storyboard */ = {
			isa = PBXVariantGroup;
			children = (
				6150580D1E8DFEE10053F1F6 /* Base */,
			);
			name = LaunchScreen.storyboard;
			sourceTree = "<group>";
		};
/* End PBXVariantGroup section */

/* Begin XCBuildConfiguration section */
		615058261E8DFEE10053F1F6 /* Debug */ = {
			isa = XCBuildConfiguration;
			buildSettings = {
				ALWAYS_SEARCH_USER_PATHS = NO;
				CLANG_ANALYZER_NONNULL = YES;
				CLANG_ANALYZER_NUMBER_OBJECT_CONVERSION = YES_AGGRESSIVE;
				CLANG_CXX_LANGUAGE_STANDARD = "gnu++0x";
				CLANG_CXX_LIBRARY = "libc++";
				CLANG_ENABLE_MODULES = YES;
				CLANG_ENABLE_OBJC_ARC = YES;
				CLANG_WARN_BOOL_CONVERSION = YES;
				CLANG_WARN_CONSTANT_CONVERSION = YES;
				CLANG_WARN_DIRECT_OBJC_ISA_USAGE = YES_ERROR;
				CLANG_WARN_DOCUMENTATION_COMMENTS = YES;
				CLANG_WARN_EMPTY_BODY = YES;
				CLANG_WARN_ENUM_CONVERSION = YES;
				CLANG_WARN_INFINITE_RECURSION = YES;
				CLANG_WARN_INT_CONVERSION = YES;
				CLANG_WARN_OBJC_ROOT_CLASS = YES_ERROR;
				CLANG_WARN_SUSPICIOUS_MOVE = YES;
				CLANG_WARN_UNREACHABLE_CODE = YES;
				CLANG_WARN__DUPLICATE_METHOD_MATCH = YES;
				"CODE_SIGN_IDENTITY[sdk=iphoneos*]" = "iPhone Developer";
				COPY_PHASE_STRIP = NO;
				DEBUG_INFORMATION_FORMAT = dwarf;
				ENABLE_STRICT_OBJC_MSGSEND = YES;
				ENABLE_TESTABILITY = YES;
				GCC_C_LANGUAGE_STANDARD = gnu99;
				GCC_DYNAMIC_NO_PIC = NO;
				GCC_NO_COMMON_BLOCKS = YES;
				GCC_OPTIMIZATION_LEVEL = 0;
				GCC_PREPROCESSOR_DEFINITIONS = (
					"DEBUG=1",
					"$(inherited)",
				);
				GCC_WARN_64_TO_32_BIT_CONVERSION = YES;
				GCC_WARN_ABOUT_RETURN_TYPE = YES_ERROR;
				GCC_WARN_UNDECLARED_SELECTOR = YES;
				GCC_WARN_UNINITIALIZED_AUTOS = YES_AGGRESSIVE;
				GCC_WARN_UNUSED_FUNCTION = YES;
				GCC_WARN_UNUSED_VARIABLE = YES;
				IPHONEOS_DEPLOYMENT_TARGET = 10.3;
				MTL_ENABLE_DEBUG_INFO = YES;
				ONLY_ACTIVE_ARCH = YES;
				SDKROOT = iphoneos;
				TARGETED_DEVICE_FAMILY = "1,2";
			};
			name = Debug;
		};
		615058271E8DFEE10053F1F6 /* Release */ = {
			isa = XCBuildConfiguration;
			buildSettings = {
				ALWAYS_SEARCH_USER_PATHS = NO;
				CLANG_ANALYZER_NONNULL = YES;
				CLANG_ANALYZER_NUMBER_OBJECT_CONVERSION = YES_AGGRESSIVE;
				CLANG_CXX_LANGUAGE_STANDARD = "gnu++0x";
				CLANG_CXX_LIBRARY = "libc++";
				CLANG_ENABLE_MODULES = YES;
				CLANG_ENABLE_OBJC_ARC = YES;
				CLANG_WARN_BOOL_CONVERSION = YES;
				CLANG_WARN_CONSTANT_CONVERSION = YES;
				CLANG_WARN_DIRECT_OBJC_ISA_USAGE = YES_ERROR;
				CLANG_WARN_DOCUMENTATION_COMMENTS = YES;
				CLANG_WARN_EMPTY_BODY = YES;
				CLANG_WARN_ENUM_CONVERSION = YES;
				CLANG_WARN_INFINITE_RECURSION = YES;
				CLANG_WARN_INT_CONVERSION = YES;
				CLANG_WARN_OBJC_ROOT_CLASS = YES_ERROR;
				CLANG_WARN_SUSPICIOUS_MOVE = YES;
				CLANG_WARN_UNREACHABLE_CODE = YES;
				CLANG_WARN__DUPLICATE_METHOD_MATCH = YES;
				"CODE_SIGN_IDENTITY[sdk=iphoneos*]" = "iPhone Developer";
				COPY_PHASE_STRIP = NO;
				DEBUG_INFORMATION_FORMAT = "dwarf-with-dsym";
				ENABLE_NS_ASSERTIONS = NO;
				ENABLE_STRICT_OBJC_MSGSEND = YES;
				GCC_C_LANGUAGE_STANDARD = gnu99;
				GCC_NO_COMMON_BLOCKS = YES;
				GCC_WARN_64_TO_32_BIT_CONVERSION = YES;
				GCC_WARN_ABOUT_RETURN_TYPE = YES_ERROR;
				GCC_WARN_UNDECLARED_SELECTOR = YES;
				GCC_WARN_UNINITIALIZED_AUTOS = YES_AGGRESSIVE;
				GCC_WARN_UNUSED_FUNCTION = YES;
				GCC_WARN_UNUSED_VARIABLE = YES;
				IPHONEOS_DEPLOYMENT_TARGET = 10.3;
				MTL_ENABLE_DEBUG_INFO = NO;
				SDKROOT = iphoneos;
				TARGETED_DEVICE_FAMILY = "1,2";
				VALIDATE_PRODUCT = YES;
			};
			name = Release;
		};
		615058291E8DFEE10053F1F6 /* Debug */ = {
			isa = XCBuildConfiguration;
			baseConfigurationReference = 616A84441F2C34915E886415 /* Pods-SnailPopupControllerDemo.debug.xcconfig */;
			buildSettings = {
				ASSETCATALOG_COMPILER_APPICON_NAME = AppIcon;
				DEVELOPMENT_TEAM = 536C654M9L;
				GCC_PREFIX_HEADER = "$(SRCROOT)/SnailPopupControllerDemo/SnailPopupController_PrefixHeader.pch";
				INFOPLIST_FILE = SnailPopupControllerDemo/Info.plist;
				IPHONEOS_DEPLOYMENT_TARGET = 8.0;
				LD_RUNPATH_SEARCH_PATHS = "$(inherited) @executable_path/Frameworks";
				PRODUCT_BUNDLE_IDENTIFIER = Zhanghao.SnailPopupControllerDemo;
				PRODUCT_NAME = "$(TARGET_NAME)";
			};
			name = Debug;
		};
		6150582A1E8DFEE10053F1F6 /* Release */ = {
			isa = XCBuildConfiguration;
			baseConfigurationReference = 766CFAC751C33EC9845B75F0 /* Pods-SnailPopupControllerDemo.release.xcconfig */;
			buildSettings = {
				ASSETCATALOG_COMPILER_APPICON_NAME = AppIcon;
				DEVELOPMENT_TEAM = 536C654M9L;
				GCC_PREFIX_HEADER = "$(SRCROOT)/SnailPopupControllerDemo/SnailPopupController_PrefixHeader.pch";
				INFOPLIST_FILE = SnailPopupControllerDemo/Info.plist;
				IPHONEOS_DEPLOYMENT_TARGET = 8.0;
				LD_RUNPATH_SEARCH_PATHS = "$(inherited) @executable_path/Frameworks";
				PRODUCT_BUNDLE_IDENTIFIER = Zhanghao.SnailPopupControllerDemo;
				PRODUCT_NAME = "$(TARGET_NAME)";
			};
			name = Release;
		};
		6150582C1E8DFEE10053F1F6 /* Debug */ = {
			isa = XCBuildConfiguration;
			buildSettings = {
				BUNDLE_LOADER = "$(TEST_HOST)";
				INFOPLIST_FILE = SnailPopupControllerDemoTests/Info.plist;
				LD_RUNPATH_SEARCH_PATHS = "$(inherited) @executable_path/Frameworks @loader_path/Frameworks";
				PRODUCT_BUNDLE_IDENTIFIER = Zhanghao.SnailPopupControllerDemoTests;
				PRODUCT_NAME = "$(TARGET_NAME)";
				TEST_HOST = "$(BUILT_PRODUCTS_DIR)/SnailPopupControllerDemo.app/SnailPopupControllerDemo";
			};
			name = Debug;
		};
		6150582D1E8DFEE10053F1F6 /* Release */ = {
			isa = XCBuildConfiguration;
			buildSettings = {
				BUNDLE_LOADER = "$(TEST_HOST)";
				INFOPLIST_FILE = SnailPopupControllerDemoTests/Info.plist;
				LD_RUNPATH_SEARCH_PATHS = "$(inherited) @executable_path/Frameworks @loader_path/Frameworks";
				PRODUCT_BUNDLE_IDENTIFIER = Zhanghao.SnailPopupControllerDemoTests;
				PRODUCT_NAME = "$(TARGET_NAME)";
				TEST_HOST = "$(BUILT_PRODUCTS_DIR)/SnailPopupControllerDemo.app/SnailPopupControllerDemo";
			};
			name = Release;
		};
		6150582F1E8DFEE10053F1F6 /* Debug */ = {
			isa = XCBuildConfiguration;
			buildSettings = {
				INFOPLIST_FILE = SnailPopupControllerDemoUITests/Info.plist;
				LD_RUNPATH_SEARCH_PATHS = "$(inherited) @executable_path/Frameworks @loader_path/Frameworks";
				PRODUCT_BUNDLE_IDENTIFIER = Zhanghao.SnailPopupControllerDemoUITests;
				PRODUCT_NAME = "$(TARGET_NAME)";
				TEST_TARGET_NAME = SnailPopupControllerDemo;
			};
			name = Debug;
		};
		615058301E8DFEE10053F1F6 /* Release */ = {
			isa = XCBuildConfiguration;
			buildSettings = {
				INFOPLIST_FILE = SnailPopupControllerDemoUITests/Info.plist;
				LD_RUNPATH_SEARCH_PATHS = "$(inherited) @executable_path/Frameworks @loader_path/Frameworks";
				PRODUCT_BUNDLE_IDENTIFIER = Zhanghao.SnailPopupControllerDemoUITests;
				PRODUCT_NAME = "$(TARGET_NAME)";
				TEST_TARGET_NAME = SnailPopupControllerDemo;
			};
			name = Release;
		};
/* End XCBuildConfiguration section */

/* Begin XCConfigurationList section */
		615057F61E8DFEE10053F1F6 /* Build configuration list for PBXProject "SnailPopupControllerDemo" */ = {
			isa = XCConfigurationList;
			buildConfigurations = (
				615058261E8DFEE10053F1F6 /* Debug */,
				615058271E8DFEE10053F1F6 /* Release */,
			);
			defaultConfigurationIsVisible = 0;
			defaultConfigurationName = Release;
		};
		615058281E8DFEE10053F1F6 /* Build configuration list for PBXNativeTarget "SnailPopupControllerDemo" */ = {
			isa = XCConfigurationList;
			buildConfigurations = (
				615058291E8DFEE10053F1F6 /* Debug */,
				6150582A1E8DFEE10053F1F6 /* Release */,
			);
			defaultConfigurationIsVisible = 0;
			defaultConfigurationName = Release;
		};
		6150582B1E8DFEE10053F1F6 /* Build configuration list for PBXNativeTarget "SnailPopupControllerDemoTests" */ = {
			isa = XCConfigurationList;
			buildConfigurations = (
				6150582C1E8DFEE10053F1F6 /* Debug */,
				6150582D1E8DFEE10053F1F6 /* Release */,
			);
			defaultConfigurationIsVisible = 0;
			defaultConfigurationName = Release;
		};
		6150582E1E8DFEE10053F1F6 /* Build configuration list for PBXNativeTarget "SnailPopupControllerDemoUITests" */ = {
			isa = XCConfigurationList;
			buildConfigurations = (
				6150582F1E8DFEE10053F1F6 /* Debug */,
				615058301E8DFEE10053F1F6 /* Release */,
			);
			defaultConfigurationIsVisible = 0;
			defaultConfigurationName = Release;
		};
/* End XCConfigurationList section */
	};
	rootObject = 615057F31E8DFEE10053F1F6 /* Project object */;
}
