// !$*UTF8*$!
{
	archiveVersion = 1;
	classes = {
	};
	objectVersion = 46;
	objects = {

/* Begin PBXBuildFile section */
		61333B561E0E08AE00E80FE2 /* NSDate+Extend.m in Sources */ = {isa = PBXBuildFile; fileRef = 61333B511E0E08AE00E80FE2 /* NSDate+Extend.m */; };
		61333B581E0E08AE00E80FE2 /* UINavigationBar+BackgroundColor.m in Sources */ = {isa = PBXBuildFile; fileRef = 61333B551E0E08AE00E80FE2 /* UINavigationBar+BackgroundColor.m */; };
		61333B651E0E096000E80FE2 /* ExampleTableViewController.m in Sources */ = {isa = PBXBuildFile; fileRef = 61333B641E0E096000E80FE2 /* ExampleTableViewController.m */; };
		61333B681E0E09CA00E80FE2 /* ExampleTableViewCell.m in Sources */ = {isa = PBXBuildFile; fileRef = 61333B671E0E09CA00E80FE2 /* ExampleTableViewCell.m */; };
		61333B6B1E0E0A9400E80FE2 /* UIView+Layout.m in Sources */ = {isa = PBXBuildFile; fileRef = 61333B6A1E0E0A9400E80FE2 /* UIView+Layout.m */; };
		613932921E47540200E04E02 /* SnailCurtainView.m in Sources */ = {isa = PBXBuildFile; fileRef = 6139328D1E47540200E04E02 /* SnailCurtainView.m */; };
		613932931E47540200E04E02 /* SnailTooltipView.m in Sources */ = {isa = PBXBuildFile; fileRef = 6139328F1E47540200E04E02 /* SnailTooltipView.m */; };
		613932971E47682C00E04E02 /* UIColor+Extend.m in Sources */ = {isa = PBXBuildFile; fileRef = 613932961E47682C00E04E02 /* UIColor+Extend.m */; };
		6139329A1E477A2B00E04E02 /* SnailImageLabel.m in Sources */ = {isa = PBXBuildFile; fileRef = 613932991E477A2B00E04E02 /* SnailImageLabel.m */; };
		6139329D1E477AD800E04E02 /* SnailFullScreenView.m in Sources */ = {isa = PBXBuildFile; fileRef = 6139329C1E477AD800E04E02 /* SnailFullScreenView.m */; };
		6156A7DE1E45880600E8374B /* CALayer+Layout.m in Sources */ = {isa = PBXBuildFile; fileRef = 6156A7DD1E45880600E8374B /* CALayer+Layout.m */; };
		61AFD3351E481DE900486841 /* UIScreen+Extend.m in Sources */ = {isa = PBXBuildFile; fileRef = 61AFD3341E481DE900486841 /* UIScreen+Extend.m */; };
		61AFD3381E49B6C200486841 /* SnailSidebarView.m in Sources */ = {isa = PBXBuildFile; fileRef = 61AFD3371E49B6C200486841 /* SnailSidebarView.m */; };
		61AFD34D1E4B7C1D00486841 /* UIView+SnailUse.m in Sources */ = {isa = PBXBuildFile; fileRef = 61AFD34C1E4B7C1D00486841 /* UIView+SnailUse.m */; };
		61AFD3501E4B7C3F00486841 /* UIAlertController+SnailUse.m in Sources */ = {isa = PBXBuildFile; fileRef = 61AFD34F1E4B7C3F00486841 /* UIAlertController+SnailUse.m */; };
		61CB5EAE1E0D0CB100CD89E5 /* main.m in Sources */ = {isa = PBXBuildFile; fileRef = 61CB5EAD1E0D0CB100CD89E5 /* main.m */; };
		61CB5EB11E0D0CB100CD89E5 /* AppDelegate.m in Sources */ = {isa = PBXBuildFile; fileRef = 61CB5EB01E0D0CB100CD89E5 /* AppDelegate.m */; };
		61CB5EB71E0D0CB100CD89E5 /* Main.storyboard in Resources */ = {isa = PBXBuildFile; fileRef = 61CB5EB51E0D0CB100CD89E5 /* Main.storyboard */; };
		61CB5EB91E0D0CB100CD89E5 /* Assets.xcassets in Resources */ = {isa = PBXBuildFile; fileRef = 61CB5EB81E0D0CB100CD89E5 /* Assets.xcassets */; };
		61CB5EBC1E0D0CB100CD89E5 /* LaunchScreen.storyboard in Resources */ = {isa = PBXBuildFile; fileRef = 61CB5EBA1E0D0CB100CD89E5 /* LaunchScreen.storyboard */; };
		61CB5EC71E0D0CB100CD89E5 /* SnailQuickMaskPopupsDemoTests.m in Sources */ = {isa = PBXBuildFile; fileRef = 61CB5EC61E0D0CB100CD89E5 /* SnailQuickMaskPopupsDemoTests.m */; };
		61CB5ED21E0D0CB100CD89E5 /* SnailQuickMaskPopupsDemoUITests.m in Sources */ = {isa = PBXBuildFile; fileRef = 61CB5ED11E0D0CB100CD89E5 /* SnailQuickMaskPopupsDemoUITests.m */; };
		61CB5EE21E0D0CE700CD89E5 /* SnailQuickMaskPopups.m in Sources */ = {isa = PBXBuildFile; fileRef = 61CB5EE11E0D0CE700CD89E5 /* SnailQuickMaskPopups.m */; };
/* End PBXBuildFile section */

/* Begin PBXContainerItemProxy section */
		61CB5EC31E0D0CB100CD89E5 /* PBXContainerItemProxy */ = {
			isa = PBXContainerItemProxy;
			containerPortal = 61CB5EA11E0D0CB100CD89E5 /* Project object */;
			proxyType = 1;
			remoteGlobalIDString = 61CB5EA81E0D0CB100CD89E5;
			remoteInfo = SnailQuickMaskPopupsDemo;
		};
		61CB5ECE1E0D0CB100CD89E5 /* PBXContainerItemProxy */ = {
			isa = PBXContainerItemProxy;
			containerPortal = 61CB5EA11E0D0CB100CD89E5 /* Project object */;
			proxyType = 1;
			remoteGlobalIDString = 61CB5EA81E0D0CB100CD89E5;
			remoteInfo = SnailQuickMaskPopupsDemo;
		};
/* End PBXContainerItemProxy section */

/* Begin PBXFileReference section */
		61333B501E0E08AE00E80FE2 /* NSDate+Extend.h */ = {isa = PBXFileReference; fileEncoding = 4; lastKnownFileType = sourcecode.c.h; path = "NSDate+Extend.h"; sourceTree = "<group>"; };
		61333B511E0E08AE00E80FE2 /* NSDate+Extend.m */ = {isa = PBXFileReference; fileEncoding = 4; lastKnownFileType = sourcecode.c.objc; path = "NSDate+Extend.m"; sourceTree = "<group>"; };
		61333B541E0E08AE00E80FE2 /* UINavigationBar+BackgroundColor.h */ = {isa = PBXFileReference; fileEncoding = 4; lastKnownFileType = sourcecode.c.h; path = "UINavigationBar+BackgroundColor.h"; sourceTree = "<group>"; };
		61333B551E0E08AE00E80FE2 /* UINavigationBar+BackgroundColor.m */ = {isa = PBXFileReference; fileEncoding = 4; lastKnownFileType = sourcecode.c.objc; path = "UINavigationBar+BackgroundColor.m"; sourceTree = "<group>"; };
		61333B631E0E096000E80FE2 /* ExampleTableViewController.h */ = {isa = PBXFileReference; fileEncoding = 4; lastKnownFileType = sourcecode.c.h; path = ExampleTableViewController.h; sourceTree = "<group>"; };
		61333B641E0E096000E80FE2 /* ExampleTableViewController.m */ = {isa = PBXFileReference; fileEncoding = 4; lastKnownFileType = sourcecode.c.objc; path = ExampleTableViewController.m; sourceTree = "<group>"; };
		61333B661E0E09CA00E80FE2 /* ExampleTableViewCell.h */ = {isa = PBXFileReference; fileEncoding = 4; lastKnownFileType = sourcecode.c.h; path = ExampleTableViewCell.h; sourceTree = "<group>"; };
		61333B671E0E09CA00E80FE2 /* ExampleTableViewCell.m */ = {isa = PBXFileReference; fileEncoding = 4; lastKnownFileType = sourcecode.c.objc; path = ExampleTableViewCell.m; sourceTree = "<group>"; };
		61333B691E0E0A9400E80FE2 /* UIView+Layout.h */ = {isa = PBXFileReference; fileEncoding = 4; lastKnownFileType = sourcecode.c.h; path = "UIView+Layout.h"; sourceTree = "<group>"; };
		61333B6A1E0E0A9400E80FE2 /* UIView+Layout.m */ = {isa = PBXFileReference; fileEncoding = 4; lastKnownFileType = sourcecode.c.objc; path = "UIView+Layout.m"; sourceTree = "<group>"; };
		61333B6C1E0E0C1800E80FE2 /* SnailPopups-PrefixHeader.pch */ = {isa = PBXFileReference; fileEncoding = 4; lastKnownFileType = sourcecode.c.h; path = "SnailPopups-PrefixHeader.pch"; sourceTree = "<group>"; };
		6139328C1E47540200E04E02 /* SnailCurtainView.h */ = {isa = PBXFileReference; fileEncoding = 4; lastKnownFileType = sourcecode.c.h; path = SnailCurtainView.h; sourceTree = "<group>"; };
		6139328D1E47540200E04E02 /* SnailCurtainView.m */ = {isa = PBXFileReference; fileEncoding = 4; lastKnownFileType = sourcecode.c.objc; path = SnailCurtainView.m; sourceTree = "<group>"; };
		6139328E1E47540200E04E02 /* SnailTooltipView.h */ = {isa = PBXFileReference; fileEncoding = 4; lastKnownFileType = sourcecode.c.h; path = SnailTooltipView.h; sourceTree = "<group>"; };
		6139328F1E47540200E04E02 /* SnailTooltipView.m */ = {isa = PBXFileReference; fileEncoding = 4; lastKnownFileType = sourcecode.c.objc; path = SnailTooltipView.m; sourceTree = "<group>"; };
		613932951E47682C00E04E02 /* UIColor+Extend.h */ = {isa = PBXFileReference; fileEncoding = 4; lastKnownFileType = sourcecode.c.h; path = "UIColor+Extend.h"; sourceTree = "<group>"; };
		613932961E47682C00E04E02 /* UIColor+Extend.m */ = {isa = PBXFileReference; fileEncoding = 4; lastKnownFileType = sourcecode.c.objc; path = "UIColor+Extend.m"; sourceTree = "<group>"; };
		613932981E477A2B00E04E02 /* SnailImageLabel.h */ = {isa = PBXFileReference; fileEncoding = 4; lastKnownFileType = sourcecode.c.h; path = SnailImageLabel.h; sourceTree = "<group>"; };
		613932991E477A2B00E04E02 /* SnailImageLabel.m */ = {isa = PBXFileReference; fileEncoding = 4; lastKnownFileType = sourcecode.c.objc; path = SnailImageLabel.m; sourceTree = "<group>"; };
		6139329B1E477AD800E04E02 /* SnailFullScreenView.h */ = {isa = PBXFileReference; fileEncoding = 4; lastKnownFileType = sourcecode.c.h; path = SnailFullScreenView.h; sourceTree = "<group>"; };
		6139329C1E477AD800E04E02 /* SnailFullScreenView.m */ = {isa = PBXFileReference; fileEncoding = 4; lastKnownFileType = sourcecode.c.objc; path = SnailFullScreenView.m; sourceTree = "<group>"; };
		6156A7DC1E45880600E8374B /* CALayer+Layout.h */ = {isa = PBXFileReference; fileEncoding = 4; lastKnownFileType = sourcecode.c.h; path = "CALayer+Layout.h"; sourceTree = "<group>"; };
		6156A7DD1E45880600E8374B /* CALayer+Layout.m */ = {isa = PBXFileReference; fileEncoding = 4; lastKnownFileType = sourcecode.c.objc; path = "CALayer+Layout.m"; sourceTree = "<group>"; };
		61AFD3331E481DE900486841 /* UIScreen+Extend.h */ = {isa = PBXFileReference; fileEncoding = 4; lastKnownFileType = sourcecode.c.h; path = "UIScreen+Extend.h"; sourceTree = "<group>"; };
		61AFD3341E481DE900486841 /* UIScreen+Extend.m */ = {isa = PBXFileReference; fileEncoding = 4; lastKnownFileType = sourcecode.c.objc; path = "UIScreen+Extend.m"; sourceTree = "<group>"; };
		61AFD3361E49B6C200486841 /* SnailSidebarView.h */ = {isa = PBXFileReference; fileEncoding = 4; lastKnownFileType = sourcecode.c.h; path = SnailSidebarView.h; sourceTree = "<group>"; };
		61AFD3371E49B6C200486841 /* SnailSidebarView.m */ = {isa = PBXFileReference; fileEncoding = 4; lastKnownFileType = sourcecode.c.objc; path = SnailSidebarView.m; sourceTree = "<group>"; };
		61AFD34B1E4B7C1D00486841 /* UIView+SnailUse.h */ = {isa = PBXFileReference; fileEncoding = 4; lastKnownFileType = sourcecode.c.h; path = "UIView+SnailUse.h"; sourceTree = "<group>"; };
		61AFD34C1E4B7C1D00486841 /* UIView+SnailUse.m */ = {isa = PBXFileReference; fileEncoding = 4; lastKnownFileType = sourcecode.c.objc; path = "UIView+SnailUse.m"; sourceTree = "<group>"; };
		61AFD34E1E4B7C3F00486841 /* UIAlertController+SnailUse.h */ = {isa = PBXFileReference; fileEncoding = 4; lastKnownFileType = sourcecode.c.h; path = "UIAlertController+SnailUse.h"; sourceTree = "<group>"; };
		61AFD34F1E4B7C3F00486841 /* UIAlertController+SnailUse.m */ = {isa = PBXFileReference; fileEncoding = 4; lastKnownFileType = sourcecode.c.objc; path = "UIAlertController+SnailUse.m"; sourceTree = "<group>"; };
		61CB5EA91E0D0CB100CD89E5 /* SnailQuickMaskPopupsDemo.app */ = {isa = PBXFileReference; explicitFileType = wrapper.application; includeInIndex = 0; path = SnailQuickMaskPopupsDemo.app; sourceTree = BUILT_PRODUCTS_DIR; };
		61CB5EAD1E0D0CB100CD89E5 /* main.m */ = {isa = PBXFileReference; lastKnownFileType = sourcecode.c.objc; path = main.m; sourceTree = "<group>"; };
		61CB5EAF1E0D0CB100CD89E5 /* AppDelegate.h */ = {isa = PBXFileReference; lastKnownFileType = sourcecode.c.h; path = AppDelegate.h; sourceTree = "<group>"; };
		61CB5EB01E0D0CB100CD89E5 /* AppDelegate.m */ = {isa = PBXFileReference; lastKnownFileType = sourcecode.c.objc; path = AppDelegate.m; sourceTree = "<group>"; };
		61CB5EB61E0D0CB100CD89E5 /* Base */ = {isa = PBXFileReference; lastKnownFileType = file.storyboard; name = Base; path = Base.lproj/Main.storyboard; sourceTree = "<group>"; };
		61CB5EB81E0D0CB100CD89E5 /* Assets.xcassets */ = {isa = PBXFileReference; lastKnownFileType = folder.assetcatalog; path = Assets.xcassets; sourceTree = "<group>"; };
		61CB5EBB1E0D0CB100CD89E5 /* Base */ = {isa = PBXFileReference; lastKnownFileType = file.storyboard; name = Base; path = Base.lproj/LaunchScreen.storyboard; sourceTree = "<group>"; };
		61CB5EBD1E0D0CB100CD89E5 /* Info.plist */ = {isa = PBXFileReference; lastKnownFileType = text.plist.xml; path = Info.plist; sourceTree = "<group>"; };
		61CB5EC21E0D0CB100CD89E5 /* SnailQuickMaskPopupsDemoTests.xctest */ = {isa = PBXFileReference; explicitFileType = wrapper.cfbundle; includeInIndex = 0; path = SnailQuickMaskPopupsDemoTests.xctest; sourceTree = BUILT_PRODUCTS_DIR; };
		61CB5EC61E0D0CB100CD89E5 /* SnailQuickMaskPopupsDemoTests.m */ = {isa = PBXFileReference; lastKnownFileType = sourcecode.c.objc; path = SnailQuickMaskPopupsDemoTests.m; sourceTree = "<group>"; };
		61CB5EC81E0D0CB100CD89E5 /* Info.plist */ = {isa = PBXFileReference; lastKnownFileType = text.plist.xml; path = Info.plist; sourceTree = "<group>"; };
		61CB5ECD1E0D0CB100CD89E5 /* SnailQuickMaskPopupsDemoUITests.xctest */ = {isa = PBXFileReference; explicitFileType = wrapper.cfbundle; includeInIndex = 0; path = SnailQuickMaskPopupsDemoUITests.xctest; sourceTree = BUILT_PRODUCTS_DIR; };
		61CB5ED11E0D0CB100CD89E5 /* SnailQuickMaskPopupsDemoUITests.m */ = {isa = PBXFileReference; lastKnownFileType = sourcecode.c.objc; path = SnailQuickMaskPopupsDemoUITests.m; sourceTree = "<group>"; };
		61CB5ED31E0D0CB100CD89E5 /* Info.plist */ = {isa = PBXFileReference; lastKnownFileType = text.plist.xml; path = Info.plist; sourceTree = "<group>"; };
		61CB5EE01E0D0CE700CD89E5 /* SnailQuickMaskPopups.h */ = {isa = PBXFileReference; fileEncoding = 4; lastKnownFileType = sourcecode.c.h; path = SnailQuickMaskPopups.h; sourceTree = "<group>"; };
		61CB5EE11E0D0CE700CD89E5 /* SnailQuickMaskPopups.m */ = {isa = PBXFileReference; fileEncoding = 4; lastKnownFileType = sourcecode.c.objc; path = SnailQuickMaskPopups.m; sourceTree = "<group>"; };
/* End PBXFileReference section */

/* Begin PBXFrameworksBuildPhase section */
		61CB5EA61E0D0CB100CD89E5 /* Frameworks */ = {
			isa = PBXFrameworksBuildPhase;
			buildActionMask = 2147483647;
			files = (
			);
			runOnlyForDeploymentPostprocessing = 0;
		};
		61CB5EBF1E0D0CB100CD89E5 /* Frameworks */ = {
			isa = PBXFrameworksBuildPhase;
			buildActionMask = 2147483647;
			files = (
			);
			runOnlyForDeploymentPostprocessing = 0;
		};
		61CB5ECA1E0D0CB100CD89E5 /* Frameworks */ = {
			isa = PBXFrameworksBuildPhase;
			buildActionMask = 2147483647;
			files = (
			);
			runOnlyForDeploymentPostprocessing = 0;
		};
/* End PBXFrameworksBuildPhase section */

/* Begin PBXGroup section */
		61333B4B1E0E087D00E80FE2 /* Utilities */ = {
			isa = PBXGroup;
			children = (
				61AFD34B1E4B7C1D00486841 /* UIView+SnailUse.h */,
				61AFD34C1E4B7C1D00486841 /* UIView+SnailUse.m */,
				61AFD34E1E4B7C3F00486841 /* UIAlertController+SnailUse.h */,
				61AFD34F1E4B7C3F00486841 /* UIAlertController+SnailUse.m */,
				61AFD3331E481DE900486841 /* UIScreen+Extend.h */,
				61AFD3341E481DE900486841 /* UIScreen+Extend.m */,
				61333B501E0E08AE00E80FE2 /* NSDate+Extend.h */,
				61333B511E0E08AE00E80FE2 /* NSDate+Extend.m */,
				613932951E47682C00E04E02 /* UIColor+Extend.h */,
				613932961E47682C00E04E02 /* UIColor+Extend.m */,
				61333B541E0E08AE00E80FE2 /* UINavigationBar+BackgroundColor.h */,
				61333B551E0E08AE00E80FE2 /* UINavigationBar+BackgroundColor.m */,
				61333B691E0E0A9400E80FE2 /* UIView+Layout.h */,
				61333B6A1E0E0A9400E80FE2 /* UIView+Layout.m */,
				6156A7DC1E45880600E8374B /* CALayer+Layout.h */,
				6156A7DD1E45880600E8374B /* CALayer+Layout.m */,
			);
			name = Utilities;
			path = SnailQuickMaskPopupsDemo/Utilities;
			sourceTree = "<group>";
		};
		6139328B1E47540200E04E02 /* Views */ = {
			isa = PBXGroup;
			children = (
				613932981E477A2B00E04E02 /* SnailImageLabel.h */,
				613932991E477A2B00E04E02 /* SnailImageLabel.m */,
				6139328E1E47540200E04E02 /* SnailTooltipView.h */,
				6139328F1E47540200E04E02 /* SnailTooltipView.m */,
				61AFD3361E49B6C200486841 /* SnailSidebarView.h */,
				61AFD3371E49B6C200486841 /* SnailSidebarView.m */,
				6139328C1E47540200E04E02 /* SnailCurtainView.h */,
				6139328D1E47540200E04E02 /* SnailCurtainView.m */,
				6139329B1E477AD800E04E02 /* SnailFullScreenView.h */,
				6139329C1E477AD800E04E02 /* SnailFullScreenView.m */,
			);
			path = Views;
			sourceTree = "<group>";
		};
		61CB5EA01E0D0CB100CD89E5 = {
			isa = PBXGroup;
			children = (
				61CB5EDF1E0D0CE700CD89E5 /* SnailQuickMaskPopups */,
				61CB5EAB1E0D0CB100CD89E5 /* SnailQuickMaskPopupsDemo */,
				61333B4B1E0E087D00E80FE2 /* Utilities */,
				61CB5EC51E0D0CB100CD89E5 /* SnailQuickMaskPopupsDemoTests */,
				61CB5ED01E0D0CB100CD89E5 /* SnailQuickMaskPopupsDemoUITests */,
				61CB5EAA1E0D0CB100CD89E5 /* Products */,
			);
			sourceTree = "<group>";
		};
		61CB5EAA1E0D0CB100CD89E5 /* Products */ = {
			isa = PBXGroup;
			children = (
				61CB5EA91E0D0CB100CD89E5 /* SnailQuickMaskPopupsDemo.app */,
				61CB5EC21E0D0CB100CD89E5 /* SnailQuickMaskPopupsDemoTests.xctest */,
				61CB5ECD1E0D0CB100CD89E5 /* SnailQuickMaskPopupsDemoUITests.xctest */,
			);
			name = Products;
			sourceTree = "<group>";
		};
		61CB5EAB1E0D0CB100CD89E5 /* SnailQuickMaskPopupsDemo */ = {
			isa = PBXGroup;
			children = (
				6139328B1E47540200E04E02 /* Views */,
				61333B661E0E09CA00E80FE2 /* ExampleTableViewCell.h */,
				61333B671E0E09CA00E80FE2 /* ExampleTableViewCell.m */,
				61333B631E0E096000E80FE2 /* ExampleTableViewController.h */,
				61333B641E0E096000E80FE2 /* ExampleTableViewController.m */,
				61CB5EAF1E0D0CB100CD89E5 /* AppDelegate.h */,
				61CB5EB01E0D0CB100CD89E5 /* AppDelegate.m */,
				61CB5EB51E0D0CB100CD89E5 /* Main.storyboard */,
				61CB5EB81E0D0CB100CD89E5 /* Assets.xcassets */,
				61CB5EBA1E0D0CB100CD89E5 /* LaunchScreen.storyboard */,
				61CB5EBD1E0D0CB100CD89E5 /* Info.plist */,
				61CB5EAC1E0D0CB100CD89E5 /* Supporting Files */,
			);
			path = SnailQuickMaskPopupsDemo;
			sourceTree = "<group>";
		};
		61CB5EAC1E0D0CB100CD89E5 /* Supporting Files */ = {
			isa = PBXGroup;
			children = (
				61333B6C1E0E0C1800E80FE2 /* SnailPopups-PrefixHeader.pch */,
				61CB5EAD1E0D0CB100CD89E5 /* main.m */,
			);
			name = "Supporting Files";
			sourceTree = "<group>";
		};
		61CB5EC51E0D0CB100CD89E5 /* SnailQuickMaskPopupsDemoTests */ = {
			isa = PBXGroup;
			children = (
				61CB5EC61E0D0CB100CD89E5 /* SnailQuickMaskPopupsDemoTests.m */,
				61CB5EC81E0D0CB100CD89E5 /* Info.plist */,
			);
			path = SnailQuickMaskPopupsDemoTests;
			sourceTree = "<group>";
		};
		61CB5ED01E0D0CB100CD89E5 /* SnailQuickMaskPopupsDemoUITests */ = {
			isa = PBXGroup;
			children = (
				61CB5ED11E0D0CB100CD89E5 /* SnailQuickMaskPopupsDemoUITests.m */,
				61CB5ED31E0D0CB100CD89E5 /* Info.plist */,
			);
			path = SnailQuickMaskPopupsDemoUITests;
			sourceTree = "<group>";
		};
		61CB5EDF1E0D0CE700CD89E5 /* SnailQuickMaskPopups */ = {
			isa = PBXGroup;
			children = (
				61CB5EE01E0D0CE700CD89E5 /* SnailQuickMaskPopups.h */,
				61CB5EE11E0D0CE700CD89E5 /* SnailQuickMaskPopups.m */,
			);
			path = SnailQuickMaskPopups;
			sourceTree = "<group>";
		};
/* End PBXGroup section */

/* Begin PBXNativeTarget section */
		61CB5EA81E0D0CB100CD89E5 /* SnailQuickMaskPopupsDemo */ = {
			isa = PBXNativeTarget;
			buildConfigurationList = 61CB5ED61E0D0CB100CD89E5 /* Build configuration list for PBXNativeTarget "SnailQuickMaskPopupsDemo" */;
			buildPhases = (
				61CB5EA51E0D0CB100CD89E5 /* Sources */,
				61CB5EA61E0D0CB100CD89E5 /* Frameworks */,
				61CB5EA71E0D0CB100CD89E5 /* Resources */,
			);
			buildRules = (
			);
			dependencies = (
			);
			name = SnailQuickMaskPopupsDemo;
			productName = SnailQuickMaskPopupsDemo;
			productReference = 61CB5EA91E0D0CB100CD89E5 /* SnailQuickMaskPopupsDemo.app */;
			productType = "com.apple.product-type.application";
		};
		61CB5EC11E0D0CB100CD89E5 /* SnailQuickMaskPopupsDemoTests */ = {
			isa = PBXNativeTarget;
			buildConfigurationList = 61CB5ED91E0D0CB100CD89E5 /* Build configuration list for PBXNativeTarget "SnailQuickMaskPopupsDemoTests" */;
			buildPhases = (
				61CB5EBE1E0D0CB100CD89E5 /* Sources */,
				61CB5EBF1E0D0CB100CD89E5 /* Frameworks */,
				61CB5EC01E0D0CB100CD89E5 /* Resources */,
			);
			buildRules = (
			);
			dependencies = (
				61CB5EC41E0D0CB100CD89E5 /* PBXTargetDependency */,
			);
			name = SnailQuickMaskPopupsDemoTests;
			productName = SnailQuickMaskPopupsDemoTests;
			productReference = 61CB5EC21E0D0CB100CD89E5 /* SnailQuickMaskPopupsDemoTests.xctest */;
			productType = "com.apple.product-type.bundle.unit-test";
		};
		61CB5ECC1E0D0CB100CD89E5 /* SnailQuickMaskPopupsDemoUITests */ = {
			isa = PBXNativeTarget;
			buildConfigurationList = 61CB5EDC1E0D0CB100CD89E5 /* Build configuration list for PBXNativeTarget "SnailQuickMaskPopupsDemoUITests" */;
			buildPhases = (
				61CB5EC91E0D0CB100CD89E5 /* Sources */,
				61CB5ECA1E0D0CB100CD89E5 /* Frameworks */,
				61CB5ECB1E0D0CB100CD89E5 /* Resources */,
			);
			buildRules = (
			);
			dependencies = (
				61CB5ECF1E0D0CB100CD89E5 /* PBXTargetDependency */,
			);
			name = SnailQuickMaskPopupsDemoUITests;
			productName = SnailQuickMaskPopupsDemoUITests;
			productReference = 61CB5ECD1E0D0CB100CD89E5 /* SnailQuickMaskPopupsDemoUITests.xctest */;
			productType = "com.apple.product-type.bundle.ui-testing";
		};
/* End PBXNativeTarget section */

/* Begin PBXProject section */
		61CB5EA11E0D0CB100CD89E5 /* Project object */ = {
			isa = PBXProject;
			attributes = {
				LastUpgradeCheck = 0810;
				ORGANIZATIONNAME = zhanghao;
				TargetAttributes = {
					61CB5EA81E0D0CB100CD89E5 = {
						CreatedOnToolsVersion = 8.1;
						DevelopmentTeam = XPMXP6URKM;
						ProvisioningStyle = Automatic;
					};
					61CB5EC11E0D0CB100CD89E5 = {
						CreatedOnToolsVersion = 8.1;
						DevelopmentTeam = XPMXP6URKM;
						ProvisioningStyle = Automatic;
						TestTargetID = 61CB5EA81E0D0CB100CD89E5;
					};
					61CB5ECC1E0D0CB100CD89E5 = {
						CreatedOnToolsVersion = 8.1;
						DevelopmentTeam = XPMXP6URKM;
						ProvisioningStyle = Automatic;
						TestTargetID = 61CB5EA81E0D0CB100CD89E5;
					};
				};
			};
			buildConfigurationList = 61CB5EA41E0D0CB100CD89E5 /* Build configuration list for PBXProject "SnailQuickMaskPopupsDemo" */;
			compatibilityVersion = "Xcode 3.2";
			developmentRegion = English;
			hasScannedForEncodings = 0;
			knownRegions = (
				en,
				Base,
			);
			mainGroup = 61CB5EA01E0D0CB100CD89E5;
			productRefGroup = 61CB5EAA1E0D0CB100CD89E5 /* Products */;
			projectDirPath = "";
			projectRoot = "";
			targets = (
				61CB5EA81E0D0CB100CD89E5 /* SnailQuickMaskPopupsDemo */,
				61CB5EC11E0D0CB100CD89E5 /* SnailQuickMaskPopupsDemoTests */,
				61CB5ECC1E0D0CB100CD89E5 /* SnailQuickMaskPopupsDemoUITests */,
			);
		};
/* End PBXProject section */

/* Begin PBXResourcesBuildPhase section */
		61CB5EA71E0D0CB100CD89E5 /* Resources */ = {
			isa = PBXResourcesBuildPhase;
			buildActionMask = 2147483647;
			files = (
				61CB5EBC1E0D0CB100CD89E5 /* LaunchScreen.storyboard in Resources */,
				61CB5EB91E0D0CB100CD89E5 /* Assets.xcassets in Resources */,
				61CB5EB71E0D0CB100CD89E5 /* Main.storyboard in Resources */,
			);
			runOnlyForDeploymentPostprocessing = 0;
		};
		61CB5EC01E0D0CB100CD89E5 /* Resources */ = {
			isa = PBXResourcesBuildPhase;
			buildActionMask = 2147483647;
			files = (
			);
			runOnlyForDeploymentPostprocessing = 0;
		};
		61CB5ECB1E0D0CB100CD89E5 /* Resources */ = {
			isa = PBXResourcesBuildPhase;
			buildActionMask = 2147483647;
			files = (
			);
			runOnlyForDeploymentPostprocessing = 0;
		};
/* End PBXResourcesBuildPhase section */

/* Begin PBXSourcesBuildPhase section */
		61CB5EA51E0D0CB100CD89E5 /* Sources */ = {
			isa = PBXSourcesBuildPhase;
			buildActionMask = 2147483647;
			files = (
				6139329A1E477A2B00E04E02 /* SnailImageLabel.m in Sources */,
				61AFD34D1E4B7C1D00486841 /* UIView+SnailUse.m in Sources */,
				61333B561E0E08AE00E80FE2 /* NSDate+Extend.m in Sources */,
				61CB5EE21E0D0CE700CD89E5 /* SnailQuickMaskPopups.m in Sources */,
				61333B581E0E08AE00E80FE2 /* UINavigationBar+BackgroundColor.m in Sources */,
				61333B651E0E096000E80FE2 /* ExampleTableViewController.m in Sources */,
				61AFD3501E4B7C3F00486841 /* UIAlertController+SnailUse.m in Sources */,
				61CB5EB11E0D0CB100CD89E5 /* AppDelegate.m in Sources */,
				61333B681E0E09CA00E80FE2 /* ExampleTableViewCell.m in Sources */,
				613932921E47540200E04E02 /* SnailCurtainView.m in Sources */,
				61AFD3351E481DE900486841 /* UIScreen+Extend.m in Sources */,
				6139329D1E477AD800E04E02 /* SnailFullScreenView.m in Sources */,
				613932931E47540200E04E02 /* SnailTooltipView.m in Sources */,
				61333B6B1E0E0A9400E80FE2 /* UIView+Layout.m in Sources */,
				613932971E47682C00E04E02 /* UIColor+Extend.m in Sources */,
				61CB5EAE1E0D0CB100CD89E5 /* main.m in Sources */,
				61AFD3381E49B6C200486841 /* SnailSidebarView.m in Sources */,
				6156A7DE1E45880600E8374B /* CALayer+Layout.m in Sources */,
			);
			runOnlyForDeploymentPostprocessing = 0;
		};
		61CB5EBE1E0D0CB100CD89E5 /* Sources */ = {
			isa = PBXSourcesBuildPhase;
			buildActionMask = 2147483647;
			files = (
				61CB5EC71E0D0CB100CD89E5 /* SnailQuickMaskPopupsDemoTests.m in Sources */,
			);
			runOnlyForDeploymentPostprocessing = 0;
		};
		61CB5EC91E0D0CB100CD89E5 /* Sources */ = {
			isa = PBXSourcesBuildPhase;
			buildActionMask = 2147483647;
			files = (
				61CB5ED21E0D0CB100CD89E5 /* SnailQuickMaskPopupsDemoUITests.m in Sources */,
			);
			runOnlyForDeploymentPostprocessing = 0;
		};
/* End PBXSourcesBuildPhase section */

/* Begin PBXTargetDependency section */
		61CB5EC41E0D0CB100CD89E5 /* PBXTargetDependency */ = {
			isa = PBXTargetDependency;
			target = 61CB5EA81E0D0CB100CD89E5 /* SnailQuickMaskPopupsDemo */;
			targetProxy = 61CB5EC31E0D0CB100CD89E5 /* PBXContainerItemProxy */;
		};
		61CB5ECF1E0D0CB100CD89E5 /* PBXTargetDependency */ = {
			isa = PBXTargetDependency;
			target = 61CB5EA81E0D0CB100CD89E5 /* SnailQuickMaskPopupsDemo */;
			targetProxy = 61CB5ECE1E0D0CB100CD89E5 /* PBXContainerItemProxy */;
		};
/* End PBXTargetDependency section */

/* Begin PBXVariantGroup section */
		61CB5EB51E0D0CB100CD89E5 /* Main.storyboard */ = {
			isa = PBXVariantGroup;
			children = (
				61CB5EB61E0D0CB100CD89E5 /* Base */,
			);
			name = Main.storyboard;
			sourceTree = "<group>";
		};
		61CB5EBA1E0D0CB100CD89E5 /* LaunchScreen.storyboard */ = {
			isa = PBXVariantGroup;
			children = (
				61CB5EBB1E0D0CB100CD89E5 /* Base */,
			);
			name = LaunchScreen.storyboard;
			sourceTree = "<group>";
		};
/* End PBXVariantGroup section */

/* Begin XCBuildConfiguration section */
		61CB5ED41E0D0CB100CD89E5 /* Debug */ = {
			isa = XCBuildConfiguration;
			buildSettings = {
				ALWAYS_SEARCH_USER_PATHS = NO;
				CLANG_ANALYZER_NONNULL = YES;
				CLANG_CXX_LANGUAGE_STANDARD = "gnu++0x";
				CLANG_CXX_LIBRARY = "libc++";
				CLANG_ENABLE_MODULES = YES;
				CLANG_ENABLE_OBJC_ARC = YES;
				CLANG_WARN_BOOL_CONVERSION = YES;
				CLANG_WARN_CONSTANT_CONVERSION = YES;
				CLANG_WARN_DIRECT_OBJC_ISA_USAGE = YES_ERROR;
				CLANG_WARN_DOCUMENTATION_COMMENTS = YES;
				CLANG_WARN_EMPTY_BODY = YES;
				CLANG_WARN_ENUM_CONVERSION = YES;
				CLANG_WARN_INFINITE_RECURSION = YES;
				CLANG_WARN_INT_CONVERSION = YES;
				CLANG_WARN_OBJC_ROOT_CLASS = YES_ERROR;
				CLANG_WARN_SUSPICIOUS_MOVES = YES;
				CLANG_WARN_UNREACHABLE_CODE = YES;
				CLANG_WARN__DUPLICATE_METHOD_MATCH = YES;
				"CODE_SIGN_IDENTITY[sdk=iphoneos*]" = "iPhone Developer";
				COPY_PHASE_STRIP = NO;
				DEBUG_INFORMATION_FORMAT = dwarf;
				ENABLE_STRICT_OBJC_MSGSEND = YES;
				ENABLE_TESTABILITY = YES;
				GCC_C_LANGUAGE_STANDARD = gnu99;
				GCC_DYNAMIC_NO_PIC = NO;
				GCC_NO_COMMON_BLOCKS = YES;
				GCC_OPTIMIZATION_LEVEL = 0;
				GCC_PREPROCESSOR_DEFINITIONS = (
					"DEBUG=1",
					"$(inherited)",
				);
				GCC_WARN_64_TO_32_BIT_CONVERSION = YES;
				GCC_WARN_ABOUT_RETURN_TYPE = YES_ERROR;
				GCC_WARN_UNDECLARED_SELECTOR = YES;
				GCC_WARN_UNINITIALIZED_AUTOS = YES_AGGRESSIVE;
				GCC_WARN_UNUSED_FUNCTION = YES;
				GCC_WARN_UNUSED_VARIABLE = YES;
				IPHONEOS_DEPLOYMENT_TARGET = 10.1;
				MTL_ENABLE_DEBUG_INFO = YES;
				ONLY_ACTIVE_ARCH = YES;
				SDKROOT = iphoneos;
				TARGETED_DEVICE_FAMILY = "1,2";
			};
			name = Debug;
		};
		61CB5ED51E0D0CB100CD89E5 /* Release */ = {
			isa = XCBuildConfiguration;
			buildSettings = {
				ALWAYS_SEARCH_USER_PATHS = NO;
				CLANG_ANALYZER_NONNULL = YES;
				CLANG_CXX_LANGUAGE_STANDARD = "gnu++0x";
				CLANG_CXX_LIBRARY = "libc++";
				CLANG_ENABLE_MODULES = YES;
				CLANG_ENABLE_OBJC_ARC = YES;
				CLANG_WARN_BOOL_CONVERSION = YES;
				CLANG_WARN_CONSTANT_CONVERSION = YES;
				CLANG_WARN_DIRECT_OBJC_ISA_USAGE = YES_ERROR;
				CLANG_WARN_DOCUMENTATION_COMMENTS = YES;
				CLANG_WARN_EMPTY_BODY = YES;
				CLANG_WARN_ENUM_CONVERSION = YES;
				CLANG_WARN_INFINITE_RECURSION = YES;
				CLANG_WARN_INT_CONVERSION = YES;
				CLANG_WARN_OBJC_ROOT_CLASS = YES_ERROR;
				CLANG_WARN_SUSPICIOUS_MOVES = YES;
				CLANG_WARN_UNREACHABLE_CODE = YES;
				CLANG_WARN__DUPLICATE_METHOD_MATCH = YES;
				"CODE_SIGN_IDENTITY[sdk=iphoneos*]" = "iPhone Developer";
				COPY_PHASE_STRIP = NO;
				DEBUG_INFORMATION_FORMAT = "dwarf-with-dsym";
				ENABLE_NS_ASSERTIONS = NO;
				ENABLE_STRICT_OBJC_MSGSEND = YES;
				GCC_C_LANGUAGE_STANDARD = gnu99;
				GCC_NO_COMMON_BLOCKS = YES;
				GCC_WARN_64_TO_32_BIT_CONVERSION = YES;
				GCC_WARN_ABOUT_RETURN_TYPE = YES_ERROR;
				GCC_WARN_UNDECLARED_SELECTOR = YES;
				GCC_WARN_UNINITIALIZED_AUTOS = YES_AGGRESSIVE;
				GCC_WARN_UNUSED_FUNCTION = YES;
				GCC_WARN_UNUSED_VARIABLE = YES;
				IPHONEOS_DEPLOYMENT_TARGET = 10.1;
				MTL_ENABLE_DEBUG_INFO = NO;
				SDKROOT = iphoneos;
				TARGETED_DEVICE_FAMILY = "1,2";
				VALIDATE_PRODUCT = YES;
			};
			name = Release;
		};
		61CB5ED71E0D0CB100CD89E5 /* Debug */ = {
			isa = XCBuildConfiguration;
			buildSettings = {
				ASSETCATALOG_COMPILER_APPICON_NAME = AppIcon;
				DEVELOPMENT_TEAM = XPMXP6URKM;
				GCC_PREFIX_HEADER = "$(SRCROOT)/SnailQuickMaskPopupsDemo/SnailPopups-PrefixHeader.pch";
				INFOPLIST_FILE = SnailQuickMaskPopupsDemo/Info.plist;
				LD_RUNPATH_SEARCH_PATHS = "$(inherited) @executable_path/Frameworks";
				PRODUCT_BUNDLE_IDENTIFIER = Zhanghao.SnailQuickMaskPopupsDemo;
				PRODUCT_NAME = "$(TARGET_NAME)";
			};
			name = Debug;
		};
		61CB5ED81E0D0CB100CD89E5 /* Release */ = {
			isa = XCBuildConfiguration;
			buildSettings = {
				ASSETCATALOG_COMPILER_APPICON_NAME = AppIcon;
				DEVELOPMENT_TEAM = XPMXP6URKM;
				GCC_PREFIX_HEADER = "$(SRCROOT)/SnailQuickMaskPopupsDemo/SnailPopups-PrefixHeader.pch";
				INFOPLIST_FILE = SnailQuickMaskPopupsDemo/Info.plist;
				LD_RUNPATH_SEARCH_PATHS = "$(inherited) @executable_path/Frameworks";
				PRODUCT_BUNDLE_IDENTIFIER = Zhanghao.SnailQuickMaskPopupsDemo;
				PRODUCT_NAME = "$(TARGET_NAME)";
			};
			name = Release;
		};
		61CB5EDA1E0D0CB100CD89E5 /* Debug */ = {
			isa = XCBuildConfiguration;
			buildSettings = {
				BUNDLE_LOADER = "$(TEST_HOST)";
				DEVELOPMENT_TEAM = XPMXP6URKM;
				INFOPLIST_FILE = SnailQuickMaskPopupsDemoTests/Info.plist;
				LD_RUNPATH_SEARCH_PATHS = "$(inherited) @executable_path/Frameworks @loader_path/Frameworks";
				PRODUCT_BUNDLE_IDENTIFIER = Zhanghao.SnailQuickMaskPopupsDemoTests;
				PRODUCT_NAME = "$(TARGET_NAME)";
				TEST_HOST = "$(BUILT_PRODUCTS_DIR)/SnailQuickMaskPopupsDemo.app/SnailQuickMaskPopupsDemo";
			};
			name = Debug;
		};
		61CB5EDB1E0D0CB100CD89E5 /* Release */ = {
			isa = XCBuildConfiguration;
			buildSettings = {
				BUNDLE_LOADER = "$(TEST_HOST)";
				DEVELOPMENT_TEAM = XPMXP6URKM;
				INFOPLIST_FILE = SnailQuickMaskPopupsDemoTests/Info.plist;
				LD_RUNPATH_SEARCH_PATHS = "$(inherited) @executable_path/Frameworks @loader_path/Frameworks";
				PRODUCT_BUNDLE_IDENTIFIER = Zhanghao.SnailQuickMaskPopupsDemoTests;
				PRODUCT_NAME = "$(TARGET_NAME)";
				TEST_HOST = "$(BUILT_PRODUCTS_DIR)/SnailQuickMaskPopupsDemo.app/SnailQuickMaskPopupsDemo";
			};
			name = Release;
		};
		61CB5EDD1E0D0CB100CD89E5 /* Debug */ = {
			isa = XCBuildConfiguration;
			buildSettings = {
				DEVELOPMENT_TEAM = XPMXP6URKM;
				INFOPLIST_FILE = SnailQuickMaskPopupsDemoUITests/Info.plist;
				LD_RUNPATH_SEARCH_PATHS = "$(inherited) @executable_path/Frameworks @loader_path/Frameworks";
				PRODUCT_BUNDLE_IDENTIFIER = Zhanghao.SnailQuickMaskPopupsDemoUITests;
				PRODUCT_NAME = "$(TARGET_NAME)";
				TEST_TARGET_NAME = SnailQuickMaskPopupsDemo;
			};
			name = Debug;
		};
		61CB5EDE1E0D0CB100CD89E5 /* Release */ = {
			isa = XCBuildConfiguration;
			buildSettings = {
				DEVELOPMENT_TEAM = XPMXP6URKM;
				INFOPLIST_FILE = SnailQuickMaskPopupsDemoUITests/Info.plist;
				LD_RUNPATH_SEARCH_PATHS = "$(inherited) @executable_path/Frameworks @loader_path/Frameworks";
				PRODUCT_BUNDLE_IDENTIFIER = Zhanghao.SnailQuickMaskPopupsDemoUITests;
				PRODUCT_NAME = "$(TARGET_NAME)";
				TEST_TARGET_NAME = SnailQuickMaskPopupsDemo;
			};
			name = Release;
		};
/* End XCBuildConfiguration section */

/* Begin XCConfigurationList section */
		61CB5EA41E0D0CB100CD89E5 /* Build configuration list for PBXProject "SnailQuickMaskPopupsDemo" */ = {
			isa = XCConfigurationList;
			buildConfigurations = (
				61CB5ED41E0D0CB100CD89E5 /* Debug */,
				61CB5ED51E0D0CB100CD89E5 /* Release */,
			);
			defaultConfigurationIsVisible = 0;
			defaultConfigurationName = Release;
		};
		61CB5ED61E0D0CB100CD89E5 /* Build configuration list for PBXNativeTarget "SnailQuickMaskPopupsDemo" */ = {
			isa = XCConfigurationList;
			buildConfigurations = (
				61CB5ED71E0D0CB100CD89E5 /* Debug */,
				61CB5ED81E0D0CB100CD89E5 /* Release */,
			);
			defaultConfigurationIsVisible = 0;
			defaultConfigurationName = Release;
		};
		61CB5ED91E0D0CB100CD89E5 /* Build configuration list for PBXNativeTarget "SnailQuickMaskPopupsDemoTests" */ = {
			isa = XCConfigurationList;
			buildConfigurations = (
				61CB5EDA1E0D0CB100CD89E5 /* Debug */,
				61CB5EDB1E0D0CB100CD89E5 /* Release */,
			);
			defaultConfigurationIsVisible = 0;
			defaultConfigurationName = Release;
		};
		61CB5EDC1E0D0CB100CD89E5 /* Build configuration list for PBXNativeTarget "SnailQuickMaskPopupsDemoUITests" */ = {
			isa = XCConfigurationList;
			buildConfigurations = (
				61CB5EDD1E0D0CB100CD89E5 /* Debug */,
				61CB5EDE1E0D0CB100CD89E5 /* Release */,
			);
			defaultConfigurationIsVisible = 0;
			defaultConfigurationName = Release;
		};
/* End XCConfigurationList section */
	};
	rootObject = 61CB5EA11E0D0CB100CD89E5 /* Project object */;
}
